// !$*UTF8*$!
{
	archiveVersion = 1;
	classes = {
	};
	objectVersion = 70;
	objects = {

/* Begin PBXBuildFile section */
		1100290C2E847E2800035A57 /* NSItemProvider+LoadHelpers.swift in Sources */ = {isa = PBXBuildFile; fileRef = 1100290B2E847E2800035A57 /* NSItemProvider+LoadHelpers.swift */; };
		110029272E84FD4C00035A57 /* TemporaryFileStorageService.swift in Sources */ = {isa = PBXBuildFile; fileRef = 110029262E84FD4C00035A57 /* TemporaryFileStorageService.swift */; };
		1100292A2E8691B400035A57 /* FileShareView.swift in Sources */ = {isa = PBXBuildFile; fileRef = 110029292E8691B400035A57 /* FileShareView.swift */; };
		1100292E2E86940F00035A57 /* QuickShareService.swift in Sources */ = {isa = PBXBuildFile; fileRef = 1100292D2E86940F00035A57 /* QuickShareService.swift */; };
		1113ABC52E80E27000EC13B2 /* ShelfItemView.swift in Sources */ = {isa = PBXBuildFile; fileRef = 1113ABC32E80E27000EC13B2 /* ShelfItemView.swift */; };
		1113ABC62E80E27000EC13B2 /* ShelfPersistenceService.swift in Sources */ = {isa = PBXBuildFile; fileRef = 1113ABBE2E80E27000EC13B2 /* ShelfPersistenceService.swift */; };
		1113ABC82E80E27000EC13B2 /* ShelfItem.swift in Sources */ = {isa = PBXBuildFile; fileRef = 1113ABB72E80E27000EC13B2 /* ShelfItem.swift */; };
		1113ABCA2E80E27000EC13B2 /* ShelfSelectionModel.swift in Sources */ = {isa = PBXBuildFile; fileRef = 1113ABC02E80E27000EC13B2 /* ShelfSelectionModel.swift */; };
		1113ABCB2E80E27000EC13B2 /* QuickLookService.swift in Sources */ = {isa = PBXBuildFile; fileRef = 1113ABBA2E80E27000EC13B2 /* QuickLookService.swift */; };
		1113ABCC2E80E27000EC13B2 /* ShelfDropService.swift in Sources */ = {isa = PBXBuildFile; fileRef = 1113ABBD2E80E27000EC13B2 /* ShelfDropService.swift */; };
		1113ABCE2E80E27000EC13B2 /* ShelfActionService.swift in Sources */ = {isa = PBXBuildFile; fileRef = 1113ABBC2E80E27000EC13B2 /* ShelfActionService.swift */; };
		1113ABD02E80E6BB00EC13B2 /* ThumbnailService.swift in Sources */ = {isa = PBXBuildFile; fileRef = 1113ABCF2E80E6BB00EC13B2 /* ThumbnailService.swift */; };
		111BE95D2ECD71E10079DD4E /* AsyncXPCConnection in Frameworks */ = {isa = PBXBuildFile; productRef = 111BE95C2ECD71E10079DD4E /* AsyncXPCConnection */; };
		111BE9952ECF2DF40079DD4E /* DragDetector.swift in Sources */ = {isa = PBXBuildFile; fileRef = 111BE9942ECF2DEF0079DD4E /* DragDetector.swift */; };
		111BEA512ECFBF7F0079DD4E /* MacroVisionKit in Frameworks */ = {isa = PBXBuildFile; productRef = 111BEA502ECFBF7F0079DD4E /* MacroVisionKit */; };
		111BEA5F2ED07A340079DD4E /* MacroVisionKit in Frameworks */ = {isa = PBXBuildFile; productRef = 111BEA5E2ED07A340079DD4E /* MacroVisionKit */; };
		111BEA612ED09B1B0079DD4E /* NSScreen+UUID.swift in Sources */ = {isa = PBXBuildFile; fileRef = 111BEA602ED09B1B0079DD4E /* NSScreen+UUID.swift */; };
		111BEA6F2ED166E20079DD4E /* MacroVisionKit in Frameworks */ = {isa = PBXBuildFile; productRef = 111BEA6E2ED166E20079DD4E /* MacroVisionKit */; };
		112B0EB82E30DD0F00562D6C /* MediaRemoteAdapterTestClient in Resources */ = {isa = PBXBuildFile; fileRef = 112B0EB52E30DD0F00562D6C /* MediaRemoteAdapterTestClient */; };
		112B0EB92E30DD0F00562D6C /* mediaremote-adapter.pl in Resources */ = {isa = PBXBuildFile; fileRef = 112B0EB32E30DD0F00562D6C /* mediaremote-adapter.pl */; };
		112B0EBB2E30DD5000562D6C /* MediaRemoteAdapter.framework in Frameworks */ = {isa = PBXBuildFile; fileRef = 112B0EBA2E30DD5000562D6C /* MediaRemoteAdapter.framework */; };
		112FB7352CCF16F70015238C /* NotchSpaceManager.swift in Sources */ = {isa = PBXBuildFile; fileRef = 112FB7342CCF16F70015238C /* NotchSpaceManager.swift */; };
		1132E5122E777B6E0068732D /* YouTubeMusicModels.swift in Sources */ = {isa = PBXBuildFile; fileRef = 1132E5102E777B6E0068732D /* YouTubeMusicModels.swift */; };
		1132E5142E777B920068732D /* YouTubeMusicNetworking.swift in Sources */ = {isa = PBXBuildFile; fileRef = 1132E5132E777B920068732D /* YouTubeMusicNetworking.swift */; };
		1132E5162E777C140068732D /* YouTubeMusicAuthentication.swift in Sources */ = {isa = PBXBuildFile; fileRef = 1132E5152E777C140068732D /* YouTubeMusicAuthentication.swift */; };
		1153BD8F2D986B1F00979FB0 /* MediaControllerProtocol.swift in Sources */ = {isa = PBXBuildFile; fileRef = 1153BD8D2D986B1F00979FB0 /* MediaControllerProtocol.swift */; };
		1153BD912D986DB300979FB0 /* PlaybackState.swift in Sources */ = {isa = PBXBuildFile; fileRef = 1153BD902D986DB300979FB0 /* PlaybackState.swift */; };
		1153BD932D986E4300979FB0 /* AppleMusicController.swift in Sources */ = {isa = PBXBuildFile; fileRef = 1153BD922D986E4300979FB0 /* AppleMusicController.swift */; };
		1153BD982D9881F900979FB0 /* AppleScriptHelper.swift in Sources */ = {isa = PBXBuildFile; fileRef = 1153BD972D9881F900979FB0 /* AppleScriptHelper.swift */; };
		1153BD9A2D98824300979FB0 /* SpotifyController.swift in Sources */ = {isa = PBXBuildFile; fileRef = 1153BD992D98824300979FB0 /* SpotifyController.swift */; };
		1153BD9C2D98853B00979FB0 /* NowPlayingController.swift in Sources */ = {isa = PBXBuildFile; fileRef = 1153BD9B2D98853B00979FB0 /* NowPlayingController.swift */; };
		1153BDA72D99B22200979FB0 /* YouTubeMusicController.swift in Sources */ = {isa = PBXBuildFile; fileRef = 1153BDA62D99B22200979FB0 /* YouTubeMusicController.swift */; };
		115C12EC2ED3D003009754CA /* OpenNotchHUD.swift in Sources */ = {isa = PBXBuildFile; fileRef = 115C12EB2ED3D003009754CA /* OpenNotchHUD.swift */; };
		1160F8D82DD98230006FBB94 /* NotchShape.swift in Sources */ = {isa = PBXBuildFile; fileRef = 1160F8D72DD98230006FBB94 /* NotchShape.swift */; };
		1163988D2DF5CAB40052E6AF /* EventModel.swift in Sources */ = {isa = PBXBuildFile; fileRef = 1163988C2DF5CAB40052E6AF /* EventModel.swift */; };
		1163988F2DF5CC870052E6AF /* CalendarModel.swift in Sources */ = {isa = PBXBuildFile; fileRef = 1163988E2DF5CC870052E6AF /* CalendarModel.swift */; };
		116398962DF5D6C00052E6AF /* CalendarServiceProviding.swift in Sources */ = {isa = PBXBuildFile; fileRef = 116398952DF5D6C00052E6AF /* CalendarServiceProviding.swift */; };
		117AB5172E30E09C00558921 /* MediaRemoteAdapter.framework in Embed Frameworks */ = {isa = PBXBuildFile; fileRef = 112B0EBA2E30DD5000562D6C /* MediaRemoteAdapter.framework */; settings = {ATTRIBUTES = (CodeSignOnCopy, RemoveHeadersOnCopy, ); }; };
		118D1FD12E98FF5F00A2FF63 /* SharingStateManager.swift in Sources */ = {isa = PBXBuildFile; fileRef = 118D1FD02E98FF5F00A2FF63 /* SharingStateManager.swift */; };
		118EBE252E92DCCB00D54B5A /* AssociatedObject.swift in Sources */ = {isa = PBXBuildFile; fileRef = 118EBE242E92DCCB00D54B5A /* AssociatedObject.swift */; };
		118EBE272E92DE8400D54B5A /* NSMenu+AssociatedObject.swift in Sources */ = {isa = PBXBuildFile; fileRef = 118EBE262E92DE7400D54B5A /* NSMenu+AssociatedObject.swift */; };
		118EBE292E946B3F00D54B5A /* ShareServiceFinder.swift in Sources */ = {isa = PBXBuildFile; fileRef = 118EBE282E946B3F00D54B5A /* ShareServiceFinder.swift */; };
		118EBE2D2E97165600D54B5A /* Bookmark.swift in Sources */ = {isa = PBXBuildFile; fileRef = 118EBE2C2E97165600D54B5A /* Bookmark.swift */; };
		118EBE312E9717DB00D54B5A /* URL+SecurityScoped.swift in Sources */ = {isa = PBXBuildFile; fileRef = 118EBE302E9717DB00D54B5A /* URL+SecurityScoped.swift */; };
		118EBE3B2E9720C500D54B5A /* ShelfStateViewModel.swift in Sources */ = {isa = PBXBuildFile; fileRef = 118EBE3A2E9720C500D54B5A /* ShelfStateViewModel.swift */; };
		1194E87C2EA19E09009C82D6 /* ImageProcessingService.swift in Sources */ = {isa = PBXBuildFile; fileRef = 1194E87B2EA19E09009C82D6 /* ImageProcessingService.swift */; };
		1194E8852EA57D23009C82D6 /* SkyLightWindow in Frameworks */ = {isa = PBXBuildFile; productRef = 1194E8842EA57D23009C82D6 /* SkyLightWindow */; };
		1194E8872EA6DDA7009C82D6 /* BoringNotchSkyLightWindow.swift in Sources */ = {isa = PBXBuildFile; fileRef = 1194E8862EA6DDA7009C82D6 /* BoringNotchSkyLightWindow.swift */; };
		1194E9402EACC652009C82D6 /* Color+AccentColor.swift in Sources */ = {isa = PBXBuildFile; fileRef = 1194E93F2EACC652009C82D6 /* Color+AccentColor.swift */; };
		11A45C792E34E63100CEB175 /* MediaChecker.swift in Sources */ = {isa = PBXBuildFile; fileRef = 11A45C782E34E63100CEB175 /* MediaChecker.swift */; };
		11C5E3132DFE85970065821E /* SettingsWindowController.swift in Sources */ = {isa = PBXBuildFile; fileRef = 11C5E3112DFE85970065821E /* SettingsWindowController.swift */; };
		11C5E3162DFE88510065821E /* SettingsView.swift in Sources */ = {isa = PBXBuildFile; fileRef = 11C5E3152DFE88510065821E /* SettingsView.swift */; };
		11CC44A22CEE614100C7244B /* BoringViewCoordinator.swift in Sources */ = {isa = PBXBuildFile; fileRef = 11CC44A12CEE614100C7244B /* BoringViewCoordinator.swift */; };
		11CFC65B2E097E9D00748C80 /* WelcomeView.swift in Sources */ = {isa = PBXBuildFile; fileRef = 11CFC65A2E097E9D00748C80 /* WelcomeView.swift */; };
		11CFC65F2E097F2F00748C80 /* OnboardingView.swift in Sources */ = {isa = PBXBuildFile; fileRef = 11CFC65E2E097F2100748C80 /* OnboardingView.swift */; };
		11CFC6612E097F6800748C80 /* PermissionsRequestView.swift in Sources */ = {isa = PBXBuildFile; fileRef = 11CFC6602E097F6800748C80 /* PermissionsRequestView.swift */; };
		11CFC6632E09918400748C80 /* MusicControllerSelectionView.swift in Sources */ = {isa = PBXBuildFile; fileRef = 11CFC6622E09917B00748C80 /* MusicControllerSelectionView.swift */; };
		11CFC6652E09C7B300748C80 /* OnboardingFinishView.swift in Sources */ = {isa = PBXBuildFile; fileRef = 11CFC6642E09C7B300748C80 /* OnboardingFinishView.swift */; };
		11D58EA22E760AE100FA8377 /* ImageService.swift in Sources */ = {isa = PBXBuildFile; fileRef = 11D58EA12E760AE100FA8377 /* ImageService.swift */; };
		11EFCD702E8E92D600D0B974 /* ShelfItemViewModel.swift in Sources */ = {isa = PBXBuildFile; fileRef = 11EFCD6F2E8E92D600D0B974 /* ShelfItemViewModel.swift */; };
		11F747CE2EC75CEA00F841DB /* DragPreviewView.swift in Sources */ = {isa = PBXBuildFile; fileRef = 11F747CD2EC75CEA00F841DB /* DragPreviewView.swift */; };
		11F7485B2EC9AABA00F841DB /* BoringNotchXPCHelper.xpc in Embed XPC Services */ = {isa = PBXBuildFile; fileRef = 11F7484F2EC9AABA00F841DB /* BoringNotchXPCHelper.xpc */; settings = {ATTRIBUTES = (RemoveHeadersOnCopy, ); }; };
		11F748682EC9AC9600F841DB /* BoringNotchXPCHelperProtocol.swift in Sources */ = {isa = PBXBuildFile; fileRef = 11F748652EC9AC9600F841DB /* BoringNotchXPCHelperProtocol.swift */; };
		11F748692EC9AC9600F841DB /* XPCHelperClient.swift in Sources */ = {isa = PBXBuildFile; fileRef = 11F748662EC9AC9600F841DB /* XPCHelperClient.swift */; };
		11F748732EC9DA9300F841DB /* Lottie in Frameworks */ = {isa = PBXBuildFile; productRef = 11F748722EC9DA9300F841DB /* Lottie */; };
		11F748822ECB07A400F841DB /* MusicControlButton.swift in Sources */ = {isa = PBXBuildFile; fileRef = 11F748812ECB07A400F841DB /* MusicControlButton.swift */; };
		11F748842ECB27DC00F841DB /* MusicSlotConfigurationView.swift in Sources */ = {isa = PBXBuildFile; fileRef = 11F748832ECB27DC00F841DB /* MusicSlotConfigurationView.swift */; };
		14288DDC2C6E015000B9F80C /* AudioPlayer.swift in Sources */ = {isa = PBXBuildFile; fileRef = 14288DD62C6E015000B9F80C /* AudioPlayer.swift */; };
		14288DE82C6E01C800B9F80C /* ProgressIndicator.swift in Sources */ = {isa = PBXBuildFile; fileRef = 14288DE72C6E01C800B9F80C /* ProgressIndicator.swift */; };
		14288E0C2C6F8EC000B9F80C /* AppIcons.swift in Sources */ = {isa = PBXBuildFile; fileRef = 14288E0B2C6F8EC000B9F80C /* AppIcons.swift */; };
		1443E7F32C609DCE0027C1FC /* matters.swift in Sources */ = {isa = PBXBuildFile; fileRef = 1443E7F22C609DCE0027C1FC /* matters.swift */; };
		147163982C5D35B70068B555 /* MusicVisualizer.swift in Sources */ = {isa = PBXBuildFile; fileRef = 147163972C5D35B70068B555 /* MusicVisualizer.swift */; };
		1471639A2C5D35FF0068B555 /* MusicManager.swift in Sources */ = {isa = PBXBuildFile; fileRef = 147163992C5D35FF0068B555 /* MusicManager.swift */; };
		1471A8592C6281BD0058408D /* BoringNotchWindow.swift in Sources */ = {isa = PBXBuildFile; fileRef = 1471A8582C6281BD0058408D /* BoringNotchWindow.swift */; };
		149E0B972C737D00006418B1 /* WebcamManager.swift in Sources */ = {isa = PBXBuildFile; fileRef = 149E0B962C737D00006418B1 /* WebcamManager.swift */; };
		149E0B9A2C737D40006418B1 /* WebcamView.swift in Sources */ = {isa = PBXBuildFile; fileRef = 149E0B992C737D40006418B1 /* WebcamView.swift */; };
		14A7E5882C64A89C008C1BE9 /* HelloAnimation.swift in Sources */ = {isa = PBXBuildFile; fileRef = 14A7E5872C64A89C008C1BE9 /* HelloAnimation.swift */; };
		14A7E5972C65FD31008C1BE9 /* boring.m4a in Resources */ = {isa = PBXBuildFile; fileRef = 14A7E5962C65FD31008C1BE9 /* boring.m4a */; };
		14C08BB62C8DE42D000F8AA0 /* CalendarManager.swift in Sources */ = {isa = PBXBuildFile; fileRef = 14C08BB52C8DE42D000F8AA0 /* CalendarManager.swift */; };
		14C08BB92C8DE4B1000F8AA0 /* BoringCalendar.swift in Sources */ = {isa = PBXBuildFile; fileRef = 14C08BB82C8DE4B1000F8AA0 /* BoringCalendar.swift */; };
		14C08BC12C8E03AD000F8AA0 /* NSImage+Extensions.swift in Sources */ = {isa = PBXBuildFile; fileRef = 14C08BC02C8E03AD000F8AA0 /* NSImage+Extensions.swift */; };
		14CEF4162C5CAED300855D72 /* boringNotchApp.swift in Sources */ = {isa = PBXBuildFile; fileRef = 14CEF4152C5CAED300855D72 /* boringNotchApp.swift */; };
		14CEF4182C5CAED300855D72 /* ContentView.swift in Sources */ = {isa = PBXBuildFile; fileRef = 14CEF4172C5CAED300855D72 /* ContentView.swift */; };
		14CEF41A2C5CAED400855D72 /* Assets.xcassets in Resources */ = {isa = PBXBuildFile; fileRef = 14CEF4192C5CAED400855D72 /* Assets.xcassets */; };
		14CEF41D2C5CAED400855D72 /* Preview Assets.xcassets in Resources */ = {isa = PBXBuildFile; fileRef = 14CEF41C2C5CAED400855D72 /* Preview Assets.xcassets */; };
		14D0321A2C68F32E0096E6A1 /* LaunchAtLogin in Frameworks */ = {isa = PBXBuildFile; productRef = 14D032192C68F32E0096E6A1 /* LaunchAtLogin */; };
		14D0321D2C68F3350096E6A1 /* Sparkle in Frameworks */ = {isa = PBXBuildFile; productRef = 14D0321C2C68F3350096E6A1 /* Sparkle */; };
		14D570B92C5E98A20011E668 /* drop.swift in Sources */ = {isa = PBXBuildFile; fileRef = 14D570B82C5E98A20011E668 /* drop.swift */; };
		14D570BC2C5E98EB0011E668 /* generic.swift in Sources */ = {isa = PBXBuildFile; fileRef = 14D570BB2C5E98EB0011E668 /* generic.swift */; };
		14D570C02C5EA5870011E668 /* AnimatedFace.swift in Sources */ = {isa = PBXBuildFile; fileRef = 14D570BF2C5EA5870011E668 /* AnimatedFace.swift */; };
		14D570C22C5EAFBF0011E668 /* EmptyState.swift in Sources */ = {isa = PBXBuildFile; fileRef = 14D570C12C5EAFBF0011E668 /* EmptyState.swift */; };
		14D570C62C5F38210011E668 /* BoringHeader.swift in Sources */ = {isa = PBXBuildFile; fileRef = 14D570C52C5F38210011E668 /* BoringHeader.swift */; };
		14D570C92C5F38890011E668 /* BoringViewModel.swift in Sources */ = {isa = PBXBuildFile; fileRef = 14D570C82C5F38890011E668 /* BoringViewModel.swift */; };
		14D570CB2C5F4B2C0011E668 /* BatteryStatusViewModel.swift in Sources */ = {isa = PBXBuildFile; fileRef = 14D570CA2C5F4B2C0011E668 /* BatteryStatusViewModel.swift */; };
		14D570CD2C5F4BB70011E668 /* BoringBattery.swift in Sources */ = {isa = PBXBuildFile; fileRef = 14D570CC2C5F4BB70011E668 /* BoringBattery.swift */; };
		14D570D22C5F6C6A0011E668 /* BoringExtrasMenu.swift in Sources */ = {isa = PBXBuildFile; fileRef = 14D570D12C5F6C6A0011E668 /* BoringExtrasMenu.swift */; };
		14E9FEAA2C70BF610062E83F /* DownloadView.swift in Sources */ = {isa = PBXBuildFile; fileRef = 14E9FEA92C70BF610062E83F /* DownloadView.swift */; };
		14E9FEAE2C7325770062E83F /* Button+Bouncing.swift in Sources */ = {isa = PBXBuildFile; fileRef = 14E9FEAD2C7325770062E83F /* Button+Bouncing.swift */; };
		14FC6E502C7DED5600C7BEA5 /* DataTypes+Extensions.swift in Sources */ = {isa = PBXBuildFile; fileRef = 14FC6E4F2C7DED5600C7BEA5 /* DataTypes+Extensions.swift */; };
		507266DB2C908E2E00A2D00D /* HoverButton.swift in Sources */ = {isa = PBXBuildFile; fileRef = 507266DA2C908E2E00A2D00D /* HoverButton.swift */; };
		5917FD112E57891600E87F1C /* MediaKeyInterceptor.swift in Sources */ = {isa = PBXBuildFile; fileRef = 5917FD102E57891600E87F1C /* MediaKeyInterceptor.swift */; };
		5955950D2E900ED800C66711 /* ApplicationRelauncher.swift in Sources */ = {isa = PBXBuildFile; fileRef = 5955950C2E900ED800C66711 /* ApplicationRelauncher.swift */; };
		59D8C23C2E589FAA00147B33 /* VolumeManager.swift in Sources */ = {isa = PBXBuildFile; fileRef = 59D8C23B2E589FAA00147B33 /* VolumeManager.swift */; };
		9A0887322C7A693000C160EA /* TabButton.swift in Sources */ = {isa = PBXBuildFile; fileRef = 9A0887312C7A693000C160EA /* TabButton.swift */; };
		9A0887352C7AFF8E00C160EA /* TabSelectionView.swift in Sources */ = {isa = PBXBuildFile; fileRef = 9A0887342C7AFF8E00C160EA /* TabSelectionView.swift */; };
		9A987A0D2C73CA66005CA465 /* ShelfView.swift in Sources */ = {isa = PBXBuildFile; fileRef = 9A987A032C73CA66005CA465 /* ShelfView.swift */; };
		9A987A102C73CA8D005CA465 /* Collections in Frameworks */ = {isa = PBXBuildFile; productRef = 9A987A0F2C73CA8D005CA465 /* Collections */; };
		9AB0C6BD2C73C9CB00F7CD30 /* NotchHomeView.swift in Sources */ = {isa = PBXBuildFile; fileRef = 9AB0C6BB2C73C9CB00F7CD30 /* NotchHomeView.swift */; };
		B10348D92C74E56000475897 /* ConditionalModifier.swift in Sources */ = {isa = PBXBuildFile; fileRef = B10348D82C74E56000475897 /* ConditionalModifier.swift */; };
		B10F84A32C6C9596009F3026 /* TestView.swift in Sources */ = {isa = PBXBuildFile; fileRef = B10F84A22C6C9596009F3026 /* TestView.swift */; };
		B141C2412CA5F53F00AC8CC8 /* SparkleView.swift in Sources */ = {isa = PBXBuildFile; fileRef = B141C2402CA5F53E00AC8CC8 /* SparkleView.swift */; };
		B1628B922CC260C0003D8DF3 /* SwiftUIIntrospect in Frameworks */ = {isa = PBXBuildFile; productRef = B1628B912CC260C0003D8DF3 /* SwiftUIIntrospect */; };
		B17266DF2C64DFA00031BA0D /* BundleInfos.swift in Sources */ = {isa = PBXBuildFile; fileRef = B17266DE2C64DFA00031BA0D /* BundleInfos.swift */; };
		B17266E12C6532560031BA0D /* Localizable.xcstrings in Resources */ = {isa = PBXBuildFile; fileRef = B17266E02C6532560031BA0D /* Localizable.xcstrings */; };
		B17266E32C65F7FB0031BA0D /* WhatsNewView.swift in Sources */ = {isa = PBXBuildFile; fileRef = B17266E22C65F7FB0031BA0D /* WhatsNewView.swift */; };
		B172AAC02C95DA0B001623F1 /* InlineHUD.swift in Sources */ = {isa = PBXBuildFile; fileRef = B172AABF2C95DA0B001623F1 /* InlineHUD.swift */; };
		B18654392C6F4990000B926A /* KeyboardShortcuts in Frameworks */ = {isa = PBXBuildFile; productRef = B18654382C6F4990000B926A /* KeyboardShortcuts */; };
		B186543C2C6F49AE000B926A /* ShortcutConstants.swift in Sources */ = {isa = PBXBuildFile; fileRef = B186543B2C6F49AE000B926A /* ShortcutConstants.swift */; };
		B19016222CC15B3D00E3F12E /* Defaults in Frameworks */ = {isa = PBXBuildFile; productRef = B19016212CC15B3D00E3F12E /* Defaults */; };
		B19016242CC15B5000E3F12E /* Constants.swift in Sources */ = {isa = PBXBuildFile; fileRef = B19016232CC15B4D00E3F12E /* Constants.swift */; };
		B19424092CD0FF01003E5DC2 /* LottieAnimationView.swift in Sources */ = {isa = PBXBuildFile; fileRef = B19424082CD0FEFE003E5DC2 /* LottieAnimationView.swift */; };
		B1A78C822C8BA08100BD51B0 /* FullscreenMediaDetection.swift in Sources */ = {isa = PBXBuildFile; fileRef = B1A78C812C8BA08100BD51B0 /* FullscreenMediaDetection.swift */; };
		B1B112912C6A572100093D8F /* EditPanelView.swift in Sources */ = {isa = PBXBuildFile; fileRef = B1B112902C6A572100093D8F /* EditPanelView.swift */; };
		B1B112932C6A577E00093D8F /* MouseTracker.swift in Sources */ = {isa = PBXBuildFile; fileRef = B1B112922C6A577E00093D8F /* MouseTracker.swift */; };
		B1C448962C9712C4001F0858 /* ActionBar.swift in Sources */ = {isa = PBXBuildFile; fileRef = B1C448952C9712C4001F0858 /* ActionBar.swift */; };
		B1C448982C972CC4001F0858 /* ListItemPopover.swift in Sources */ = {isa = PBXBuildFile; fileRef = B1C448972C972CC4001F0858 /* ListItemPopover.swift */; };
		B1C4489B2C97376A001F0858 /* TipStore.swift in Sources */ = {isa = PBXBuildFile; fileRef = B1C4489A2C97376A001F0858 /* TipStore.swift */; };
		B1C974342C642B6D0000E707 /* MarqueeTextView.swift in Sources */ = {isa = PBXBuildFile; fileRef = B1C974332C642B6D0000E707 /* MarqueeTextView.swift */; };
		B1CE8CFE2C6F659400DD9871 /* KeyboardShortcutsHelper.swift in Sources */ = {isa = PBXBuildFile; fileRef = B1CE8CFD2C6F659400DD9871 /* KeyboardShortcutsHelper.swift */; };
		B1D365CE2C6A979C0047BDBC /* LiveActivityModifier.swift in Sources */ = {isa = PBXBuildFile; fileRef = B1D365CD2C6A979C0047BDBC /* LiveActivityModifier.swift */; };
		B1D365D02C6A9A6C0047BDBC /* SystemEventIndicatorModifier.swift in Sources */ = {isa = PBXBuildFile; fileRef = B1D365CF2C6A9A6C0047BDBC /* SystemEventIndicatorModifier.swift */; };
		B1D6FD432C6603730015F173 /* SoftwareUpdater.swift in Sources */ = {isa = PBXBuildFile; fileRef = B1D6FD422C6603730015F173 /* SoftwareUpdater.swift */; };
		B1F0A0022E60000100000001 /* BrightnessManager.swift in Sources */ = {isa = PBXBuildFile; fileRef = B1F0A0012E60000100000001 /* BrightnessManager.swift */; };
		B1F747F92EC7E94000F841DB /* LottieView.swift in Sources */ = {isa = PBXBuildFile; fileRef = B1F747F82EC7E94000F841DB /* LottieView.swift */; };
		B1FEB4992C7686630066EBBC /* PanGesture.swift in Sources */ = {isa = PBXBuildFile; fileRef = B1FEB4982C7686630066EBBC /* PanGesture.swift */; };
		F38DE6482D8243E7008B5C6D /* BatteryActivityManager.swift in Sources */ = {isa = PBXBuildFile; fileRef = F38DE6472D8243E2008B5C6D /* BatteryActivityManager.swift */; };
/* End PBXBuildFile section */

/* Begin PBXContainerItemProxy section */
		11F748592EC9AABA00F841DB /* PBXContainerItemProxy */ = {
			isa = PBXContainerItemProxy;
			containerPortal = 14CEF40A2C5CAED200855D72 /* Project object */;
			proxyType = 1;
			remoteGlobalIDString = 11F7484E2EC9AABA00F841DB;
			remoteInfo = BoringNotchXPCHelper;
		};
/* End PBXContainerItemProxy section */

/* Begin PBXCopyFilesBuildPhase section */
		11F748412EC8051E00F841DB /* Embed XPC Services */ = {
			isa = PBXCopyFilesBuildPhase;
			buildActionMask = 2147483647;
			dstPath = "$(CONTENTS_FOLDER_PATH)/XPCServices";
			dstSubfolderSpec = 16;
			files = (
				11F7485B2EC9AABA00F841DB /* BoringNotchXPCHelper.xpc in Embed XPC Services */,
			);
			name = "Embed XPC Services";
			runOnlyForDeploymentPostprocessing = 0;
		};
		B1ECFA062C6FE58A002ACD87 /* Embed Frameworks */ = {
			isa = PBXCopyFilesBuildPhase;
			buildActionMask = 12;
			dstPath = "";
			dstSubfolderSpec = 10;
			files = (
				117AB5172E30E09C00558921 /* MediaRemoteAdapter.framework in Embed Frameworks */,
			);
			name = "Embed Frameworks";
			runOnlyForDeploymentPostprocessing = 0;
		};
/* End PBXCopyFilesBuildPhase section */

/* Begin PBXFileReference section */
		1100290B2E847E2800035A57 /* NSItemProvider+LoadHelpers.swift */ = {isa = PBXFileReference; lastKnownFileType = sourcecode.swift; path = "NSItemProvider+LoadHelpers.swift"; sourceTree = "<group>"; };
		110029262E84FD4C00035A57 /* TemporaryFileStorageService.swift */ = {isa = PBXFileReference; lastKnownFileType = sourcecode.swift; path = TemporaryFileStorageService.swift; sourceTree = "<group>"; };
		110029292E8691B400035A57 /* FileShareView.swift */ = {isa = PBXFileReference; lastKnownFileType = sourcecode.swift; path = FileShareView.swift; sourceTree = "<group>"; };
		1100292D2E86940F00035A57 /* QuickShareService.swift */ = {isa = PBXFileReference; lastKnownFileType = sourcecode.swift; path = QuickShareService.swift; sourceTree = "<group>"; };
		1113ABB72E80E27000EC13B2 /* ShelfItem.swift */ = {isa = PBXFileReference; lastKnownFileType = sourcecode.swift; path = ShelfItem.swift; sourceTree = "<group>"; };
		1113ABBA2E80E27000EC13B2 /* QuickLookService.swift */ = {isa = PBXFileReference; lastKnownFileType = sourcecode.swift; path = QuickLookService.swift; sourceTree = "<group>"; };
		1113ABBC2E80E27000EC13B2 /* ShelfActionService.swift */ = {isa = PBXFileReference; lastKnownFileType = sourcecode.swift; path = ShelfActionService.swift; sourceTree = "<group>"; };
		1113ABBD2E80E27000EC13B2 /* ShelfDropService.swift */ = {isa = PBXFileReference; lastKnownFileType = sourcecode.swift; path = ShelfDropService.swift; sourceTree = "<group>"; };
		1113ABBE2E80E27000EC13B2 /* ShelfPersistenceService.swift */ = {isa = PBXFileReference; lastKnownFileType = sourcecode.swift; path = ShelfPersistenceService.swift; sourceTree = "<group>"; };
		1113ABC02E80E27000EC13B2 /* ShelfSelectionModel.swift */ = {isa = PBXFileReference; lastKnownFileType = sourcecode.swift; path = ShelfSelectionModel.swift; sourceTree = "<group>"; };
		1113ABC32E80E27000EC13B2 /* ShelfItemView.swift */ = {isa = PBXFileReference; lastKnownFileType = sourcecode.swift; path = ShelfItemView.swift; sourceTree = "<group>"; };
		1113ABCF2E80E6BB00EC13B2 /* ThumbnailService.swift */ = {isa = PBXFileReference; lastKnownFileType = sourcecode.swift; path = ThumbnailService.swift; sourceTree = "<group>"; };
		111BE9942ECF2DEF0079DD4E /* DragDetector.swift */ = {isa = PBXFileReference; lastKnownFileType = sourcecode.swift; path = DragDetector.swift; sourceTree = "<group>"; };
		111BEA602ED09B1B0079DD4E /* NSScreen+UUID.swift */ = {isa = PBXFileReference; lastKnownFileType = sourcecode.swift; path = "NSScreen+UUID.swift"; sourceTree = "<group>"; };
		112B0EB32E30DD0F00562D6C /* mediaremote-adapter.pl */ = {isa = PBXFileReference; lastKnownFileType = text.script.perl; path = "mediaremote-adapter.pl"; sourceTree = "<group>"; };
		112B0EB52E30DD0F00562D6C /* MediaRemoteAdapterTestClient */ = {isa = PBXFileReference; lastKnownFileType = "compiled.mach-o.executable"; path = MediaRemoteAdapterTestClient; sourceTree = "<group>"; };
		112B0EBA2E30DD5000562D6C /* MediaRemoteAdapter.framework */ = {isa = PBXFileReference; lastKnownFileType = wrapper.framework; name = MediaRemoteAdapter.framework; path = "mediaremote-adapter/MediaRemoteAdapter.framework"; sourceTree = "<group>"; };
		112FB7342CCF16F70015238C /* NotchSpaceManager.swift */ = {isa = PBXFileReference; lastKnownFileType = sourcecode.swift; path = NotchSpaceManager.swift; sourceTree = "<group>"; };
		1132E5102E777B6E0068732D /* YouTubeMusicModels.swift */ = {isa = PBXFileReference; lastKnownFileType = sourcecode.swift; path = YouTubeMusicModels.swift; sourceTree = "<group>"; };
		1132E5132E777B920068732D /* YouTubeMusicNetworking.swift */ = {isa = PBXFileReference; lastKnownFileType = sourcecode.swift; path = YouTubeMusicNetworking.swift; sourceTree = "<group>"; };
		1132E5152E777C140068732D /* YouTubeMusicAuthentication.swift */ = {isa = PBXFileReference; lastKnownFileType = sourcecode.swift; path = YouTubeMusicAuthentication.swift; sourceTree = "<group>"; };
		1153BD8D2D986B1F00979FB0 /* MediaControllerProtocol.swift */ = {isa = PBXFileReference; lastKnownFileType = sourcecode.swift; path = MediaControllerProtocol.swift; sourceTree = "<group>"; };
		1153BD902D986DB300979FB0 /* PlaybackState.swift */ = {isa = PBXFileReference; lastKnownFileType = sourcecode.swift; path = PlaybackState.swift; sourceTree = "<group>"; };
		1153BD922D986E4300979FB0 /* AppleMusicController.swift */ = {isa = PBXFileReference; lastKnownFileType = sourcecode.swift; path = AppleMusicController.swift; sourceTree = "<group>"; };
		1153BD972D9881F900979FB0 /* AppleScriptHelper.swift */ = {isa = PBXFileReference; lastKnownFileType = sourcecode.swift; path = AppleScriptHelper.swift; sourceTree = "<group>"; };
		1153BD992D98824300979FB0 /* SpotifyController.swift */ = {isa = PBXFileReference; lastKnownFileType = sourcecode.swift; path = SpotifyController.swift; sourceTree = "<group>"; };
		1153BD9B2D98853B00979FB0 /* NowPlayingController.swift */ = {isa = PBXFileReference; lastKnownFileType = sourcecode.swift; path = NowPlayingController.swift; sourceTree = "<group>"; };
		1153BDA62D99B22200979FB0 /* YouTubeMusicController.swift */ = {isa = PBXFileReference; lastKnownFileType = sourcecode.swift; path = YouTubeMusicController.swift; sourceTree = "<group>"; };
		115C12EB2ED3D003009754CA /* OpenNotchHUD.swift */ = {isa = PBXFileReference; lastKnownFileType = sourcecode.swift; path = OpenNotchHUD.swift; sourceTree = "<group>"; };
		1160F8D72DD98230006FBB94 /* NotchShape.swift */ = {isa = PBXFileReference; lastKnownFileType = sourcecode.swift; path = NotchShape.swift; sourceTree = "<group>"; };
		1163988C2DF5CAB40052E6AF /* EventModel.swift */ = {isa = PBXFileReference; lastKnownFileType = sourcecode.swift; path = EventModel.swift; sourceTree = "<group>"; };
		1163988E2DF5CC870052E6AF /* CalendarModel.swift */ = {isa = PBXFileReference; lastKnownFileType = sourcecode.swift; path = CalendarModel.swift; sourceTree = "<group>"; };
		116398952DF5D6C00052E6AF /* CalendarServiceProviding.swift */ = {isa = PBXFileReference; lastKnownFileType = sourcecode.swift; path = CalendarServiceProviding.swift; sourceTree = "<group>"; };
		118D1FD02E98FF5F00A2FF63 /* SharingStateManager.swift */ = {isa = PBXFileReference; lastKnownFileType = sourcecode.swift; path = SharingStateManager.swift; sourceTree = "<group>"; };
		118EBE242E92DCCB00D54B5A /* AssociatedObject.swift */ = {isa = PBXFileReference; lastKnownFileType = sourcecode.swift; path = AssociatedObject.swift; sourceTree = "<group>"; };
		118EBE262E92DE7400D54B5A /* NSMenu+AssociatedObject.swift */ = {isa = PBXFileReference; lastKnownFileType = sourcecode.swift; path = "NSMenu+AssociatedObject.swift"; sourceTree = "<group>"; };
		118EBE282E946B3F00D54B5A /* ShareServiceFinder.swift */ = {isa = PBXFileReference; lastKnownFileType = sourcecode.swift; path = ShareServiceFinder.swift; sourceTree = "<group>"; };
		118EBE2C2E97165600D54B5A /* Bookmark.swift */ = {isa = PBXFileReference; lastKnownFileType = sourcecode.swift; path = Bookmark.swift; sourceTree = "<group>"; };
		118EBE302E9717DB00D54B5A /* URL+SecurityScoped.swift */ = {isa = PBXFileReference; lastKnownFileType = sourcecode.swift; path = "URL+SecurityScoped.swift"; sourceTree = "<group>"; };
		118EBE3A2E9720C500D54B5A /* ShelfStateViewModel.swift */ = {isa = PBXFileReference; lastKnownFileType = sourcecode.swift; path = ShelfStateViewModel.swift; sourceTree = "<group>"; };
		1194E87B2EA19E09009C82D6 /* ImageProcessingService.swift */ = {isa = PBXFileReference; lastKnownFileType = sourcecode.swift; path = ImageProcessingService.swift; sourceTree = "<group>"; };
		1194E8862EA6DDA7009C82D6 /* BoringNotchSkyLightWindow.swift */ = {isa = PBXFileReference; lastKnownFileType = sourcecode.swift; path = BoringNotchSkyLightWindow.swift; sourceTree = "<group>"; };
		1194E93F2EACC652009C82D6 /* Color+AccentColor.swift */ = {isa = PBXFileReference; lastKnownFileType = sourcecode.swift; path = "Color+AccentColor.swift"; sourceTree = "<group>"; };
		11A45C782E34E63100CEB175 /* MediaChecker.swift */ = {isa = PBXFileReference; lastKnownFileType = sourcecode.swift; path = MediaChecker.swift; sourceTree = "<group>"; };
		11C5E3112DFE85970065821E /* SettingsWindowController.swift */ = {isa = PBXFileReference; lastKnownFileType = sourcecode.swift; path = SettingsWindowController.swift; sourceTree = "<group>"; };
		11C5E3152DFE88510065821E /* SettingsView.swift */ = {isa = PBXFileReference; lastKnownFileType = sourcecode.swift; path = SettingsView.swift; sourceTree = "<group>"; };
		11CC44A12CEE614100C7244B /* BoringViewCoordinator.swift */ = {isa = PBXFileReference; lastKnownFileType = sourcecode.swift; path = BoringViewCoordinator.swift; sourceTree = "<group>"; };
		11CFC65A2E097E9D00748C80 /* WelcomeView.swift */ = {isa = PBXFileReference; lastKnownFileType = sourcecode.swift; path = WelcomeView.swift; sourceTree = "<group>"; };
		11CFC65E2E097F2100748C80 /* OnboardingView.swift */ = {isa = PBXFileReference; lastKnownFileType = sourcecode.swift; path = OnboardingView.swift; sourceTree = "<group>"; };
		11CFC6602E097F6800748C80 /* PermissionsRequestView.swift */ = {isa = PBXFileReference; lastKnownFileType = sourcecode.swift; path = PermissionsRequestView.swift; sourceTree = "<group>"; };
		11CFC6622E09917B00748C80 /* MusicControllerSelectionView.swift */ = {isa = PBXFileReference; lastKnownFileType = sourcecode.swift; path = MusicControllerSelectionView.swift; sourceTree = "<group>"; };
		11CFC6642E09C7B300748C80 /* OnboardingFinishView.swift */ = {isa = PBXFileReference; lastKnownFileType = sourcecode.swift; path = OnboardingFinishView.swift; sourceTree = "<group>"; };
		11D58EA12E760AE100FA8377 /* ImageService.swift */ = {isa = PBXFileReference; lastKnownFileType = sourcecode.swift; path = ImageService.swift; sourceTree = "<group>"; };
		11EFCD6F2E8E92D600D0B974 /* ShelfItemViewModel.swift */ = {isa = PBXFileReference; lastKnownFileType = sourcecode.swift; path = ShelfItemViewModel.swift; sourceTree = "<group>"; };
		11F747CD2EC75CEA00F841DB /* DragPreviewView.swift */ = {isa = PBXFileReference; lastKnownFileType = sourcecode.swift; path = DragPreviewView.swift; sourceTree = "<group>"; };
		11F7484F2EC9AABA00F841DB /* BoringNotchXPCHelper.xpc */ = {isa = PBXFileReference; explicitFileType = "wrapper.xpc-service"; includeInIndex = 0; path = BoringNotchXPCHelper.xpc; sourceTree = BUILT_PRODUCTS_DIR; };
		11F748652EC9AC9600F841DB /* BoringNotchXPCHelperProtocol.swift */ = {isa = PBXFileReference; lastKnownFileType = sourcecode.swift; path = BoringNotchXPCHelperProtocol.swift; sourceTree = "<group>"; };
		11F748662EC9AC9600F841DB /* XPCHelperClient.swift */ = {isa = PBXFileReference; lastKnownFileType = sourcecode.swift; path = XPCHelperClient.swift; sourceTree = "<group>"; };
		11F748812ECB07A400F841DB /* MusicControlButton.swift */ = {isa = PBXFileReference; lastKnownFileType = sourcecode.swift; path = MusicControlButton.swift; sourceTree = "<group>"; };
		11F748832ECB27DC00F841DB /* MusicSlotConfigurationView.swift */ = {isa = PBXFileReference; lastKnownFileType = sourcecode.swift; path = MusicSlotConfigurationView.swift; sourceTree = "<group>"; };
		14288DD62C6E015000B9F80C /* AudioPlayer.swift */ = {isa = PBXFileReference; fileEncoding = 4; lastKnownFileType = sourcecode.swift; path = AudioPlayer.swift; sourceTree = "<group>"; };
		14288DE72C6E01C800B9F80C /* ProgressIndicator.swift */ = {isa = PBXFileReference; fileEncoding = 4; lastKnownFileType = sourcecode.swift; path = ProgressIndicator.swift; sourceTree = "<group>"; };
		14288E0B2C6F8EC000B9F80C /* AppIcons.swift */ = {isa = PBXFileReference; lastKnownFileType = sourcecode.swift; path = AppIcons.swift; sourceTree = "<group>"; };
		1443E7F22C609DCE0027C1FC /* matters.swift */ = {isa = PBXFileReference; lastKnownFileType = sourcecode.swift; path = matters.swift; sourceTree = "<group>"; };
		1443E7F42C609E650027C1FC /* Info.plist */ = {isa = PBXFileReference; lastKnownFileType = text.plist.xml; path = Info.plist; sourceTree = "<group>"; };
		147163972C5D35B70068B555 /* MusicVisualizer.swift */ = {isa = PBXFileReference; lastKnownFileType = sourcecode.swift; path = MusicVisualizer.swift; sourceTree = "<group>"; };
		147163992C5D35FF0068B555 /* MusicManager.swift */ = {isa = PBXFileReference; lastKnownFileType = sourcecode.swift; path = MusicManager.swift; sourceTree = "<group>"; };
		1471A8582C6281BD0058408D /* BoringNotchWindow.swift */ = {isa = PBXFileReference; lastKnownFileType = sourcecode.swift; path = BoringNotchWindow.swift; sourceTree = "<group>"; };
		149E0B962C737D00006418B1 /* WebcamManager.swift */ = {isa = PBXFileReference; lastKnownFileType = sourcecode.swift; path = WebcamManager.swift; sourceTree = "<group>"; };
		149E0B992C737D40006418B1 /* WebcamView.swift */ = {isa = PBXFileReference; lastKnownFileType = sourcecode.swift; path = WebcamView.swift; sourceTree = "<group>"; };
		14A7E5872C64A89C008C1BE9 /* HelloAnimation.swift */ = {isa = PBXFileReference; lastKnownFileType = sourcecode.swift; path = HelloAnimation.swift; sourceTree = "<group>"; };
		14A7E5962C65FD31008C1BE9 /* boring.m4a */ = {isa = PBXFileReference; lastKnownFileType = file; path = boring.m4a; sourceTree = "<group>"; };
		14C08BB52C8DE42D000F8AA0 /* CalendarManager.swift */ = {isa = PBXFileReference; lastKnownFileType = sourcecode.swift; path = CalendarManager.swift; sourceTree = "<group>"; };
		14C08BB82C8DE4B1000F8AA0 /* BoringCalendar.swift */ = {isa = PBXFileReference; lastKnownFileType = sourcecode.swift; path = BoringCalendar.swift; sourceTree = "<group>"; };
		14C08BC02C8E03AD000F8AA0 /* NSImage+Extensions.swift */ = {isa = PBXFileReference; fileEncoding = 4; lastKnownFileType = sourcecode.swift; path = "NSImage+Extensions.swift"; sourceTree = "<group>"; };
		14CEF4122C5CAED300855D72 /* boringNotch.app */ = {isa = PBXFileReference; explicitFileType = wrapper.application; includeInIndex = 0; path = boringNotch.app; sourceTree = BUILT_PRODUCTS_DIR; };
		14CEF4152C5CAED300855D72 /* boringNotchApp.swift */ = {isa = PBXFileReference; lastKnownFileType = sourcecode.swift; path = boringNotchApp.swift; sourceTree = "<group>"; };
		14CEF4172C5CAED300855D72 /* ContentView.swift */ = {isa = PBXFileReference; lastKnownFileType = sourcecode.swift; path = ContentView.swift; sourceTree = "<group>"; };
		14CEF4192C5CAED400855D72 /* Assets.xcassets */ = {isa = PBXFileReference; lastKnownFileType = folder.assetcatalog; path = Assets.xcassets; sourceTree = "<group>"; };
		14CEF41C2C5CAED400855D72 /* Preview Assets.xcassets */ = {isa = PBXFileReference; lastKnownFileType = folder.assetcatalog; path = "Preview Assets.xcassets"; sourceTree = "<group>"; };
		14CEF41E2C5CAED400855D72 /* boringNotch.entitlements */ = {isa = PBXFileReference; lastKnownFileType = text.plist.entitlements; path = boringNotch.entitlements; sourceTree = "<group>"; };
		14D031ED2C689DB70096E6A1 /* IOKit.framework */ = {isa = PBXFileReference; lastKnownFileType = wrapper.framework; name = IOKit.framework; path = System/Library/Frameworks/IOKit.framework; sourceTree = SDKROOT; };
		14D031EF2C689DC00096E6A1 /* ApplicationServices.framework */ = {isa = PBXFileReference; lastKnownFileType = wrapper.framework; name = ApplicationServices.framework; path = System/Library/Frameworks/ApplicationServices.framework; sourceTree = SDKROOT; };
		14D570B82C5E98A20011E668 /* drop.swift */ = {isa = PBXFileReference; lastKnownFileType = sourcecode.swift; path = drop.swift; sourceTree = "<group>"; };
		14D570BB2C5E98EB0011E668 /* generic.swift */ = {isa = PBXFileReference; lastKnownFileType = sourcecode.swift; path = generic.swift; sourceTree = "<group>"; };
		14D570BF2C5EA5870011E668 /* AnimatedFace.swift */ = {isa = PBXFileReference; lastKnownFileType = sourcecode.swift; path = AnimatedFace.swift; sourceTree = "<group>"; };
		14D570C12C5EAFBF0011E668 /* EmptyState.swift */ = {isa = PBXFileReference; lastKnownFileType = sourcecode.swift; path = EmptyState.swift; sourceTree = "<group>"; };
		14D570C52C5F38210011E668 /* BoringHeader.swift */ = {isa = PBXFileReference; lastKnownFileType = sourcecode.swift; path = BoringHeader.swift; sourceTree = "<group>"; };
		14D570C82C5F38890011E668 /* BoringViewModel.swift */ = {isa = PBXFileReference; lastKnownFileType = sourcecode.swift; path = BoringViewModel.swift; sourceTree = "<group>"; };
		14D570CA2C5F4B2C0011E668 /* BatteryStatusViewModel.swift */ = {isa = PBXFileReference; lastKnownFileType = sourcecode.swift; path = BatteryStatusViewModel.swift; sourceTree = "<group>"; };
		14D570CC2C5F4BB70011E668 /* BoringBattery.swift */ = {isa = PBXFileReference; lastKnownFileType = sourcecode.swift; path = BoringBattery.swift; sourceTree = "<group>"; };
		14D570D12C5F6C6A0011E668 /* BoringExtrasMenu.swift */ = {isa = PBXFileReference; lastKnownFileType = sourcecode.swift; path = BoringExtrasMenu.swift; sourceTree = "<group>"; };
		14E9FEA92C70BF610062E83F /* DownloadView.swift */ = {isa = PBXFileReference; lastKnownFileType = sourcecode.swift; path = DownloadView.swift; sourceTree = "<group>"; };
		14E9FEAD2C7325770062E83F /* Button+Bouncing.swift */ = {isa = PBXFileReference; lastKnownFileType = sourcecode.swift; path = "Button+Bouncing.swift"; sourceTree = "<group>"; };
		14FC6E4F2C7DED5600C7BEA5 /* DataTypes+Extensions.swift */ = {isa = PBXFileReference; lastKnownFileType = sourcecode.swift; path = "DataTypes+Extensions.swift"; sourceTree = "<group>"; };
		507266DA2C908E2E00A2D00D /* HoverButton.swift */ = {isa = PBXFileReference; lastKnownFileType = sourcecode.swift; path = HoverButton.swift; sourceTree = "<group>"; };
		5917FD102E57891600E87F1C /* MediaKeyInterceptor.swift */ = {isa = PBXFileReference; lastKnownFileType = sourcecode.swift; path = MediaKeyInterceptor.swift; sourceTree = "<group>"; };
		5955950C2E900ED800C66711 /* ApplicationRelauncher.swift */ = {isa = PBXFileReference; lastKnownFileType = sourcecode.swift; path = ApplicationRelauncher.swift; sourceTree = "<group>"; };
		59D8C23B2E589FAA00147B33 /* VolumeManager.swift */ = {isa = PBXFileReference; lastKnownFileType = sourcecode.swift; path = VolumeManager.swift; sourceTree = "<group>"; };
		9A0887312C7A693000C160EA /* TabButton.swift */ = {isa = PBXFileReference; lastKnownFileType = sourcecode.swift; path = TabButton.swift; sourceTree = "<group>"; };
		9A0887342C7AFF8E00C160EA /* TabSelectionView.swift */ = {isa = PBXFileReference; lastKnownFileType = sourcecode.swift; path = TabSelectionView.swift; sourceTree = "<group>"; };
		9A987A032C73CA66005CA465 /* ShelfView.swift */ = {isa = PBXFileReference; fileEncoding = 4; lastKnownFileType = sourcecode.swift; path = ShelfView.swift; sourceTree = "<group>"; };
		9AB0C6BB2C73C9CB00F7CD30 /* NotchHomeView.swift */ = {isa = PBXFileReference; fileEncoding = 4; lastKnownFileType = sourcecode.swift; path = NotchHomeView.swift; sourceTree = "<group>"; };
		B10348D82C74E56000475897 /* ConditionalModifier.swift */ = {isa = PBXFileReference; lastKnownFileType = sourcecode.swift; path = ConditionalModifier.swift; sourceTree = "<group>"; };
		B10F84A22C6C9596009F3026 /* TestView.swift */ = {isa = PBXFileReference; lastKnownFileType = sourcecode.swift; path = TestView.swift; sourceTree = "<group>"; };
		B141C2402CA5F53E00AC8CC8 /* SparkleView.swift */ = {isa = PBXFileReference; lastKnownFileType = sourcecode.swift; path = SparkleView.swift; sourceTree = "<group>"; };
		B17266DE2C64DFA00031BA0D /* BundleInfos.swift */ = {isa = PBXFileReference; lastKnownFileType = sourcecode.swift; path = BundleInfos.swift; sourceTree = "<group>"; };
		B17266E02C6532560031BA0D /* Localizable.xcstrings */ = {isa = PBXFileReference; lastKnownFileType = text.json.xcstrings; path = Localizable.xcstrings; sourceTree = "<group>"; };
		B17266E22C65F7FB0031BA0D /* WhatsNewView.swift */ = {isa = PBXFileReference; lastKnownFileType = sourcecode.swift; path = WhatsNewView.swift; sourceTree = "<group>"; };
		B172AABF2C95DA0B001623F1 /* InlineHUD.swift */ = {isa = PBXFileReference; lastKnownFileType = sourcecode.swift; path = InlineHUD.swift; sourceTree = "<group>"; };
		B186543B2C6F49AE000B926A /* ShortcutConstants.swift */ = {isa = PBXFileReference; lastKnownFileType = sourcecode.swift; path = ShortcutConstants.swift; sourceTree = "<group>"; };
		B19016232CC15B4D00E3F12E /* Constants.swift */ = {isa = PBXFileReference; lastKnownFileType = sourcecode.swift; path = Constants.swift; sourceTree = "<group>"; };
		B19424082CD0FEFE003E5DC2 /* LottieAnimationView.swift */ = {isa = PBXFileReference; lastKnownFileType = sourcecode.swift; path = LottieAnimationView.swift; sourceTree = "<group>"; };
		B1A78C812C8BA08100BD51B0 /* FullscreenMediaDetection.swift */ = {isa = PBXFileReference; lastKnownFileType = sourcecode.swift; path = FullscreenMediaDetection.swift; sourceTree = "<group>"; };
		B1B112902C6A572100093D8F /* EditPanelView.swift */ = {isa = PBXFileReference; lastKnownFileType = sourcecode.swift; path = EditPanelView.swift; sourceTree = "<group>"; };
		B1B112922C6A577E00093D8F /* MouseTracker.swift */ = {isa = PBXFileReference; lastKnownFileType = sourcecode.swift; path = MouseTracker.swift; sourceTree = "<group>"; };
		B1C448952C9712C4001F0858 /* ActionBar.swift */ = {isa = PBXFileReference; lastKnownFileType = sourcecode.swift; path = ActionBar.swift; sourceTree = "<group>"; };
		B1C448972C972CC4001F0858 /* ListItemPopover.swift */ = {isa = PBXFileReference; lastKnownFileType = sourcecode.swift; path = ListItemPopover.swift; sourceTree = "<group>"; };
		B1C4489A2C97376A001F0858 /* TipStore.swift */ = {isa = PBXFileReference; lastKnownFileType = sourcecode.swift; path = TipStore.swift; sourceTree = "<group>"; };
		B1C974332C642B6D0000E707 /* MarqueeTextView.swift */ = {isa = PBXFileReference; lastKnownFileType = sourcecode.swift; path = MarqueeTextView.swift; sourceTree = "<group>"; };
		B1CE8CFD2C6F659400DD9871 /* KeyboardShortcutsHelper.swift */ = {isa = PBXFileReference; lastKnownFileType = sourcecode.swift; path = KeyboardShortcutsHelper.swift; sourceTree = "<group>"; };
		B1D365CD2C6A979C0047BDBC /* LiveActivityModifier.swift */ = {isa = PBXFileReference; lastKnownFileType = sourcecode.swift; path = LiveActivityModifier.swift; sourceTree = "<group>"; };
		B1D365CF2C6A9A6C0047BDBC /* SystemEventIndicatorModifier.swift */ = {isa = PBXFileReference; lastKnownFileType = sourcecode.swift; path = SystemEventIndicatorModifier.swift; sourceTree = "<group>"; };
		B1D6FD422C6603730015F173 /* SoftwareUpdater.swift */ = {isa = PBXFileReference; lastKnownFileType = sourcecode.swift; path = SoftwareUpdater.swift; sourceTree = "<group>"; };
		B1F0A0012E60000100000001 /* BrightnessManager.swift */ = {isa = PBXFileReference; lastKnownFileType = sourcecode.swift; path = BrightnessManager.swift; sourceTree = "<group>"; };
		B1F747F82EC7E94000F841DB /* LottieView.swift */ = {isa = PBXFileReference; lastKnownFileType = sourcecode.swift; path = LottieView.swift; sourceTree = "<group>"; };
		B1FEB4982C7686630066EBBC /* PanGesture.swift */ = {isa = PBXFileReference; lastKnownFileType = sourcecode.swift; path = PanGesture.swift; sourceTree = "<group>"; };
		F38DE6472D8243E2008B5C6D /* BatteryActivityManager.swift */ = {isa = PBXFileReference; lastKnownFileType = sourcecode.swift; path = BatteryActivityManager.swift; sourceTree = "<group>"; };
/* End PBXFileReference section */

/* Begin PBXFileSystemSynchronizedBuildFileExceptionSet section */
		11F7485C2EC9AABA00F841DB /* PBXFileSystemSynchronizedBuildFileExceptionSet */ = {
			isa = PBXFileSystemSynchronizedBuildFileExceptionSet;
			membershipExceptions = (
				Info.plist,
			);
			target = 11F7484E2EC9AABA00F841DB /* BoringNotchXPCHelper */;
		};
/* End PBXFileSystemSynchronizedBuildFileExceptionSet section */

/* Begin PBXFileSystemSynchronizedRootGroup section */
		112FB72F2CCF12CC0015238C /* private */ = {isa = PBXFileSystemSynchronizedRootGroup; explicitFileTypes = {}; explicitFolders = (); path = private; sourceTree = "<group>"; };
		11F748502EC9AABA00F841DB /* BoringNotchXPCHelper */ = {isa = PBXFileSystemSynchronizedRootGroup; exceptions = (11F7485C2EC9AABA00F841DB /* PBXFileSystemSynchronizedBuildFileExceptionSet */, ); explicitFileTypes = {}; explicitFolders = (); path = BoringNotchXPCHelper; sourceTree = "<group>"; };
/* End PBXFileSystemSynchronizedRootGroup section */

/* Begin PBXFrameworksBuildPhase section */
		11F7484C2EC9AABA00F841DB /* Frameworks */ = {
			isa = PBXFrameworksBuildPhase;
			buildActionMask = 2147483647;
			files = (
			);
			runOnlyForDeploymentPostprocessing = 0;
		};
		14CEF40F2C5CAED300855D72 /* Frameworks */ = {
			isa = PBXFrameworksBuildPhase;
			buildActionMask = 2147483647;
			files = (
				111BEA5F2ED07A340079DD4E /* MacroVisionKit in Frameworks */,
				9A987A102C73CA8D005CA465 /* Collections in Frameworks */,
				1194E8852EA57D23009C82D6 /* SkyLightWindow in Frameworks */,
				112B0EBB2E30DD5000562D6C /* MediaRemoteAdapter.framework in Frameworks */,
				14D0321D2C68F3350096E6A1 /* Sparkle in Frameworks */,
				111BEA6F2ED166E20079DD4E /* MacroVisionKit in Frameworks */,
				11F748732EC9DA9300F841DB /* Lottie in Frameworks */,
				14D0321A2C68F32E0096E6A1 /* LaunchAtLogin in Frameworks */,
				111BEA512ECFBF7F0079DD4E /* MacroVisionKit in Frameworks */,
				B18654392C6F4990000B926A /* KeyboardShortcuts in Frameworks */,
				B19016222CC15B3D00E3F12E /* Defaults in Frameworks */,
				111BE95D2ECD71E10079DD4E /* AsyncXPCConnection in Frameworks */,
				B1628B922CC260C0003D8DF3 /* SwiftUIIntrospect in Frameworks */,
			);
			runOnlyForDeploymentPostprocessing = 0;
		};
/* End PBXFrameworksBuildPhase section */

/* Begin PBXGroup section */
		1113ABB82E80E27000EC13B2 /* Models */ = {
			isa = PBXGroup;
			children = (
				118EBE2C2E97165600D54B5A /* Bookmark.swift */,
				1113ABB72E80E27000EC13B2 /* ShelfItem.swift */,
			);
			path = Models;
			sourceTree = "<group>";
		};
		1113ABBF2E80E27000EC13B2 /* Services */ = {
			isa = PBXGroup;
			children = (
				1194E87B2EA19E09009C82D6 /* ImageProcessingService.swift */,
				118EBE282E946B3F00D54B5A /* ShareServiceFinder.swift */,
				1100292D2E86940F00035A57 /* QuickShareService.swift */,
				110029262E84FD4C00035A57 /* TemporaryFileStorageService.swift */,
				1113ABCF2E80E6BB00EC13B2 /* ThumbnailService.swift */,
				1113ABBA2E80E27000EC13B2 /* QuickLookService.swift */,
				1113ABBC2E80E27000EC13B2 /* ShelfActionService.swift */,
				1113ABBD2E80E27000EC13B2 /* ShelfDropService.swift */,
				1113ABBE2E80E27000EC13B2 /* ShelfPersistenceService.swift */,
			);
			path = Services;
			sourceTree = "<group>";
		};
		1113ABC22E80E27000EC13B2 /* ViewModels */ = {
			isa = PBXGroup;
			children = (
				118EBE3A2E9720C500D54B5A /* ShelfStateViewModel.swift */,
				11EFCD6F2E8E92D600D0B974 /* ShelfItemViewModel.swift */,
				1113ABC02E80E27000EC13B2 /* ShelfSelectionModel.swift */,
			);
			path = ViewModels;
			sourceTree = "<group>";
		};
		1113ABC42E80E27000EC13B2 /* Views */ = {
			isa = PBXGroup;
			children = (
				11F747CD2EC75CEA00F841DB /* DragPreviewView.swift */,
				110029292E8691B400035A57 /* FileShareView.swift */,
				1113ABC32E80E27000EC13B2 /* ShelfItemView.swift */,
				9A987A032C73CA66005CA465 /* ShelfView.swift */,
			);
			path = Views;
			sourceTree = "<group>";
		};
		112B0EB62E30DD0F00562D6C /* mediaremote-adapter */ = {
			isa = PBXGroup;
			children = (
				112B0EB32E30DD0F00562D6C /* mediaremote-adapter.pl */,
				112B0EB52E30DD0F00562D6C /* MediaRemoteAdapterTestClient */,
			);
			path = "mediaremote-adapter";
			sourceTree = "<group>";
		};
		1132E5232E78D6DA0068732D /* YouTube Music Controller */ = {
			isa = PBXGroup;
			children = (
				1132E5152E777C140068732D /* YouTubeMusicAuthentication.swift */,
				1132E5132E777B920068732D /* YouTubeMusicNetworking.swift */,
				1132E5102E777B6E0068732D /* YouTubeMusicModels.swift */,
				1153BDA62D99B22200979FB0 /* YouTubeMusicController.swift */,
			);
			path = "YouTube Music Controller";
			sourceTree = "<group>";
		};
		1153BD8E2D986B1F00979FB0 /* MediaControllers */ = {
			isa = PBXGroup;
			children = (
				1132E5232E78D6DA0068732D /* YouTube Music Controller */,
				1153BD8D2D986B1F00979FB0 /* MediaControllerProtocol.swift */,
				1153BD922D986E4300979FB0 /* AppleMusicController.swift */,
				1153BD992D98824300979FB0 /* SpotifyController.swift */,
				1153BD9B2D98853B00979FB0 /* NowPlayingController.swift */,
			);
			path = MediaControllers;
			sourceTree = "<group>";
		};
		116398942DF5D6B40052E6AF /* Providers */ = {
			isa = PBXGroup;
			children = (
				116398952DF5D6C00052E6AF /* CalendarServiceProviding.swift */,
			);
			path = Providers;
			sourceTree = "<group>";
		};
		11F748672EC9AC9600F841DB /* XPCHelperClient */ = {
			isa = PBXGroup;
			children = (
				11F748652EC9AC9600F841DB /* BoringNotchXPCHelperProtocol.swift */,
				11F748662EC9AC9600F841DB /* XPCHelperClient.swift */,
			);
			path = XPCHelperClient;
			sourceTree = "<group>";
		};
		14288DD92C6E015000B9F80C /* helpers */ = {
			isa = PBXGroup;
			children = (
				118EBE242E92DCCB00D54B5A /* AssociatedObject.swift */,
				11A45C782E34E63100CEB175 /* MediaChecker.swift */,
				1153BD972D9881F900979FB0 /* AppleScriptHelper.swift */,
				14288DD62C6E015000B9F80C /* AudioPlayer.swift */,
				5955950C2E900ED800C66711 /* ApplicationRelauncher.swift */,
				14288E0B2C6F8EC000B9F80C /* AppIcons.swift */,
			);
			path = helpers;
			sourceTree = "<group>";
		};
		14288DE22C6E016F00B9F80C /* observers */ = {
			isa = PBXGroup;
			children = (
				111BE9942ECF2DEF0079DD4E /* DragDetector.swift */,
				B1A78C812C8BA08100BD51B0 /* FullscreenMediaDetection.swift */,
				5917FD102E57891600E87F1C /* MediaKeyInterceptor.swift */,
			);
			path = observers;
			sourceTree = "<group>";
		};
		1443E7F12C609DB90027C1FC /* sizing */ = {
			isa = PBXGroup;
			children = (
				1443E7F22C609DCE0027C1FC /* matters.swift */,
			);
			path = sizing;
			sourceTree = "<group>";
		};
		1471639B2C5D362F0068B555 /* components */ = {
			isa = PBXGroup;
			children = (
				B141C23B2CA5F50900AC8CC8 /* Onboarding */,
				B1C448992C97375A001F0858 /* Tips */,
				14C08BB72C8DE49E000F8AA0 /* Calendar */,
				9A987A042C73CA66005CA465 /* Shelf */,
				149E0B982C737D26006418B1 /* Webcam */,
				B18654312C6F45AE000B926A /* Live activities */,
				B18654302C6F4590000B926A /* Settings */,
				B186542F2C6F455E000B926A /* Notch */,
				9A0887332C7AFF7E00C160EA /* Tabs */,
				B186542E2C6F453B000B926A /* Music */,
				14D570BF2C5EA5870011E668 /* AnimatedFace.swift */,
				14288DE72C6E01C800B9F80C /* ProgressIndicator.swift */,
				14D570C12C5EAFBF0011E668 /* EmptyState.swift */,
				B17266E22C65F7FB0031BA0D /* WhatsNewView.swift */,
				B10F84A22C6C9596009F3026 /* TestView.swift */,
				507266DA2C908E2E00A2D00D /* HoverButton.swift */,
				B1F747F82EC7E94000F841DB /* LottieView.swift */,
			);
			path = components;
			sourceTree = "<group>";
		};
		147163B52C5D804B0068B555 /* managers */ = {
			isa = PBXGroup;
			children = (
				11D58EA12E760AE100FA8377 /* ImageService.swift */,
				F38DE6472D8243E2008B5C6D /* BatteryActivityManager.swift */,
				112FB7342CCF16F70015238C /* NotchSpaceManager.swift */,
				147163992C5D35FF0068B555 /* MusicManager.swift */,
				149E0B962C737D00006418B1 /* WebcamManager.swift */,
				14C08BB52C8DE42D000F8AA0 /* CalendarManager.swift */,
				B1F0A0012E60000100000001 /* BrightnessManager.swift */,
				59D8C23B2E589FAA00147B33 /* VolumeManager.swift */,
			);
			path = managers;
			sourceTree = "<group>";
		};
		149E0B982C737D26006418B1 /* Webcam */ = {
			isa = PBXGroup;
			children = (
				149E0B992C737D40006418B1 /* WebcamView.swift */,
			);
			path = Webcam;
			sourceTree = "<group>";
		};
		14C08BB72C8DE49E000F8AA0 /* Calendar */ = {
			isa = PBXGroup;
			children = (
				14C08BB82C8DE4B1000F8AA0 /* BoringCalendar.swift */,
			);
			path = Calendar;
			sourceTree = "<group>";
		};
		14CEF4092C5CAED200855D72 = {
			isa = PBXGroup;
			children = (
				112B0EB62E30DD0F00562D6C /* mediaremote-adapter */,
				14CEF4142C5CAED300855D72 /* boringNotch */,
				11F748502EC9AABA00F841DB /* BoringNotchXPCHelper */,
				14CEF4132C5CAED300855D72 /* Products */,
				14D031EC2C689DB70096E6A1 /* Frameworks */,
			);
			sourceTree = "<group>";
		};
		14CEF4132C5CAED300855D72 /* Products */ = {
			isa = PBXGroup;
			children = (
				14CEF4122C5CAED300855D72 /* boringNotch.app */,
				11F7484F2EC9AABA00F841DB /* BoringNotchXPCHelper.xpc */,
			);
			name = Products;
			sourceTree = "<group>";
		};
		14CEF4142C5CAED300855D72 /* boringNotch */ = {
			isa = PBXGroup;
			children = (
				11F748672EC9AC9600F841DB /* XPCHelperClient */,
				116398942DF5D6B40052E6AF /* Providers */,
				14288DE22C6E016F00B9F80C /* observers */,
				14288DD92C6E015000B9F80C /* helpers */,
				B186543A2C6F49A4000B926A /* Shortcuts */,
				1443E7F12C609DB90027C1FC /* sizing */,
				14D570C72C5F38760011E668 /* models */,
				14D570BA2C5E98E30011E668 /* enums */,
				14D570B72C5E98960011E668 /* animations */,
				147163B52C5D804B0068B555 /* managers */,
				1153BD8E2D986B1F00979FB0 /* MediaControllers */,
				B15063502C63D3F600EBB0E3 /* extensions */,
				1471639B2C5D362F0068B555 /* components */,
				14CEF4152C5CAED300855D72 /* boringNotchApp.swift */,
				14CEF4172C5CAED300855D72 /* ContentView.swift */,
				B17266E02C6532560031BA0D /* Localizable.xcstrings */,
				14CEF4192C5CAED400855D72 /* Assets.xcassets */,
				14A7E5962C65FD31008C1BE9 /* boring.m4a */,
				1443E7F42C609E650027C1FC /* Info.plist */,
				14CEF41E2C5CAED400855D72 /* boringNotch.entitlements */,
				14CEF41B2C5CAED400855D72 /* Preview Content */,
				112FB72F2CCF12CC0015238C /* private */,
				11CC44A12CEE614100C7244B /* BoringViewCoordinator.swift */,
			);
			path = boringNotch;
			sourceTree = "<group>";
		};
		14CEF41B2C5CAED400855D72 /* Preview Content */ = {
			isa = PBXGroup;
			children = (
				14CEF41C2C5CAED400855D72 /* Preview Assets.xcassets */,
			);
			path = "Preview Content";
			sourceTree = "<group>";
		};
		14D031EC2C689DB70096E6A1 /* Frameworks */ = {
			isa = PBXGroup;
			children = (
				14D031EF2C689DC00096E6A1 /* ApplicationServices.framework */,
				14D031ED2C689DB70096E6A1 /* IOKit.framework */,
				112B0EBA2E30DD5000562D6C /* MediaRemoteAdapter.framework */,
			);
			name = Frameworks;
			sourceTree = "<group>";
		};
		14D570B72C5E98960011E668 /* animations */ = {
			isa = PBXGroup;
			children = (
				14D570B82C5E98A20011E668 /* drop.swift */,
				14A7E5872C64A89C008C1BE9 /* HelloAnimation.swift */,
			);
			path = animations;
			sourceTree = "<group>";
		};
		14D570BA2C5E98E30011E668 /* enums */ = {
			isa = PBXGroup;
			children = (
				14D570BB2C5E98EB0011E668 /* generic.swift */,
			);
			path = enums;
			sourceTree = "<group>";
		};
		14D570C72C5F38760011E668 /* models */ = {
			isa = PBXGroup;
			children = (
				11F748812ECB07A400F841DB /* MusicControlButton.swift */,
				118D1FD02E98FF5F00A2FF63 /* SharingStateManager.swift */,
				1163988E2DF5CC870052E6AF /* CalendarModel.swift */,
				1163988C2DF5CAB40052E6AF /* EventModel.swift */,
				B19016232CC15B4D00E3F12E /* Constants.swift */,
				14D570C82C5F38890011E668 /* BoringViewModel.swift */,
				14D570CA2C5F4B2C0011E668 /* BatteryStatusViewModel.swift */,
				1153BD902D986DB300979FB0 /* PlaybackState.swift */,
			);
			path = models;
			sourceTree = "<group>";
		};
		9A0887332C7AFF7E00C160EA /* Tabs */ = {
			isa = PBXGroup;
			children = (
				9A0887312C7A693000C160EA /* TabButton.swift */,
				9A0887342C7AFF8E00C160EA /* TabSelectionView.swift */,
			);
			path = Tabs;
			sourceTree = "<group>";
		};
		9A987A042C73CA66005CA465 /* Shelf */ = {
			isa = PBXGroup;
			children = (
				1113ABB82E80E27000EC13B2 /* Models */,
				1113ABBF2E80E27000EC13B2 /* Services */,
				1113ABC22E80E27000EC13B2 /* ViewModels */,
				1113ABC42E80E27000EC13B2 /* Views */,
			);
			path = Shelf;
			sourceTree = "<group>";
		};
		B141C23B2CA5F50900AC8CC8 /* Onboarding */ = {
			isa = PBXGroup;
			children = (
				11CFC6642E09C7B300748C80 /* OnboardingFinishView.swift */,
				11CFC6622E09917B00748C80 /* MusicControllerSelectionView.swift */,
				11CFC6602E097F6800748C80 /* PermissionsRequestView.swift */,
				11CFC65E2E097F2100748C80 /* OnboardingView.swift */,
				11CFC65A2E097E9D00748C80 /* WelcomeView.swift */,
				B141C2402CA5F53E00AC8CC8 /* SparkleView.swift */,
			);
			path = Onboarding;
			sourceTree = "<group>";
		};
		B15063502C63D3F600EBB0E3 /* extensions */ = {
			isa = PBXGroup;
			children = (
				111BEA602ED09B1B0079DD4E /* NSScreen+UUID.swift */,
				1194E93F2EACC652009C82D6 /* Color+AccentColor.swift */,
				118EBE302E9717DB00D54B5A /* URL+SecurityScoped.swift */,
				118EBE262E92DE7400D54B5A /* NSMenu+AssociatedObject.swift */,
				1100290B2E847E2800035A57 /* NSItemProvider+LoadHelpers.swift */,
				14C08BC02C8E03AD000F8AA0 /* NSImage+Extensions.swift */,
				B17266DE2C64DFA00031BA0D /* BundleInfos.swift */,
				B1B112922C6A577E00093D8F /* MouseTracker.swift */,
				B1CE8CFD2C6F659400DD9871 /* KeyboardShortcutsHelper.swift */,
				14E9FEAD2C7325770062E83F /* Button+Bouncing.swift */,
				B10348D82C74E56000475897 /* ConditionalModifier.swift */,
				B1FEB4982C7686630066EBBC /* PanGesture.swift */,
				14FC6E4F2C7DED5600C7BEA5 /* DataTypes+Extensions.swift */,
				B1C448952C9712C4001F0858 /* ActionBar.swift */,
			);
			path = extensions;
			sourceTree = "<group>";
		};
		B186542E2C6F453B000B926A /* Music */ = {
			isa = PBXGroup;
			children = (
				B19424082CD0FEFE003E5DC2 /* LottieAnimationView.swift */,
				147163972C5D35B70068B555 /* MusicVisualizer.swift */,
			);
			path = Music;
			sourceTree = "<group>";
		};
		B186542F2C6F455E000B926A /* Notch */ = {
			isa = PBXGroup;
			children = (
				1194E8862EA6DDA7009C82D6 /* BoringNotchSkyLightWindow.swift */,
				1160F8D72DD98230006FBB94 /* NotchShape.swift */,
				9AB0C6BB2C73C9CB00F7CD30 /* NotchHomeView.swift */,
				14D570C52C5F38210011E668 /* BoringHeader.swift */,
				14D570D12C5F6C6A0011E668 /* BoringExtrasMenu.swift */,
				1471A8582C6281BD0058408D /* BoringNotchWindow.swift */,
			);
			path = Notch;
			sourceTree = "<group>";
		};
		B18654302C6F4590000B926A /* Settings */ = {
			isa = PBXGroup;
			children = (
				11F748832ECB27DC00F841DB /* MusicSlotConfigurationView.swift */,
				11C5E3152DFE88510065821E /* SettingsView.swift */,
				11C5E3112DFE85970065821E /* SettingsWindowController.swift */,
				B1D6FD422C6603730015F173 /* SoftwareUpdater.swift */,
				B1B112902C6A572100093D8F /* EditPanelView.swift */,
				B1C448972C972CC4001F0858 /* ListItemPopover.swift */,
			);
			path = Settings;
			sourceTree = "<group>";
		};
		B18654312C6F45AE000B926A /* Live activities */ = {
			isa = PBXGroup;
			children = (
				115C12EB2ED3D003009754CA /* OpenNotchHUD.swift */,
				14D570CC2C5F4BB70011E668 /* BoringBattery.swift */,
				B1C974332C642B6D0000E707 /* MarqueeTextView.swift */,
				B1D365CD2C6A979C0047BDBC /* LiveActivityModifier.swift */,
				B1D365CF2C6A9A6C0047BDBC /* SystemEventIndicatorModifier.swift */,
				14E9FEA92C70BF610062E83F /* DownloadView.swift */,
				B172AABF2C95DA0B001623F1 /* InlineHUD.swift */,
			);
			path = "Live activities";
			sourceTree = "<group>";
		};
		B186543A2C6F49A4000B926A /* Shortcuts */ = {
			isa = PBXGroup;
			children = (
				B186543B2C6F49AE000B926A /* ShortcutConstants.swift */,
			);
			path = Shortcuts;
			sourceTree = "<group>";
		};
		B1C448992C97375A001F0858 /* Tips */ = {
			isa = PBXGroup;
			children = (
				B1C4489A2C97376A001F0858 /* TipStore.swift */,
			);
			path = Tips;
			sourceTree = "<group>";
		};
/* End PBXGroup section */

/* Begin PBXNativeTarget section */
		11F7484E2EC9AABA00F841DB /* BoringNotchXPCHelper */ = {
			isa = PBXNativeTarget;
			buildConfigurationList = 11F7485D2EC9AABA00F841DB /* Build configuration list for PBXNativeTarget "BoringNotchXPCHelper" */;
			buildPhases = (
				11F7484B2EC9AABA00F841DB /* Sources */,
				11F7484C2EC9AABA00F841DB /* Frameworks */,
				11F7484D2EC9AABA00F841DB /* Resources */,
			);
			buildRules = (
			);
			dependencies = (
			);
			fileSystemSynchronizedGroups = (
				11F748502EC9AABA00F841DB /* BoringNotchXPCHelper */,
			);
			name = BoringNotchXPCHelper;
			packageProductDependencies = (
			);
			productName = BoringNotchXPCHelper;
			productReference = 11F7484F2EC9AABA00F841DB /* BoringNotchXPCHelper.xpc */;
			productType = "com.apple.product-type.xpc-service";
		};
		14CEF4112C5CAED300855D72 /* boringNotch */ = {
			isa = PBXNativeTarget;
			buildConfigurationList = 14CEF4212C5CAED400855D72 /* Build configuration list for PBXNativeTarget "boringNotch" */;
			buildPhases = (
				14CEF40E2C5CAED300855D72 /* Sources */,
				14CEF40F2C5CAED300855D72 /* Frameworks */,
				14CEF4102C5CAED300855D72 /* Resources */,
				B1ECFA062C6FE58A002ACD87 /* Embed Frameworks */,
				11F748412EC8051E00F841DB /* Embed XPC Services */,
			);
			buildRules = (
			);
			dependencies = (
				11F7485A2EC9AABA00F841DB /* PBXTargetDependency */,
			);
			fileSystemSynchronizedGroups = (
				112FB72F2CCF12CC0015238C /* private */,
			);
			name = boringNotch;
			packageProductDependencies = (
				14D032192C68F32E0096E6A1 /* LaunchAtLogin */,
				14D0321C2C68F3350096E6A1 /* Sparkle */,
				B18654382C6F4990000B926A /* KeyboardShortcuts */,
				9A987A0F2C73CA8D005CA465 /* Collections */,
				B19016212CC15B3D00E3F12E /* Defaults */,
				B1628B912CC260C0003D8DF3 /* SwiftUIIntrospect */,
				1194E8842EA57D23009C82D6 /* SkyLightWindow */,
				11F748722EC9DA9300F841DB /* Lottie */,
				111BE95C2ECD71E10079DD4E /* AsyncXPCConnection */,
				111BEA502ECFBF7F0079DD4E /* MacroVisionKit */,
				111BEA5E2ED07A340079DD4E /* MacroVisionKit */,
				111BEA6E2ED166E20079DD4E /* MacroVisionKit */,
			);
			productName = dynamicNotch;
			productReference = 14CEF4122C5CAED300855D72 /* boringNotch.app */;
			productType = "com.apple.product-type.application";
		};
/* End PBXNativeTarget section */

/* Begin PBXProject section */
		14CEF40A2C5CAED200855D72 /* Project object */ = {
			isa = PBXProject;
			attributes = {
				BuildIndependentTargetsInParallel = 1;
				LastSwiftUpdateCheck = 1640;
				LastUpgradeCheck = 1640;
				TargetAttributes = {
					11F7484E2EC9AABA00F841DB = {
						CreatedOnToolsVersion = 16.4;
					};
					14CEF4112C5CAED300855D72 = {
						CreatedOnToolsVersion = 15.4;
						LastSwiftMigration = 1540;
					};
				};
			};
			buildConfigurationList = 14CEF40D2C5CAED200855D72 /* Build configuration list for PBXProject "boringNotch" */;
			compatibilityVersion = "Xcode 14.0";
			developmentRegion = en;
			hasScannedForEncodings = 0;
			knownRegions = (
				en,
				Base,
			);
			mainGroup = 14CEF4092C5CAED200855D72;
			packageReferences = (
				14D032182C68F32E0096E6A1 /* XCRemoteSwiftPackageReference "LaunchAtLogin-Modern" */,
				14D0321B2C68F3350096E6A1 /* XCRemoteSwiftPackageReference "Sparkle" */,
				B18654372C6F4990000B926A /* XCRemoteSwiftPackageReference "KeyboardShortcuts" */,
				9A987A0E2C73CA8D005CA465 /* XCRemoteSwiftPackageReference "swift-collections" */,
				9A987A112C73CAA1005CA465 /* XCRemoteSwiftPackageReference "Pow" */,
				B19016202CC15B3D00E3F12E /* XCRemoteSwiftPackageReference "Defaults" */,
				B1628B902CC260C0003D8DF3 /* XCRemoteSwiftPackageReference "swiftui-introspect" */,
				1194E8832EA57D23009C82D6 /* XCRemoteSwiftPackageReference "SkyLightWindow" */,
				11F748712EC9DA9300F841DB /* XCRemoteSwiftPackageReference "lottie-spm" */,
				111BE95B2ECD71E10079DD4E /* XCRemoteSwiftPackageReference "AsyncXPCConnection" */,
				111BEA6D2ED166E20079DD4E /* XCRemoteSwiftPackageReference "MacroVisionKit" */,
			);
			productRefGroup = 14CEF4132C5CAED300855D72 /* Products */;
			projectDirPath = "";
			projectRoot = "";
			targets = (
				14CEF4112C5CAED300855D72 /* boringNotch */,
				11F7484E2EC9AABA00F841DB /* BoringNotchXPCHelper */,
			);
		};
/* End PBXProject section */

/* Begin PBXResourcesBuildPhase section */
		11F7484D2EC9AABA00F841DB /* Resources */ = {
			isa = PBXResourcesBuildPhase;
			buildActionMask = 2147483647;
			files = (
			);
			runOnlyForDeploymentPostprocessing = 0;
		};
		14CEF4102C5CAED300855D72 /* Resources */ = {
			isa = PBXResourcesBuildPhase;
			buildActionMask = 2147483647;
			files = (
				14CEF41D2C5CAED400855D72 /* Preview Assets.xcassets in Resources */,
				14CEF41A2C5CAED400855D72 /* Assets.xcassets in Resources */,
				112B0EB82E30DD0F00562D6C /* MediaRemoteAdapterTestClient in Resources */,
				112B0EB92E30DD0F00562D6C /* mediaremote-adapter.pl in Resources */,
				B17266E12C6532560031BA0D /* Localizable.xcstrings in Resources */,
				14A7E5972C65FD31008C1BE9 /* boring.m4a in Resources */,
			);
			runOnlyForDeploymentPostprocessing = 0;
		};
/* End PBXResourcesBuildPhase section */

/* Begin PBXSourcesBuildPhase section */
		11F7484B2EC9AABA00F841DB /* Sources */ = {
			isa = PBXSourcesBuildPhase;
			buildActionMask = 2147483647;
			files = (
			);
			runOnlyForDeploymentPostprocessing = 0;
		};
		14CEF40E2C5CAED300855D72 /* Sources */ = {
			isa = PBXSourcesBuildPhase;
			buildActionMask = 2147483647;
			files = (
				115C12EC2ED3D003009754CA /* OpenNotchHUD.swift in Sources */,
				14C08BB92C8DE4B1000F8AA0 /* BoringCalendar.swift in Sources */,
				5955950D2E900ED800C66711 /* ApplicationRelauncher.swift in Sources */,
				1100292A2E8691B400035A57 /* FileShareView.swift in Sources */,
				147163982C5D35B70068B555 /* MusicVisualizer.swift in Sources */,
				11CC44A22CEE614100C7244B /* BoringViewCoordinator.swift in Sources */,
				B186543C2C6F49AE000B926A /* ShortcutConstants.swift in Sources */,
				11A45C792E34E63100CEB175 /* MediaChecker.swift in Sources */,
				B1D365CE2C6A979C0047BDBC /* LiveActivityModifier.swift in Sources */,
				1113ABD02E80E6BB00EC13B2 /* ThumbnailService.swift in Sources */,
				11CFC65B2E097E9D00748C80 /* WelcomeView.swift in Sources */,
				14D570C02C5EA5870011E668 /* AnimatedFace.swift in Sources */,
				B1D6FD432C6603730015F173 /* SoftwareUpdater.swift in Sources */,
				111BE9952ECF2DF40079DD4E /* DragDetector.swift in Sources */,
				B1D365D02C6A9A6C0047BDBC /* SystemEventIndicatorModifier.swift in Sources */,
				1194E87C2EA19E09009C82D6 /* ImageProcessingService.swift in Sources */,
				1194E8872EA6DDA7009C82D6 /* BoringNotchSkyLightWindow.swift in Sources */,
				14D570CB2C5F4B2C0011E668 /* BatteryStatusViewModel.swift in Sources */,
				9A0887322C7A693000C160EA /* TabButton.swift in Sources */,
				1153BD9C2D98853B00979FB0 /* NowPlayingController.swift in Sources */,
				1194E9402EACC652009C82D6 /* Color+AccentColor.swift in Sources */,
				B141C2412CA5F53F00AC8CC8 /* SparkleView.swift in Sources */,
				116398962DF5D6C00052E6AF /* CalendarServiceProviding.swift in Sources */,
				59D8C23C2E589FAA00147B33 /* VolumeManager.swift in Sources */,
				1163988D2DF5CAB40052E6AF /* EventModel.swift in Sources */,
				14D570B92C5E98A20011E668 /* drop.swift in Sources */,
				11EFCD702E8E92D600D0B974 /* ShelfItemViewModel.swift in Sources */,
				1153BDA72D99B22200979FB0 /* YouTubeMusicController.swift in Sources */,
				1163988F2DF5CC870052E6AF /* CalendarModel.swift in Sources */,
				1153BD9A2D98824300979FB0 /* SpotifyController.swift in Sources */,
				118EBE292E946B3F00D54B5A /* ShareServiceFinder.swift in Sources */,
				B19424092CD0FF01003E5DC2 /* LottieAnimationView.swift in Sources */,
				B1F747F92EC7E94000F841DB /* LottieView.swift in Sources */,
				B1C974342C642B6D0000E707 /* MarqueeTextView.swift in Sources */,
				14288DE82C6E01C800B9F80C /* ProgressIndicator.swift in Sources */,
				1113ABC52E80E27000EC13B2 /* ShelfItemView.swift in Sources */,
				1113ABC62E80E27000EC13B2 /* ShelfPersistenceService.swift in Sources */,
				1113ABC82E80E27000EC13B2 /* ShelfItem.swift in Sources */,
				1113ABCA2E80E27000EC13B2 /* ShelfSelectionModel.swift in Sources */,
				1113ABCB2E80E27000EC13B2 /* QuickLookService.swift in Sources */,
				1113ABCC2E80E27000EC13B2 /* ShelfDropService.swift in Sources */,
				1100292E2E86940F00035A57 /* QuickShareService.swift in Sources */,
				1113ABCE2E80E27000EC13B2 /* ShelfActionService.swift in Sources */,
				1160F8D82DD98230006FBB94 /* NotchShape.swift in Sources */,
				5917FD112E57891600E87F1C /* MediaKeyInterceptor.swift in Sources */,
				14C08BC12C8E03AD000F8AA0 /* NSImage+Extensions.swift in Sources */,
				149E0B9A2C737D40006418B1 /* WebcamView.swift in Sources */,
				1471639A2C5D35FF0068B555 /* MusicManager.swift in Sources */,
				B1B112932C6A577E00093D8F /* MouseTracker.swift in Sources */,
				B1C448962C9712C4001F0858 /* ActionBar.swift in Sources */,
				118EBE312E9717DB00D54B5A /* URL+SecurityScoped.swift in Sources */,
				1132E5162E777C140068732D /* YouTubeMusicAuthentication.swift in Sources */,
				14A7E5882C64A89C008C1BE9 /* HelloAnimation.swift in Sources */,
				111BEA612ED09B1B0079DD4E /* NSScreen+UUID.swift in Sources */,
				1153BD8F2D986B1F00979FB0 /* MediaControllerProtocol.swift in Sources */,
				9AB0C6BD2C73C9CB00F7CD30 /* NotchHomeView.swift in Sources */,
				B172AAC02C95DA0B001623F1 /* InlineHUD.swift in Sources */,
				14E9FEAA2C70BF610062E83F /* DownloadView.swift in Sources */,
				B1B112912C6A572100093D8F /* EditPanelView.swift in Sources */,
				B1C4489B2C97376A001F0858 /* TipStore.swift in Sources */,
				1153BD912D986DB300979FB0 /* PlaybackState.swift in Sources */,
				B1A78C822C8BA08100BD51B0 /* FullscreenMediaDetection.swift in Sources */,
				14E9FEAE2C7325770062E83F /* Button+Bouncing.swift in Sources */,
				14D570C92C5F38890011E668 /* BoringViewModel.swift in Sources */,
				14D570BC2C5E98EB0011E668 /* generic.swift in Sources */,
				118EBE272E92DE8400D54B5A /* NSMenu+AssociatedObject.swift in Sources */,
				B1CE8CFE2C6F659400DD9871 /* KeyboardShortcutsHelper.swift in Sources */,
				14D570C62C5F38210011E668 /* BoringHeader.swift in Sources */,
				B17266E32C65F7FB0031BA0D /* WhatsNewView.swift in Sources */,
				14C08BB62C8DE42D000F8AA0 /* CalendarManager.swift in Sources */,
				14D570CD2C5F4BB70011E668 /* BoringBattery.swift in Sources */,
				B10F84A32C6C9596009F3026 /* TestView.swift in Sources */,
				1443E7F32C609DCE0027C1FC /* matters.swift in Sources */,
				11C5E3162DFE88510065821E /* SettingsView.swift in Sources */,
				1153BD932D986E4300979FB0 /* AppleMusicController.swift in Sources */,
				11C5E3132DFE85970065821E /* SettingsWindowController.swift in Sources */,
				110029272E84FD4C00035A57 /* TemporaryFileStorageService.swift in Sources */,
				11CFC6652E09C7B300748C80 /* OnboardingFinishView.swift in Sources */,
				507266DB2C908E2E00A2D00D /* HoverButton.swift in Sources */,
				1471A8592C6281BD0058408D /* BoringNotchWindow.swift in Sources */,
				14CEF4182C5CAED300855D72 /* ContentView.swift in Sources */,
				9A987A0D2C73CA66005CA465 /* ShelfView.swift in Sources */,
				1132E5142E777B920068732D /* YouTubeMusicNetworking.swift in Sources */,
				1132E5122E777B6E0068732D /* YouTubeMusicModels.swift in Sources */,
				11CFC65F2E097F2F00748C80 /* OnboardingView.swift in Sources */,
				14CEF4162C5CAED300855D72 /* boringNotchApp.swift in Sources */,
				B17266DF2C64DFA00031BA0D /* BundleInfos.swift in Sources */,
				118EBE3B2E9720C500D54B5A /* ShelfStateViewModel.swift in Sources */,
				11F747CE2EC75CEA00F841DB /* DragPreviewView.swift in Sources */,
				F38DE6482D8243E7008B5C6D /* BatteryActivityManager.swift in Sources */,
				B10348D92C74E56000475897 /* ConditionalModifier.swift in Sources */,
				118D1FD12E98FF5F00A2FF63 /* SharingStateManager.swift in Sources */,
				14D570C22C5EAFBF0011E668 /* EmptyState.swift in Sources */,
				118EBE252E92DCCB00D54B5A /* AssociatedObject.swift in Sources */,
				11F748682EC9AC9600F841DB /* BoringNotchXPCHelperProtocol.swift in Sources */,
				11F748692EC9AC9600F841DB /* XPCHelperClient.swift in Sources */,
				118EBE2D2E97165600D54B5A /* Bookmark.swift in Sources */,
				B1FEB4992C7686630066EBBC /* PanGesture.swift in Sources */,
				11F748842ECB27DC00F841DB /* MusicSlotConfigurationView.swift in Sources */,
				9A0887352C7AFF8E00C160EA /* TabSelectionView.swift in Sources */,
				112FB7352CCF16F70015238C /* NotchSpaceManager.swift in Sources */,
				14FC6E502C7DED5600C7BEA5 /* DataTypes+Extensions.swift in Sources */,
				1153BD982D9881F900979FB0 /* AppleScriptHelper.swift in Sources */,
				11CFC6612E097F6800748C80 /* PermissionsRequestView.swift in Sources */,
				14D570D22C5F6C6A0011E668 /* BoringExtrasMenu.swift in Sources */,
				11D58EA22E760AE100FA8377 /* ImageService.swift in Sources */,
				11F748822ECB07A400F841DB /* MusicControlButton.swift in Sources */,
				14288DDC2C6E015000B9F80C /* AudioPlayer.swift in Sources */,
				149E0B972C737D00006418B1 /* WebcamManager.swift in Sources */,
				14288E0C2C6F8EC000B9F80C /* AppIcons.swift in Sources */,
				B1C448982C972CC4001F0858 /* ListItemPopover.swift in Sources */,
				B19016242CC15B5000E3F12E /* Constants.swift in Sources */,
				1100290C2E847E2800035A57 /* NSItemProvider+LoadHelpers.swift in Sources */,
				11CFC6632E09918400748C80 /* MusicControllerSelectionView.swift in Sources */,
				B1F0A0022E60000100000001 /* BrightnessManager.swift in Sources */,
			);
			runOnlyForDeploymentPostprocessing = 0;
		};
/* End PBXSourcesBuildPhase section */

/* Begin PBXTargetDependency section */
		11F7485A2EC9AABA00F841DB /* PBXTargetDependency */ = {
			isa = PBXTargetDependency;
			target = 11F7484E2EC9AABA00F841DB /* BoringNotchXPCHelper */;
			targetProxy = 11F748592EC9AABA00F841DB /* PBXContainerItemProxy */;
		};
/* End PBXTargetDependency section */

/* Begin XCBuildConfiguration section */
		11F7485E2EC9AABA00F841DB /* Debug */ = {
			isa = XCBuildConfiguration;
			buildSettings = {
				CODE_SIGN_ENTITLEMENTS = BoringNotchXPCHelper/BoringNotchXPCHelper.entitlements;
				CODE_SIGN_IDENTITY = "Apple Development";
				"CODE_SIGN_IDENTITY[sdk=macosx*]" = "-";
				CODE_SIGN_STYLE = Automatic;
				COMBINE_HIDPI_IMAGES = YES;
				CURRENT_PROJECT_VERSION = 271;
				DEVELOPMENT_TEAM = "";
				GENERATE_INFOPLIST_FILE = YES;
				INFOPLIST_FILE = BoringNotchXPCHelper/Info.plist;
				INFOPLIST_KEY_CFBundleDisplayName = BoringNotchXPCHelper;
				INFOPLIST_KEY_NSHumanReadableCopyright = "";
				MACOSX_DEPLOYMENT_TARGET = 14.0;
				MARKETING_VERSION = 2.7.3;
				PRODUCT_BUNDLE_IDENTIFIER = theboringteam.boringnotch.BoringNotchXPCHelper;
				PRODUCT_NAME = "$(TARGET_NAME)";
				REGISTER_APP_GROUPS = YES;
				SKIP_INSTALL = YES;
				SWIFT_EMIT_LOC_STRINGS = YES;
				SWIFT_VERSION = 5.0;
			};
			name = Debug;
		};
		11F7485F2EC9AABA00F841DB /* Release */ = {
			isa = XCBuildConfiguration;
			buildSettings = {
				CODE_SIGN_ENTITLEMENTS = BoringNotchXPCHelper/BoringNotchXPCHelper.entitlements;
				CODE_SIGN_IDENTITY = "Apple Development";
				"CODE_SIGN_IDENTITY[sdk=macosx*]" = "-";
				CODE_SIGN_STYLE = Automatic;
				COMBINE_HIDPI_IMAGES = YES;
				CURRENT_PROJECT_VERSION = 271;
				DEVELOPMENT_TEAM = "";
				GENERATE_INFOPLIST_FILE = YES;
				INFOPLIST_FILE = BoringNotchXPCHelper/Info.plist;
				INFOPLIST_KEY_CFBundleDisplayName = BoringNotchXPCHelper;
				INFOPLIST_KEY_NSHumanReadableCopyright = "";
				MACOSX_DEPLOYMENT_TARGET = 14.0;
				MARKETING_VERSION = 2.7.3;
				PRODUCT_BUNDLE_IDENTIFIER = theboringteam.boringnotch.BoringNotchXPCHelper;
				PRODUCT_NAME = "$(TARGET_NAME)";
				REGISTER_APP_GROUPS = YES;
				SKIP_INSTALL = YES;
				SWIFT_EMIT_LOC_STRINGS = YES;
				SWIFT_VERSION = 5.0;
			};
			name = Release;
		};
		14CEF41F2C5CAED400855D72 /* Debug */ = {
			isa = XCBuildConfiguration;
			buildSettings = {
				ALWAYS_SEARCH_USER_PATHS = NO;
				ASSETCATALOG_COMPILER_GENERATE_SWIFT_ASSET_SYMBOL_EXTENSIONS = YES;
				CLANG_ANALYZER_NONNULL = YES;
				CLANG_ANALYZER_NUMBER_OBJECT_CONVERSION = YES_AGGRESSIVE;
				CLANG_CXX_LANGUAGE_STANDARD = "gnu++20";
				CLANG_ENABLE_MODULES = YES;
				CLANG_ENABLE_OBJC_ARC = YES;
				CLANG_ENABLE_OBJC_WEAK = YES;
				CLANG_WARN_BLOCK_CAPTURE_AUTORELEASING = YES;
				CLANG_WARN_BOOL_CONVERSION = YES;
				CLANG_WARN_COMMA = YES;
				CLANG_WARN_CONSTANT_CONVERSION = YES;
				CLANG_WARN_DEPRECATED_OBJC_IMPLEMENTATIONS = YES;
				CLANG_WARN_DIRECT_OBJC_ISA_USAGE = YES_ERROR;
				CLANG_WARN_DOCUMENTATION_COMMENTS = YES;
				CLANG_WARN_EMPTY_BODY = YES;
				CLANG_WARN_ENUM_CONVERSION = YES;
				CLANG_WARN_INFINITE_RECURSION = YES;
				CLANG_WARN_INT_CONVERSION = YES;
				CLANG_WARN_NON_LITERAL_NULL_CONVERSION = YES;
				CLANG_WARN_OBJC_IMPLICIT_RETAIN_SELF = YES;
				CLANG_WARN_OBJC_LITERAL_CONVERSION = YES;
				CLANG_WARN_OBJC_ROOT_CLASS = YES_ERROR;
				CLANG_WARN_QUOTED_INCLUDE_IN_FRAMEWORK_HEADER = YES;
				CLANG_WARN_RANGE_LOOP_ANALYSIS = YES;
				CLANG_WARN_STRICT_PROTOTYPES = YES;
				CLANG_WARN_SUSPICIOUS_MOVE = YES;
				CLANG_WARN_UNGUARDED_AVAILABILITY = YES_AGGRESSIVE;
				CLANG_WARN_UNREACHABLE_CODE = YES;
				CLANG_WARN__DUPLICATE_METHOD_MATCH = YES;
				COPY_PHASE_STRIP = NO;
				DEAD_CODE_STRIPPING = YES;
				DEBUG_INFORMATION_FORMAT = dwarf;
				ENABLE_STRICT_OBJC_MSGSEND = YES;
				ENABLE_TESTABILITY = YES;
				ENABLE_USER_SCRIPT_SANDBOXING = YES;
				GCC_C_LANGUAGE_STANDARD = gnu17;
				GCC_DYNAMIC_NO_PIC = NO;
				GCC_NO_COMMON_BLOCKS = YES;
				GCC_OPTIMIZATION_LEVEL = 0;
				GCC_PREPROCESSOR_DEFINITIONS = (
					"DEBUG=1",
					"$(inherited)",
				);
				GCC_WARN_64_TO_32_BIT_CONVERSION = YES;
				GCC_WARN_ABOUT_RETURN_TYPE = YES_ERROR;
				GCC_WARN_UNDECLARED_SELECTOR = YES;
				GCC_WARN_UNINITIALIZED_AUTOS = YES_AGGRESSIVE;
				GCC_WARN_UNUSED_FUNCTION = YES;
				GCC_WARN_UNUSED_VARIABLE = YES;
				LOCALIZATION_PREFERS_STRING_CATALOGS = YES;
				MACOSX_DEPLOYMENT_TARGET = 14.0;
				MTL_ENABLE_DEBUG_INFO = INCLUDE_SOURCE;
				MTL_FAST_MATH = YES;
				ONLY_ACTIVE_ARCH = YES;
				SDKROOT = macosx;
				SWIFT_ACTIVE_COMPILATION_CONDITIONS = "DEBUG $(inherited)";
				SWIFT_OPTIMIZATION_LEVEL = "-Onone";
				SWIFT_STRICT_CONCURRENCY = targeted;
				SWIFT_VERSION = 5.0;
			};
			name = Debug;
		};
		14CEF4202C5CAED400855D72 /* Release */ = {
			isa = XCBuildConfiguration;
			buildSettings = {
				ALWAYS_SEARCH_USER_PATHS = NO;
				ASSETCATALOG_COMPILER_GENERATE_SWIFT_ASSET_SYMBOL_EXTENSIONS = YES;
				CLANG_ANALYZER_NONNULL = YES;
				CLANG_ANALYZER_NUMBER_OBJECT_CONVERSION = YES_AGGRESSIVE;
				CLANG_CXX_LANGUAGE_STANDARD = "gnu++20";
				CLANG_ENABLE_MODULES = YES;
				CLANG_ENABLE_OBJC_ARC = YES;
				CLANG_ENABLE_OBJC_WEAK = YES;
				CLANG_WARN_BLOCK_CAPTURE_AUTORELEASING = YES;
				CLANG_WARN_BOOL_CONVERSION = YES;
				CLANG_WARN_COMMA = YES;
				CLANG_WARN_CONSTANT_CONVERSION = YES;
				CLANG_WARN_DEPRECATED_OBJC_IMPLEMENTATIONS = YES;
				CLANG_WARN_DIRECT_OBJC_ISA_USAGE = YES_ERROR;
				CLANG_WARN_DOCUMENTATION_COMMENTS = YES;
				CLANG_WARN_EMPTY_BODY = YES;
				CLANG_WARN_ENUM_CONVERSION = YES;
				CLANG_WARN_INFINITE_RECURSION = YES;
				CLANG_WARN_INT_CONVERSION = YES;
				CLANG_WARN_NON_LITERAL_NULL_CONVERSION = YES;
				CLANG_WARN_OBJC_IMPLICIT_RETAIN_SELF = YES;
				CLANG_WARN_OBJC_LITERAL_CONVERSION = YES;
				CLANG_WARN_OBJC_ROOT_CLASS = YES_ERROR;
				CLANG_WARN_QUOTED_INCLUDE_IN_FRAMEWORK_HEADER = YES;
				CLANG_WARN_RANGE_LOOP_ANALYSIS = YES;
				CLANG_WARN_STRICT_PROTOTYPES = YES;
				CLANG_WARN_SUSPICIOUS_MOVE = YES;
				CLANG_WARN_UNGUARDED_AVAILABILITY = YES_AGGRESSIVE;
				CLANG_WARN_UNREACHABLE_CODE = YES;
				CLANG_WARN__DUPLICATE_METHOD_MATCH = YES;
				COPY_PHASE_STRIP = NO;
				DEAD_CODE_STRIPPING = YES;
				DEBUG_INFORMATION_FORMAT = "dwarf-with-dsym";
				ENABLE_NS_ASSERTIONS = NO;
				ENABLE_STRICT_OBJC_MSGSEND = YES;
				ENABLE_USER_SCRIPT_SANDBOXING = YES;
				GCC_C_LANGUAGE_STANDARD = gnu17;
				GCC_NO_COMMON_BLOCKS = YES;
				GCC_WARN_64_TO_32_BIT_CONVERSION = YES;
				GCC_WARN_ABOUT_RETURN_TYPE = YES_ERROR;
				GCC_WARN_UNDECLARED_SELECTOR = YES;
				GCC_WARN_UNINITIALIZED_AUTOS = YES_AGGRESSIVE;
				GCC_WARN_UNUSED_FUNCTION = YES;
				GCC_WARN_UNUSED_VARIABLE = YES;
				LOCALIZATION_PREFERS_STRING_CATALOGS = YES;
				MACOSX_DEPLOYMENT_TARGET = 14.0;
				MTL_ENABLE_DEBUG_INFO = NO;
				MTL_FAST_MATH = YES;
				SDKROOT = macosx;
				SWIFT_COMPILATION_MODE = wholemodule;
				SWIFT_STRICT_CONCURRENCY = targeted;
				SWIFT_VERSION = 5.0;
			};
			name = Release;
		};
		14CEF4222C5CAED400855D72 /* Debug */ = {
			isa = XCBuildConfiguration;
			buildSettings = {
				ASSETCATALOG_COMPILER_APPICON_NAME = AppIcon;
				ASSETCATALOG_COMPILER_GLOBAL_ACCENT_COLOR_NAME = AccentColor;
				ASSETCATALOG_COMPILER_INCLUDE_ALL_APPICON_ASSETS = YES;
				CLANG_ENABLE_MODULES = YES;
				CODE_SIGN_ALLOW_ENTITLEMENTS_MODIFICATION = YES;
				CODE_SIGN_ENTITLEMENTS = boringNotch/boringNotch.entitlements;
				CODE_SIGN_IDENTITY = "Apple Development";
				"CODE_SIGN_IDENTITY[sdk=macosx*]" = "-";
				CODE_SIGN_STYLE = Automatic;
				COMBINE_HIDPI_IMAGES = YES;
				CURRENT_PROJECT_VERSION = 271;
				DEAD_CODE_STRIPPING = YES;
				DEVELOPMENT_ASSET_PATHS = "\"boringNotch/Preview Content\"";
				DEVELOPMENT_TEAM = "";
				ENABLE_HARDENED_RUNTIME = YES;
				ENABLE_PREVIEWS = YES;
				ENABLE_USER_SCRIPT_SANDBOXING = YES;
				FRAMEWORK_SEARCH_PATHS = (
					"$(inherited)",
					"$(PROJECT_DIR)/mediaremote-adapter",
				);
				GENERATE_INFOPLIST_FILE = YES;
				INFOPLIST_FILE = boringNotch/Info.plist;
				INFOPLIST_KEY_CFBundleDisplayName = TheBoringNotch;
				INFOPLIST_KEY_LSApplicationCategoryType = "public.app-category.utilities";
				INFOPLIST_KEY_LSBackgroundOnly = NO;
				INFOPLIST_KEY_LSUIElement = YES;
				INFOPLIST_KEY_NSAppleEventsUsageDescription = "This app uses AppleEvents to control music";
				INFOPLIST_KEY_NSCalendarsUsageDescription = "This app uses the calendar to display your calendar events";
				INFOPLIST_KEY_NSCameraUsageDescription = "This app uses the camera to display a live camera view";
				INFOPLIST_KEY_NSHumanReadableCopyright = "";
				INFOPLIST_KEY_NSRemindersUsageDescription = "This app uses Reminders to display your scheduled reminder in the calendar";
				LD_RUNPATH_SEARCH_PATHS = (
					"$(inherited)",
					"@executable_path/../Frameworks",
				);
				MACOSX_DEPLOYMENT_TARGET = 14.0;
				MARKETING_VERSION = 2.7.3;
				PRODUCT_BUNDLE_IDENTIFIER = theboringteam.boringnotch;
				PRODUCT_NAME = "$(TARGET_NAME)";
				PROVISIONING_PROFILE_SPECIFIER = "";
				SWIFT_EMIT_LOC_STRINGS = YES;
				SWIFT_STRICT_CONCURRENCY = targeted;
				SWIFT_VERSION = 5.0;
				SYSTEM_FRAMEWORK_SEARCH_PATHS = (
					"$(inherited)",
					"$(SDKROOT)/System/Library/PrivateFrameworks",
				);
			};
			name = Debug;
		};
		14CEF4232C5CAED400855D72 /* Release */ = {
			isa = XCBuildConfiguration;
			buildSettings = {
				ASSETCATALOG_COMPILER_APPICON_NAME = AppIcon;
				ASSETCATALOG_COMPILER_GLOBAL_ACCENT_COLOR_NAME = AccentColor;
				ASSETCATALOG_COMPILER_INCLUDE_ALL_APPICON_ASSETS = YES;
				CLANG_ENABLE_MODULES = YES;
				CODE_SIGN_ALLOW_ENTITLEMENTS_MODIFICATION = YES;
				CODE_SIGN_ENTITLEMENTS = boringNotch/boringNotch.entitlements;
				CODE_SIGN_IDENTITY = "Apple Development";
				"CODE_SIGN_IDENTITY[sdk=macosx*]" = "-";
				CODE_SIGN_STYLE = Automatic;
				COMBINE_HIDPI_IMAGES = YES;
				CURRENT_PROJECT_VERSION = 271;
				DEAD_CODE_STRIPPING = YES;
				DEVELOPMENT_ASSET_PATHS = "\"boringNotch/Preview Content\"";
				DEVELOPMENT_TEAM = "";
				ENABLE_HARDENED_RUNTIME = YES;
				ENABLE_PREVIEWS = YES;
				FRAMEWORK_SEARCH_PATHS = (
					"$(inherited)",
					"$(PROJECT_DIR)/mediaremote-adapter",
				);
				GENERATE_INFOPLIST_FILE = YES;
				INFOPLIST_FILE = boringNotch/Info.plist;
				INFOPLIST_KEY_CFBundleDisplayName = TheBoringNotch;
				INFOPLIST_KEY_LSApplicationCategoryType = "public.app-category.utilities";
				INFOPLIST_KEY_LSBackgroundOnly = NO;
				INFOPLIST_KEY_LSUIElement = YES;
				INFOPLIST_KEY_NSAppleEventsUsageDescription = "This app uses AppleEvents to control music";
				INFOPLIST_KEY_NSCalendarsUsageDescription = "This app uses the calendar to display your calendar events";
				INFOPLIST_KEY_NSCameraUsageDescription = "This app uses the camera to display a live camera view";
				INFOPLIST_KEY_NSHumanReadableCopyright = "";
				INFOPLIST_KEY_NSRemindersUsageDescription = "This app uses Reminders to display your scheduled reminder in the calendar";
				LD_RUNPATH_SEARCH_PATHS = (
					"$(inherited)",
					"@executable_path/../Frameworks",
				);
				MACOSX_DEPLOYMENT_TARGET = 14.0;
				MARKETING_VERSION = 2.7.3;
				PRODUCT_BUNDLE_IDENTIFIER = theboringteam.boringnotch;
				PRODUCT_NAME = "$(TARGET_NAME)";
				PROVISIONING_PROFILE_SPECIFIER = "";
				SWIFT_EMIT_LOC_STRINGS = YES;
				SWIFT_STRICT_CONCURRENCY = targeted;
				SWIFT_VERSION = 5.0;
				SYSTEM_FRAMEWORK_SEARCH_PATHS = (
					"$(inherited)",
					"$(SDKROOT)/System/Library/PrivateFrameworks",
				);
			};
			name = Release;
		};
/* End XCBuildConfiguration section */

/* Begin XCConfigurationList section */
		11F7485D2EC9AABA00F841DB /* Build configuration list for PBXNativeTarget "BoringNotchXPCHelper" */ = {
			isa = XCConfigurationList;
			buildConfigurations = (
				11F7485E2EC9AABA00F841DB /* Debug */,
				11F7485F2EC9AABA00F841DB /* Release */,
			);
			defaultConfigurationIsVisible = 0;
			defaultConfigurationName = Release;
		};
		14CEF40D2C5CAED200855D72 /* Build configuration list for PBXProject "boringNotch" */ = {
			isa = XCConfigurationList;
			buildConfigurations = (
				14CEF41F2C5CAED400855D72 /* Debug */,
				14CEF4202C5CAED400855D72 /* Release */,
			);
			defaultConfigurationIsVisible = 0;
			defaultConfigurationName = Release;
		};
		14CEF4212C5CAED400855D72 /* Build configuration list for PBXNativeTarget "boringNotch" */ = {
			isa = XCConfigurationList;
			buildConfigurations = (
				14CEF4222C5CAED400855D72 /* Debug */,
				14CEF4232C5CAED400855D72 /* Release */,
			);
			defaultConfigurationIsVisible = 0;
			defaultConfigurationName = Release;
		};
/* End XCConfigurationList section */

/* Begin XCRemoteSwiftPackageReference section */
		111BE95B2ECD71E10079DD4E /* XCRemoteSwiftPackageReference "AsyncXPCConnection" */ = {
			isa = XCRemoteSwiftPackageReference;
			repositoryURL = "https://github.com/ChimeHQ/AsyncXPCConnection";
			requirement = {
				kind = upToNextMajorVersion;
				minimumVersion = 1.3.0;
			};
		};
		111BEA6D2ED166E20079DD4E /* XCRemoteSwiftPackageReference "MacroVisionKit" */ = {
			isa = XCRemoteSwiftPackageReference;
			repositoryURL = "https://github.com/TheBoredTeam/MacroVisionKit";
			requirement = {
				kind = upToNextMajorVersion;
				minimumVersion = 0.2.0;
			};
		};
		1194E8832EA57D23009C82D6 /* XCRemoteSwiftPackageReference "SkyLightWindow" */ = {
			isa = XCRemoteSwiftPackageReference;
			repositoryURL = "https://github.com/Lakr233/SkyLightWindow";
			requirement = {
				kind = upToNextMajorVersion;
				minimumVersion = 1.0.0;
			};
		};
		11F748712EC9DA9300F841DB /* XCRemoteSwiftPackageReference "lottie-spm" */ = {
			isa = XCRemoteSwiftPackageReference;
			repositoryURL = "https://github.com/airbnb/lottie-spm.git";
			requirement = {
				kind = upToNextMajorVersion;
				minimumVersion = 4.5.2;
			};
		};
		14D032182C68F32E0096E6A1 /* XCRemoteSwiftPackageReference "LaunchAtLogin-Modern" */ = {
			isa = XCRemoteSwiftPackageReference;
			repositoryURL = "https://github.com/sindresorhus/LaunchAtLogin-Modern";
			requirement = {
				kind = upToNextMajorVersion;
				minimumVersion = 1.1.0;
			};
		};
		14D0321B2C68F3350096E6A1 /* XCRemoteSwiftPackageReference "Sparkle" */ = {
			isa = XCRemoteSwiftPackageReference;
			repositoryURL = "https://github.com/sparkle-project/Sparkle";
			requirement = {
				kind = upToNextMajorVersion;
				minimumVersion = 2.8.0;
			};
		};
		9A987A0E2C73CA8D005CA465 /* XCRemoteSwiftPackageReference "swift-collections" */ = {
			isa = XCRemoteSwiftPackageReference;
			repositoryURL = "https://github.com/apple/swift-collections.git";
			requirement = {
				kind = upToNextMajorVersion;
				minimumVersion = 1.1.2;
			};
		};
		9A987A112C73CAA1005CA465 /* XCRemoteSwiftPackageReference "Pow" */ = {
			isa = XCRemoteSwiftPackageReference;
			repositoryURL = "https://github.com/EmergeTools/Pow";
			requirement = {
				kind = upToNextMajorVersion;
				minimumVersion = 1.0.4;
			};
		};
		B1628B902CC260C0003D8DF3 /* XCRemoteSwiftPackageReference "swiftui-introspect" */ = {
			isa = XCRemoteSwiftPackageReference;
			repositoryURL = "https://github.com/siteline/swiftui-introspect";
			requirement = {
				kind = upToNextMajorVersion;
				minimumVersion = 1.3.0;
			};
		};
		B18654372C6F4990000B926A /* XCRemoteSwiftPackageReference "KeyboardShortcuts" */ = {
			isa = XCRemoteSwiftPackageReference;
			repositoryURL = "https://github.com/sindresorhus/KeyboardShortcuts";
			requirement = {
				kind = upToNextMajorVersion;
				minimumVersion = 2.2.4;
			};
		};
		B19016202CC15B3D00E3F12E /* XCRemoteSwiftPackageReference "Defaults" */ = {
			isa = XCRemoteSwiftPackageReference;
			repositoryURL = "https://github.com/sindresorhus/Defaults";
			requirement = {
				kind = upToNextMajorVersion;
				minimumVersion = 9.0.2;
			};
		};
/* End XCRemoteSwiftPackageReference section */

/* Begin XCSwiftPackageProductDependency section */
		111BE95C2ECD71E10079DD4E /* AsyncXPCConnection */ = {
			isa = XCSwiftPackageProductDependency;
			package = 111BE95B2ECD71E10079DD4E /* XCRemoteSwiftPackageReference "AsyncXPCConnection" */;
			productName = AsyncXPCConnection;
		};
		111BEA502ECFBF7F0079DD4E /* MacroVisionKit */ = {
			isa = XCSwiftPackageProductDependency;
			productName = MacroVisionKit;
		};
		111BEA5E2ED07A340079DD4E /* MacroVisionKit */ = {
			isa = XCSwiftPackageProductDependency;
			productName = MacroVisionKit;
		};
		111BEA6E2ED166E20079DD4E /* MacroVisionKit */ = {
			isa = XCSwiftPackageProductDependency;
			package = 111BEA6D2ED166E20079DD4E /* XCRemoteSwiftPackageReference "MacroVisionKit" */;
			productName = MacroVisionKit;
		};
		1194E8842EA57D23009C82D6 /* SkyLightWindow */ = {
			isa = XCSwiftPackageProductDependency;
			package = 1194E8832EA57D23009C82D6 /* XCRemoteSwiftPackageReference "SkyLightWindow" */;
			productName = SkyLightWindow;
		};
		11F748722EC9DA9300F841DB /* Lottie */ = {
			isa = XCSwiftPackageProductDependency;
			package = 11F748712EC9DA9300F841DB /* XCRemoteSwiftPackageReference "lottie-spm" */;
			productName = Lottie;
		};
		14D032192C68F32E0096E6A1 /* LaunchAtLogin */ = {
			isa = XCSwiftPackageProductDependency;
			package = 14D032182C68F32E0096E6A1 /* XCRemoteSwiftPackageReference "LaunchAtLogin-Modern" */;
			productName = LaunchAtLogin;
		};
		14D0321C2C68F3350096E6A1 /* Sparkle */ = {
			isa = XCSwiftPackageProductDependency;
			package = 14D0321B2C68F3350096E6A1 /* XCRemoteSwiftPackageReference "Sparkle" */;
			productName = Sparkle;
		};
		9A987A0F2C73CA8D005CA465 /* Collections */ = {
			isa = XCSwiftPackageProductDependency;
			package = 9A987A0E2C73CA8D005CA465 /* XCRemoteSwiftPackageReference "swift-collections" */;
			productName = Collections;
		};
		B1628B912CC260C0003D8DF3 /* SwiftUIIntrospect */ = {
			isa = XCSwiftPackageProductDependency;
			package = B1628B902CC260C0003D8DF3 /* XCRemoteSwiftPackageReference "swiftui-introspect" */;
			productName = SwiftUIIntrospect;
		};
		B18654382C6F4990000B926A /* KeyboardShortcuts */ = {
			isa = XCSwiftPackageProductDependency;
			package = B18654372C6F4990000B926A /* XCRemoteSwiftPackageReference "KeyboardShortcuts" */;
			productName = KeyboardShortcuts;
		};
		B19016212CC15B3D00E3F12E /* Defaults */ = {
			isa = XCSwiftPackageProductDependency;
			package = B19016202CC15B3D00E3F12E /* XCRemoteSwiftPackageReference "Defaults" */;
			productName = Defaults;
		};
/* End XCSwiftPackageProductDependency section */
	};
	rootObject = 14CEF40A2C5CAED200855D72 /* Project object */;
}
