// !$*UTF8*$!
{
	archiveVersion = 1;
	classes = {
	};
	objectVersion = 70;
	objects = {

/* Begin PBXBuildFile section */
		112FB7352CCF16F70015238C /* NotchSpaceManager.swift in Sources */ = {isa = PBXBuildFile; fileRef = 112FB7342CCF16F70015238C /* NotchSpaceManager.swift */; };
		11CC44A22CEE614100C7244B /* BoringViewCoordinator.swift in Sources */ = {isa = PBXBuildFile; fileRef = 11CC44A12CEE614100C7244B /* BoringViewCoordinator.swift */; };
		14288DDC2C6E015000B9F80C /* AudioPlayer.swift in Sources */ = {isa = PBXBuildFile; fileRef = 14288DD62C6E015000B9F80C /* AudioPlayer.swift */; };
		14288DE82C6E01C800B9F80C /* ProgressIndicator.swift in Sources */ = {isa = PBXBuildFile; fileRef = 14288DE72C6E01C800B9F80C /* ProgressIndicator.swift */; };
		14288DFE2C6E9A4700B9F80C /* BoringSystemTiles.swift in Sources */ = {isa = PBXBuildFile; fileRef = 14288DFD2C6E9A4700B9F80C /* BoringSystemTiles.swift */; };
		14288E0C2C6F8EC000B9F80C /* AppIcons.swift in Sources */ = {isa = PBXBuildFile; fileRef = 14288E0B2C6F8EC000B9F80C /* AppIcons.swift */; };
		1443E7F32C609DCE0027C1FC /* matters.swift in Sources */ = {isa = PBXBuildFile; fileRef = 1443E7F22C609DCE0027C1FC /* matters.swift */; };
		146BC4372D366E9B0047C66A /* MacroVisionKit in Frameworks */ = {isa = PBXBuildFile; productRef = 146BC4362D366E9B0047C66A /* MacroVisionKit */; };
		147163982C5D35B70068B555 /* MusicVisualizer.swift in Sources */ = {isa = PBXBuildFile; fileRef = 147163972C5D35B70068B555 /* MusicVisualizer.swift */; };
		1471639A2C5D35FF0068B555 /* MusicManager.swift in Sources */ = {isa = PBXBuildFile; fileRef = 147163992C5D35FF0068B555 /* MusicManager.swift */; };
		1471A8592C6281BD0058408D /* BoringNotchWindow.swift in Sources */ = {isa = PBXBuildFile; fileRef = 1471A8582C6281BD0058408D /* BoringNotchWindow.swift */; };
		147CB9432C8C42240094C254 /* NowPlaying.m in Sources */ = {isa = PBXBuildFile; fileRef = 147CB9422C8C42240094C254 /* NowPlaying.m */; };
		147CB9572C8CCC980094C254 /* BoringExtensionManager.swift in Sources */ = {isa = PBXBuildFile; fileRef = 147CB9562C8CCC980094C254 /* BoringExtensionManager.swift */; };
		1485442F2C8F049C00943381 /* TheBoringWorkerNotifier in Frameworks */ = {isa = PBXBuildFile; productRef = 1485442E2C8F049C00943381 /* TheBoringWorkerNotifier */; };
		149E0B972C737D00006418B1 /* WebcamManager.swift in Sources */ = {isa = PBXBuildFile; fileRef = 149E0B962C737D00006418B1 /* WebcamManager.swift */; };
		149E0B9A2C737D40006418B1 /* WebcamView.swift in Sources */ = {isa = PBXBuildFile; fileRef = 149E0B992C737D40006418B1 /* WebcamView.swift */; };
		14A7E5882C64A89C008C1BE9 /* HelloAnimation.swift in Sources */ = {isa = PBXBuildFile; fileRef = 14A7E5872C64A89C008C1BE9 /* HelloAnimation.swift */; };
		14A7E5972C65FD31008C1BE9 /* boring.m4a in Resources */ = {isa = PBXBuildFile; fileRef = 14A7E5962C65FD31008C1BE9 /* boring.m4a */; };
		14C08BB62C8DE42D000F8AA0 /* CalendarManager.swift in Sources */ = {isa = PBXBuildFile; fileRef = 14C08BB52C8DE42D000F8AA0 /* CalendarManager.swift */; };
		14C08BB92C8DE4B1000F8AA0 /* BoringCalendar.swift in Sources */ = {isa = PBXBuildFile; fileRef = 14C08BB82C8DE4B1000F8AA0 /* BoringCalendar.swift */; };
		14C08BC12C8E03AD000F8AA0 /* NSImage+Extensions.swift in Sources */ = {isa = PBXBuildFile; fileRef = 14C08BC02C8E03AD000F8AA0 /* NSImage+Extensions.swift */; };
		14CEF4162C5CAED300855D72 /* boringNotchApp.swift in Sources */ = {isa = PBXBuildFile; fileRef = 14CEF4152C5CAED300855D72 /* boringNotchApp.swift */; };
		14CEF4182C5CAED300855D72 /* ContentView.swift in Sources */ = {isa = PBXBuildFile; fileRef = 14CEF4172C5CAED300855D72 /* ContentView.swift */; };
		14CEF41A2C5CAED400855D72 /* Assets.xcassets in Resources */ = {isa = PBXBuildFile; fileRef = 14CEF4192C5CAED400855D72 /* Assets.xcassets */; };
		14CEF41D2C5CAED400855D72 /* Preview Assets.xcassets in Resources */ = {isa = PBXBuildFile; fileRef = 14CEF41C2C5CAED400855D72 /* Preview Assets.xcassets */; };
		14D0321A2C68F32E0096E6A1 /* LaunchAtLogin in Frameworks */ = {isa = PBXBuildFile; productRef = 14D032192C68F32E0096E6A1 /* LaunchAtLogin */; };
		14D0321D2C68F3350096E6A1 /* Sparkle in Frameworks */ = {isa = PBXBuildFile; productRef = 14D0321C2C68F3350096E6A1 /* Sparkle */; };
		14D570B62C5E961A0011E668 /* NotchShape.swift in Sources */ = {isa = PBXBuildFile; fileRef = 14D570B52C5E961A0011E668 /* NotchShape.swift */; };
		14D570B92C5E98A20011E668 /* drop.swift in Sources */ = {isa = PBXBuildFile; fileRef = 14D570B82C5E98A20011E668 /* drop.swift */; };
		14D570BC2C5E98EB0011E668 /* generic.swift in Sources */ = {isa = PBXBuildFile; fileRef = 14D570BB2C5E98EB0011E668 /* generic.swift */; };
		14D570BE2C5EA0270011E668 /* PlaybackManager.swift in Sources */ = {isa = PBXBuildFile; fileRef = 14D570BD2C5EA0270011E668 /* PlaybackManager.swift */; };
		14D570C02C5EA5870011E668 /* AnimatedFace.swift in Sources */ = {isa = PBXBuildFile; fileRef = 14D570BF2C5EA5870011E668 /* AnimatedFace.swift */; };
		14D570C22C5EAFBF0011E668 /* EmptyState.swift in Sources */ = {isa = PBXBuildFile; fileRef = 14D570C12C5EAFBF0011E668 /* EmptyState.swift */; };
		14D570C62C5F38210011E668 /* BoringHeader.swift in Sources */ = {isa = PBXBuildFile; fileRef = 14D570C52C5F38210011E668 /* BoringHeader.swift */; };
		14D570C92C5F38890011E668 /* BoringViewModel.swift in Sources */ = {isa = PBXBuildFile; fileRef = 14D570C82C5F38890011E668 /* BoringViewModel.swift */; };
		14D570CB2C5F4B2C0011E668 /* BatteryStatusViewModel.swift in Sources */ = {isa = PBXBuildFile; fileRef = 14D570CA2C5F4B2C0011E668 /* BatteryStatusViewModel.swift */; };
		14D570CD2C5F4BB70011E668 /* BoringBattery.swift in Sources */ = {isa = PBXBuildFile; fileRef = 14D570CC2C5F4BB70011E668 /* BoringBattery.swift */; };
		14D570D22C5F6C6A0011E668 /* BoringExtrasMenu.swift in Sources */ = {isa = PBXBuildFile; fileRef = 14D570D12C5F6C6A0011E668 /* BoringExtrasMenu.swift */; };
		14D570D52C5F710B0011E668 /* constants.swift in Sources */ = {isa = PBXBuildFile; fileRef = 14D570D42C5F710B0011E668 /* constants.swift */; };
		14E9FEAA2C70BF610062E83F /* DownloadView.swift in Sources */ = {isa = PBXBuildFile; fileRef = 14E9FEA92C70BF610062E83F /* DownloadView.swift */; };
		14E9FEAE2C7325770062E83F /* Button+Bouncing.swift in Sources */ = {isa = PBXBuildFile; fileRef = 14E9FEAD2C7325770062E83F /* Button+Bouncing.swift */; };
		14FC6E502C7DED5600C7BEA5 /* DataTypes+Extensions.swift in Sources */ = {isa = PBXBuildFile; fileRef = 14FC6E4F2C7DED5600C7BEA5 /* DataTypes+Extensions.swift */; };
		507266DB2C908E2E00A2D00D /* HoverButton.swift in Sources */ = {isa = PBXBuildFile; fileRef = 507266DA2C908E2E00A2D00D /* HoverButton.swift */; };
		9A0887322C7A693000C160EA /* TabButton.swift in Sources */ = {isa = PBXBuildFile; fileRef = 9A0887312C7A693000C160EA /* TabButton.swift */; };
		9A0887352C7AFF8E00C160EA /* TabSelectionView.swift in Sources */ = {isa = PBXBuildFile; fileRef = 9A0887342C7AFF8E00C160EA /* TabSelectionView.swift */; };
		9A987A052C73CA66005CA465 /* Ext+FileProvider.swift in Sources */ = {isa = PBXBuildFile; fileRef = 9A9879FB2C73CA66005CA465 /* Ext+FileProvider.swift */; };
		9A987A062C73CA66005CA465 /* Ext+NSAlert.swift in Sources */ = {isa = PBXBuildFile; fileRef = 9A9879FC2C73CA66005CA465 /* Ext+NSAlert.swift */; };
		9A987A072C73CA66005CA465 /* Ext+NSImage.swift in Sources */ = {isa = PBXBuildFile; fileRef = 9A9879FD2C73CA66005CA465 /* Ext+NSImage.swift */; };
		9A987A092C73CA66005CA465 /* Ext+URL.swift in Sources */ = {isa = PBXBuildFile; fileRef = 9A9879FF2C73CA66005CA465 /* Ext+URL.swift */; };
		9A987A0A2C73CA66005CA465 /* TrayDrop.swift in Sources */ = {isa = PBXBuildFile; fileRef = 9A987A002C73CA66005CA465 /* TrayDrop.swift */; };
		9A987A0B2C73CA66005CA465 /* DropItem.swift in Sources */ = {isa = PBXBuildFile; fileRef = 9A987A012C73CA66005CA465 /* DropItem.swift */; };
		9A987A0C2C73CA66005CA465 /* DropItemView.swift in Sources */ = {isa = PBXBuildFile; fileRef = 9A987A022C73CA66005CA465 /* DropItemView.swift */; };
		9A987A0D2C73CA66005CA465 /* NotchShelfView.swift in Sources */ = {isa = PBXBuildFile; fileRef = 9A987A032C73CA66005CA465 /* NotchShelfView.swift */; };
		9A987A102C73CA8D005CA465 /* Collections in Frameworks */ = {isa = PBXBuildFile; productRef = 9A987A0F2C73CA8D005CA465 /* Collections */; };
		9AB0C6BD2C73C9CB00F7CD30 /* NotchHomeView.swift in Sources */ = {isa = PBXBuildFile; fileRef = 9AB0C6BB2C73C9CB00F7CD30 /* NotchHomeView.swift */; };
		B10348D92C74E56000475897 /* ConditionalModifier.swift in Sources */ = {isa = PBXBuildFile; fileRef = B10348D82C74E56000475897 /* ConditionalModifier.swift */; };
		B10A848A2C7BCC940088BFFC /* AirDropView.swift in Sources */ = {isa = PBXBuildFile; fileRef = B10A84892C7BCC940088BFFC /* AirDropView.swift */; };
		B10A848C2C7BCD150088BFFC /* AirDrop.swift in Sources */ = {isa = PBXBuildFile; fileRef = B10A848B2C7BCD150088BFFC /* AirDrop.swift */; };
		B10F84A32C6C9596009F3026 /* TestView.swift in Sources */ = {isa = PBXBuildFile; fileRef = B10F84A22C6C9596009F3026 /* TestView.swift */; };
		B141C23D2CA5F51200AC8CC8 /* ActivationView.swift in Sources */ = {isa = PBXBuildFile; fileRef = B141C23C2CA5F50F00AC8CC8 /* ActivationView.swift */; };
		B141C23F2CA5F51E00AC8CC8 /* ProOnboarding.swift in Sources */ = {isa = PBXBuildFile; fileRef = B141C23E2CA5F51A00AC8CC8 /* ProOnboarding.swift */; };
		B141C2412CA5F53F00AC8CC8 /* SparkleView.swift in Sources */ = {isa = PBXBuildFile; fileRef = B141C2402CA5F53E00AC8CC8 /* SparkleView.swift */; };
		B15063542C63E18700EBB0E3 /* SettingsView.swift in Sources */ = {isa = PBXBuildFile; fileRef = B15063532C63E18700EBB0E3 /* SettingsView.swift */; };
		B1628B922CC260C0003D8DF3 /* SwiftUIIntrospect in Frameworks */ = {isa = PBXBuildFile; productRef = B1628B912CC260C0003D8DF3 /* SwiftUIIntrospect */; };
		B1628BA82CC40C4F003D8DF3 /* DragDropView.swift in Sources */ = {isa = PBXBuildFile; fileRef = B1628BA72CC40C4F003D8DF3 /* DragDropView.swift */; };
		B1628BAA2CC40EB0003D8DF3 /* NotchOutline.swift in Sources */ = {isa = PBXBuildFile; fileRef = B1628BA92CC40EAC003D8DF3 /* NotchOutline.swift */; };
		B17266DF2C64DFA00031BA0D /* BundleInfos.swift in Sources */ = {isa = PBXBuildFile; fileRef = B17266DE2C64DFA00031BA0D /* BundleInfos.swift */; };
		B17266E12C6532560031BA0D /* Localizable.xcstrings in Resources */ = {isa = PBXBuildFile; fileRef = B17266E02C6532560031BA0D /* Localizable.xcstrings */; };
		B17266E32C65F7FB0031BA0D /* WhatsNewView.swift in Sources */ = {isa = PBXBuildFile; fileRef = B17266E22C65F7FB0031BA0D /* WhatsNewView.swift */; };
		B172AAC02C95DA0B001623F1 /* InlineHUD.swift in Sources */ = {isa = PBXBuildFile; fileRef = B172AABF2C95DA0B001623F1 /* InlineHUD.swift */; };
		B18654392C6F4990000B926A /* KeyboardShortcuts in Frameworks */ = {isa = PBXBuildFile; productRef = B18654382C6F4990000B926A /* KeyboardShortcuts */; };
		B186543C2C6F49AE000B926A /* ShortcutConstants.swift in Sources */ = {isa = PBXBuildFile; fileRef = B186543B2C6F49AE000B926A /* ShortcutConstants.swift */; };
		B19016222CC15B3D00E3F12E /* Defaults in Frameworks */ = {isa = PBXBuildFile; productRef = B19016212CC15B3D00E3F12E /* Defaults */; };
		B19016242CC15B5000E3F12E /* Constants.swift in Sources */ = {isa = PBXBuildFile; fileRef = B19016232CC15B4D00E3F12E /* Constants.swift */; };
		B19424092CD0FF01003E5DC2 /* LottieAnimationView.swift in Sources */ = {isa = PBXBuildFile; fileRef = B19424082CD0FEFE003E5DC2 /* LottieAnimationView.swift */; };
		B194240B2CD10017003E5DC2 /* LottieUI in Frameworks */ = {isa = PBXBuildFile; productRef = B194240A2CD10017003E5DC2 /* LottieUI */; };
		B1A78C822C8BA08100BD51B0 /* FullscreenMediaDetection.swift in Sources */ = {isa = PBXBuildFile; fileRef = B1A78C812C8BA08100BD51B0 /* FullscreenMediaDetection.swift */; };
		B1A78C842C8C65ED00BD51B0 /* MediaRemote.framework in Frameworks */ = {isa = PBXBuildFile; fileRef = B1A78C832C8C65ED00BD51B0 /* MediaRemote.framework */; };
		B1B1128F2C6A56E800093D8F /* DynamicNotch.swift in Sources */ = {isa = PBXBuildFile; fileRef = B1B1128E2C6A56E800093D8F /* DynamicNotch.swift */; };
		B1B112912C6A572100093D8F /* EditPanelView.swift in Sources */ = {isa = PBXBuildFile; fileRef = B1B112902C6A572100093D8F /* EditPanelView.swift */; };
		B1B112932C6A577E00093D8F /* MouseTracker.swift in Sources */ = {isa = PBXBuildFile; fileRef = B1B112922C6A577E00093D8F /* MouseTracker.swift */; };
		B1C448962C9712C4001F0858 /* ActionBar.swift in Sources */ = {isa = PBXBuildFile; fileRef = B1C448952C9712C4001F0858 /* ActionBar.swift */; };
		B1C448982C972CC4001F0858 /* ListItemPopover.swift in Sources */ = {isa = PBXBuildFile; fileRef = B1C448972C972CC4001F0858 /* ListItemPopover.swift */; };
		B1C4489B2C97376A001F0858 /* TipStore.swift in Sources */ = {isa = PBXBuildFile; fileRef = B1C4489A2C97376A001F0858 /* TipStore.swift */; };
		B1C974342C642B6D0000E707 /* MarqueeTextView.swift in Sources */ = {isa = PBXBuildFile; fileRef = B1C974332C642B6D0000E707 /* MarqueeTextView.swift */; };
		B1CE8CFE2C6F659400DD9871 /* KeyboardShortcutsHelper.swift in Sources */ = {isa = PBXBuildFile; fileRef = B1CE8CFD2C6F659400DD9871 /* KeyboardShortcutsHelper.swift */; };
		B1D365CE2C6A979C0047BDBC /* LiveActivityModifier.swift in Sources */ = {isa = PBXBuildFile; fileRef = B1D365CD2C6A979C0047BDBC /* LiveActivityModifier.swift */; };
		B1D365D02C6A9A6C0047BDBC /* SystemEventIndicatorModifier.swift in Sources */ = {isa = PBXBuildFile; fileRef = B1D365CF2C6A9A6C0047BDBC /* SystemEventIndicatorModifier.swift */; };
		B1D6FD432C6603730015F173 /* SoftwareUpdater.swift in Sources */ = {isa = PBXBuildFile; fileRef = B1D6FD422C6603730015F173 /* SoftwareUpdater.swift */; };
		B1FEB4992C7686630066EBBC /* PanGesture.swift in Sources */ = {isa = PBXBuildFile; fileRef = B1FEB4982C7686630066EBBC /* PanGesture.swift */; };
/* End PBXBuildFile section */

/* Begin PBXCopyFilesBuildPhase section */
		B1ECFA062C6FE58A002ACD87 /* Embed Frameworks */ = {
			isa = PBXCopyFilesBuildPhase;
			buildActionMask = 2147483647;
			dstPath = "";
			dstSubfolderSpec = 10;
			files = (
			);
			name = "Embed Frameworks";
			runOnlyForDeploymentPostprocessing = 0;
		};
/* End PBXCopyFilesBuildPhase section */

/* Begin PBXFileReference section */
		112FB7342CCF16F70015238C /* NotchSpaceManager.swift */ = {isa = PBXFileReference; lastKnownFileType = sourcecode.swift; path = NotchSpaceManager.swift; sourceTree = "<group>"; };
		11CC44A12CEE614100C7244B /* BoringViewCoordinator.swift */ = {isa = PBXFileReference; lastKnownFileType = sourcecode.swift; path = BoringViewCoordinator.swift; sourceTree = "<group>"; };
		14288DD62C6E015000B9F80C /* AudioPlayer.swift */ = {isa = PBXFileReference; fileEncoding = 4; lastKnownFileType = sourcecode.swift; path = AudioPlayer.swift; sourceTree = "<group>"; };
		14288DD72C6E015000B9F80C /* boringNotch-Bridging-Header.h */ = {isa = PBXFileReference; fileEncoding = 4; lastKnownFileType = sourcecode.c.h; path = "boringNotch-Bridging-Header.h"; sourceTree = "<group>"; };
		14288DE72C6E01C800B9F80C /* ProgressIndicator.swift */ = {isa = PBXFileReference; fileEncoding = 4; lastKnownFileType = sourcecode.swift; path = ProgressIndicator.swift; sourceTree = "<group>"; };
		14288DFD2C6E9A4700B9F80C /* BoringSystemTiles.swift */ = {isa = PBXFileReference; lastKnownFileType = sourcecode.swift; path = BoringSystemTiles.swift; sourceTree = "<group>"; };
		14288E0B2C6F8EC000B9F80C /* AppIcons.swift */ = {isa = PBXFileReference; lastKnownFileType = sourcecode.swift; path = AppIcons.swift; sourceTree = "<group>"; };
		14288E132C6FC9CF00B9F80C /* DisplayServices.framework */ = {isa = PBXFileReference; lastKnownFileType = wrapper.framework; name = DisplayServices.framework; path = ../../../../System/Library/PrivateFrameworks/DisplayServices.framework; sourceTree = "<group>"; };
		14288E172C6FCA3300B9F80C /* CoreDisplay.framework */ = {isa = PBXFileReference; lastKnownFileType = wrapper.framework; name = CoreDisplay.framework; path = ../../../../System/Library/Frameworks/CoreDisplay.framework; sourceTree = "<group>"; };
		1443E7F22C609DCE0027C1FC /* matters.swift */ = {isa = PBXFileReference; lastKnownFileType = sourcecode.swift; path = matters.swift; sourceTree = "<group>"; };
		1443E7F42C609E650027C1FC /* Info.plist */ = {isa = PBXFileReference; lastKnownFileType = text.plist.xml; path = Info.plist; sourceTree = "<group>"; };
		147163972C5D35B70068B555 /* MusicVisualizer.swift */ = {isa = PBXFileReference; lastKnownFileType = sourcecode.swift; path = MusicVisualizer.swift; sourceTree = "<group>"; };
		147163992C5D35FF0068B555 /* MusicManager.swift */ = {isa = PBXFileReference; lastKnownFileType = sourcecode.swift; path = MusicManager.swift; sourceTree = "<group>"; };
		1471A8582C6281BD0058408D /* BoringNotchWindow.swift */ = {isa = PBXFileReference; lastKnownFileType = sourcecode.swift; path = BoringNotchWindow.swift; sourceTree = "<group>"; };
		147B89692C7D8AE600AF45DD /* OSD.framework */ = {isa = PBXFileReference; lastKnownFileType = wrapper.framework; name = OSD.framework; path = ../../../../System/Library/PrivateFrameworks/OSD.framework; sourceTree = "<group>"; };
		147CB9422C8C42240094C254 /* NowPlaying.m */ = {isa = PBXFileReference; lastKnownFileType = sourcecode.c.objc; path = NowPlaying.m; sourceTree = "<group>"; };
		147CB9442C8C42500094C254 /* NowPlaying.h */ = {isa = PBXFileReference; lastKnownFileType = sourcecode.c.h; path = NowPlaying.h; sourceTree = "<group>"; };
		147CB9452C8C47750094C254 /* MediaRemote.framework */ = {isa = PBXFileReference; lastKnownFileType = wrapper.framework; name = MediaRemote.framework; path = ../../../../System/Library/PrivateFrameworks/MediaRemote.framework; sourceTree = "<group>"; };
		147CB9562C8CCC980094C254 /* BoringExtensionManager.swift */ = {isa = PBXFileReference; lastKnownFileType = sourcecode.swift; path = BoringExtensionManager.swift; sourceTree = "<group>"; };
		149E0B962C737D00006418B1 /* WebcamManager.swift */ = {isa = PBXFileReference; lastKnownFileType = sourcecode.swift; path = WebcamManager.swift; sourceTree = "<group>"; };
		149E0B992C737D40006418B1 /* WebcamView.swift */ = {isa = PBXFileReference; lastKnownFileType = sourcecode.swift; path = WebcamView.swift; sourceTree = "<group>"; };
		14A7E5872C64A89C008C1BE9 /* HelloAnimation.swift */ = {isa = PBXFileReference; lastKnownFileType = sourcecode.swift; path = HelloAnimation.swift; sourceTree = "<group>"; };
		14A7E5962C65FD31008C1BE9 /* boring.m4a */ = {isa = PBXFileReference; lastKnownFileType = file; path = boring.m4a; sourceTree = "<group>"; };
		14C08BB52C8DE42D000F8AA0 /* CalendarManager.swift */ = {isa = PBXFileReference; lastKnownFileType = sourcecode.swift; path = CalendarManager.swift; sourceTree = "<group>"; };
		14C08BB82C8DE4B1000F8AA0 /* BoringCalendar.swift */ = {isa = PBXFileReference; lastKnownFileType = sourcecode.swift; path = BoringCalendar.swift; sourceTree = "<group>"; };
		14C08BC02C8E03AD000F8AA0 /* NSImage+Extensions.swift */ = {isa = PBXFileReference; fileEncoding = 4; lastKnownFileType = sourcecode.swift; path = "NSImage+Extensions.swift"; sourceTree = "<group>"; };
		14CEF4122C5CAED300855D72 /* boringNotch.app */ = {isa = PBXFileReference; explicitFileType = wrapper.application; includeInIndex = 0; path = boringNotch.app; sourceTree = BUILT_PRODUCTS_DIR; };
		14CEF4152C5CAED300855D72 /* boringNotchApp.swift */ = {isa = PBXFileReference; lastKnownFileType = sourcecode.swift; path = boringNotchApp.swift; sourceTree = "<group>"; };
		14CEF4172C5CAED300855D72 /* ContentView.swift */ = {isa = PBXFileReference; lastKnownFileType = sourcecode.swift; path = ContentView.swift; sourceTree = "<group>"; };
		14CEF4192C5CAED400855D72 /* Assets.xcassets */ = {isa = PBXFileReference; lastKnownFileType = folder.assetcatalog; path = Assets.xcassets; sourceTree = "<group>"; };
		14CEF41C2C5CAED400855D72 /* Preview Assets.xcassets */ = {isa = PBXFileReference; lastKnownFileType = folder.assetcatalog; path = "Preview Assets.xcassets"; sourceTree = "<group>"; };
		14CEF41E2C5CAED400855D72 /* boringNotch.entitlements */ = {isa = PBXFileReference; lastKnownFileType = text.plist.entitlements; path = boringNotch.entitlements; sourceTree = "<group>"; };
		14D031ED2C689DB70096E6A1 /* IOKit.framework */ = {isa = PBXFileReference; lastKnownFileType = wrapper.framework; name = IOKit.framework; path = System/Library/Frameworks/IOKit.framework; sourceTree = SDKROOT; };
		14D031EF2C689DC00096E6A1 /* ApplicationServices.framework */ = {isa = PBXFileReference; lastKnownFileType = wrapper.framework; name = ApplicationServices.framework; path = System/Library/Frameworks/ApplicationServices.framework; sourceTree = SDKROOT; };
		14D032142C68F2C10096E6A1 /* CoreBrightness */ = {isa = PBXFileReference; lastKnownFileType = text; name = CoreBrightness; path = ../../../../System/Library/PrivateFrameworks/CoreBrightness.framework/CoreBrightness; sourceTree = "<group>"; };
		14D032162C68F2D90096E6A1 /* CoreBrightness.framework */ = {isa = PBXFileReference; lastKnownFileType = wrapper.framework; name = CoreBrightness.framework; path = ../../../../System/Library/PrivateFrameworks/CoreBrightness.framework; sourceTree = "<group>"; };
		14D570B52C5E961A0011E668 /* NotchShape.swift */ = {isa = PBXFileReference; lastKnownFileType = sourcecode.swift; path = NotchShape.swift; sourceTree = "<group>"; };
		14D570B82C5E98A20011E668 /* drop.swift */ = {isa = PBXFileReference; lastKnownFileType = sourcecode.swift; path = drop.swift; sourceTree = "<group>"; };
		14D570BB2C5E98EB0011E668 /* generic.swift */ = {isa = PBXFileReference; lastKnownFileType = sourcecode.swift; path = generic.swift; sourceTree = "<group>"; };
		14D570BD2C5EA0270011E668 /* PlaybackManager.swift */ = {isa = PBXFileReference; fileEncoding = 4; lastKnownFileType = sourcecode.swift; path = PlaybackManager.swift; sourceTree = "<group>"; };
		14D570BF2C5EA5870011E668 /* AnimatedFace.swift */ = {isa = PBXFileReference; lastKnownFileType = sourcecode.swift; path = AnimatedFace.swift; sourceTree = "<group>"; };
		14D570C12C5EAFBF0011E668 /* EmptyState.swift */ = {isa = PBXFileReference; lastKnownFileType = sourcecode.swift; path = EmptyState.swift; sourceTree = "<group>"; };
		14D570C52C5F38210011E668 /* BoringHeader.swift */ = {isa = PBXFileReference; lastKnownFileType = sourcecode.swift; path = BoringHeader.swift; sourceTree = "<group>"; };
		14D570C82C5F38890011E668 /* BoringViewModel.swift */ = {isa = PBXFileReference; lastKnownFileType = sourcecode.swift; path = BoringViewModel.swift; sourceTree = "<group>"; };
		14D570CA2C5F4B2C0011E668 /* BatteryStatusViewModel.swift */ = {isa = PBXFileReference; lastKnownFileType = sourcecode.swift; path = BatteryStatusViewModel.swift; sourceTree = "<group>"; };
		14D570CC2C5F4BB70011E668 /* BoringBattery.swift */ = {isa = PBXFileReference; lastKnownFileType = sourcecode.swift; path = BoringBattery.swift; sourceTree = "<group>"; };
		14D570D12C5F6C6A0011E668 /* BoringExtrasMenu.swift */ = {isa = PBXFileReference; lastKnownFileType = sourcecode.swift; path = BoringExtrasMenu.swift; sourceTree = "<group>"; };
		14D570D42C5F710B0011E668 /* constants.swift */ = {isa = PBXFileReference; lastKnownFileType = sourcecode.swift; path = constants.swift; sourceTree = "<group>"; };
		14E9FEA92C70BF610062E83F /* DownloadView.swift */ = {isa = PBXFileReference; lastKnownFileType = sourcecode.swift; path = DownloadView.swift; sourceTree = "<group>"; };
		14E9FEAD2C7325770062E83F /* Button+Bouncing.swift */ = {isa = PBXFileReference; lastKnownFileType = sourcecode.swift; path = "Button+Bouncing.swift"; sourceTree = "<group>"; };
		14FC6E4F2C7DED5600C7BEA5 /* DataTypes+Extensions.swift */ = {isa = PBXFileReference; lastKnownFileType = sourcecode.swift; path = "DataTypes+Extensions.swift"; sourceTree = "<group>"; };
		507266DA2C908E2E00A2D00D /* HoverButton.swift */ = {isa = PBXFileReference; lastKnownFileType = sourcecode.swift; path = HoverButton.swift; sourceTree = "<group>"; };
		9A0887312C7A693000C160EA /* TabButton.swift */ = {isa = PBXFileReference; lastKnownFileType = sourcecode.swift; path = TabButton.swift; sourceTree = "<group>"; };
		9A0887342C7AFF8E00C160EA /* TabSelectionView.swift */ = {isa = PBXFileReference; lastKnownFileType = sourcecode.swift; path = TabSelectionView.swift; sourceTree = "<group>"; };
		9A9879FB2C73CA66005CA465 /* Ext+FileProvider.swift */ = {isa = PBXFileReference; fileEncoding = 4; lastKnownFileType = sourcecode.swift; path = "Ext+FileProvider.swift"; sourceTree = "<group>"; };
		9A9879FC2C73CA66005CA465 /* Ext+NSAlert.swift */ = {isa = PBXFileReference; fileEncoding = 4; lastKnownFileType = sourcecode.swift; path = "Ext+NSAlert.swift"; sourceTree = "<group>"; };
		9A9879FD2C73CA66005CA465 /* Ext+NSImage.swift */ = {isa = PBXFileReference; fileEncoding = 4; lastKnownFileType = sourcecode.swift; path = "Ext+NSImage.swift"; sourceTree = "<group>"; };
		9A9879FF2C73CA66005CA465 /* Ext+URL.swift */ = {isa = PBXFileReference; fileEncoding = 4; lastKnownFileType = sourcecode.swift; path = "Ext+URL.swift"; sourceTree = "<group>"; };
		9A987A002C73CA66005CA465 /* TrayDrop.swift */ = {isa = PBXFileReference; fileEncoding = 4; lastKnownFileType = sourcecode.swift; path = TrayDrop.swift; sourceTree = "<group>"; };
		9A987A012C73CA66005CA465 /* DropItem.swift */ = {isa = PBXFileReference; fileEncoding = 4; lastKnownFileType = sourcecode.swift; path = DropItem.swift; sourceTree = "<group>"; };
		9A987A022C73CA66005CA465 /* DropItemView.swift */ = {isa = PBXFileReference; fileEncoding = 4; lastKnownFileType = sourcecode.swift; path = DropItemView.swift; sourceTree = "<group>"; };
		9A987A032C73CA66005CA465 /* NotchShelfView.swift */ = {isa = PBXFileReference; fileEncoding = 4; lastKnownFileType = sourcecode.swift; path = NotchShelfView.swift; sourceTree = "<group>"; };
		9AB0C6BB2C73C9CB00F7CD30 /* NotchHomeView.swift */ = {isa = PBXFileReference; fileEncoding = 4; lastKnownFileType = sourcecode.swift; path = NotchHomeView.swift; sourceTree = "<group>"; };
		B10348D82C74E56000475897 /* ConditionalModifier.swift */ = {isa = PBXFileReference; lastKnownFileType = sourcecode.swift; path = ConditionalModifier.swift; sourceTree = "<group>"; };
		B10A84892C7BCC940088BFFC /* AirDropView.swift */ = {isa = PBXFileReference; lastKnownFileType = sourcecode.swift; path = AirDropView.swift; sourceTree = "<group>"; };
		B10A848B2C7BCD150088BFFC /* AirDrop.swift */ = {isa = PBXFileReference; lastKnownFileType = sourcecode.swift; path = AirDrop.swift; sourceTree = "<group>"; };
		B10F84A22C6C9596009F3026 /* TestView.swift */ = {isa = PBXFileReference; lastKnownFileType = sourcecode.swift; path = TestView.swift; sourceTree = "<group>"; };
		B141C23C2CA5F50F00AC8CC8 /* ActivationView.swift */ = {isa = PBXFileReference; lastKnownFileType = sourcecode.swift; path = ActivationView.swift; sourceTree = "<group>"; };
		B141C23E2CA5F51A00AC8CC8 /* ProOnboarding.swift */ = {isa = PBXFileReference; lastKnownFileType = sourcecode.swift; path = ProOnboarding.swift; sourceTree = "<group>"; };
		B141C2402CA5F53E00AC8CC8 /* SparkleView.swift */ = {isa = PBXFileReference; lastKnownFileType = sourcecode.swift; path = SparkleView.swift; sourceTree = "<group>"; };
		B15063532C63E18700EBB0E3 /* SettingsView.swift */ = {isa = PBXFileReference; lastKnownFileType = sourcecode.swift; path = SettingsView.swift; sourceTree = "<group>"; };
		B1628BA72CC40C4F003D8DF3 /* DragDropView.swift */ = {isa = PBXFileReference; lastKnownFileType = sourcecode.swift; path = DragDropView.swift; sourceTree = "<group>"; };
		B1628BA92CC40EAC003D8DF3 /* NotchOutline.swift */ = {isa = PBXFileReference; lastKnownFileType = sourcecode.swift; path = NotchOutline.swift; sourceTree = "<group>"; };
		B17266DE2C64DFA00031BA0D /* BundleInfos.swift */ = {isa = PBXFileReference; lastKnownFileType = sourcecode.swift; path = BundleInfos.swift; sourceTree = "<group>"; };
		B17266E02C6532560031BA0D /* Localizable.xcstrings */ = {isa = PBXFileReference; lastKnownFileType = text.json.xcstrings; path = Localizable.xcstrings; sourceTree = "<group>"; };
		B17266E22C65F7FB0031BA0D /* WhatsNewView.swift */ = {isa = PBXFileReference; lastKnownFileType = sourcecode.swift; path = WhatsNewView.swift; sourceTree = "<group>"; };
		B172AABF2C95DA0B001623F1 /* InlineHUD.swift */ = {isa = PBXFileReference; lastKnownFileType = sourcecode.swift; path = InlineHUD.swift; sourceTree = "<group>"; };
		B17C3C212C7DACFE0082390A /* DisplayServices.framework */ = {isa = PBXFileReference; lastKnownFileType = wrapper.framework; name = DisplayServices.framework; path = ../../../../../System/Library/PrivateFrameworks/DisplayServices.framework; sourceTree = "<group>"; };
		B17C3C242C7DAD0C0082390A /* OSD.framework */ = {isa = PBXFileReference; lastKnownFileType = wrapper.framework; name = OSD.framework; path = ../../../../../System/Library/PrivateFrameworks/OSD.framework; sourceTree = "<group>"; };
		B186543B2C6F49AE000B926A /* ShortcutConstants.swift */ = {isa = PBXFileReference; lastKnownFileType = sourcecode.swift; path = ShortcutConstants.swift; sourceTree = "<group>"; };
		B19016232CC15B4D00E3F12E /* Constants.swift */ = {isa = PBXFileReference; lastKnownFileType = sourcecode.swift; path = Constants.swift; sourceTree = "<group>"; };
		B19424082CD0FEFE003E5DC2 /* LottieAnimationView.swift */ = {isa = PBXFileReference; lastKnownFileType = sourcecode.swift; path = LottieAnimationView.swift; sourceTree = "<group>"; };
		B1A78C812C8BA08100BD51B0 /* FullscreenMediaDetection.swift */ = {isa = PBXFileReference; lastKnownFileType = sourcecode.swift; path = FullscreenMediaDetection.swift; sourceTree = "<group>"; };
		B1A78C832C8C65ED00BD51B0 /* MediaRemote.framework */ = {isa = PBXFileReference; lastKnownFileType = wrapper.framework; name = MediaRemote.framework; path = ../../../../../System/Library/PrivateFrameworks/MediaRemote.framework; sourceTree = "<group>"; };
		B1B1128E2C6A56E800093D8F /* DynamicNotch.swift */ = {isa = PBXFileReference; lastKnownFileType = sourcecode.swift; path = DynamicNotch.swift; sourceTree = "<group>"; };
		B1B112902C6A572100093D8F /* EditPanelView.swift */ = {isa = PBXFileReference; lastKnownFileType = sourcecode.swift; path = EditPanelView.swift; sourceTree = "<group>"; };
		B1B112922C6A577E00093D8F /* MouseTracker.swift */ = {isa = PBXFileReference; lastKnownFileType = sourcecode.swift; path = MouseTracker.swift; sourceTree = "<group>"; };
		B1C448952C9712C4001F0858 /* ActionBar.swift */ = {isa = PBXFileReference; lastKnownFileType = sourcecode.swift; path = ActionBar.swift; sourceTree = "<group>"; };
		B1C448972C972CC4001F0858 /* ListItemPopover.swift */ = {isa = PBXFileReference; lastKnownFileType = sourcecode.swift; path = ListItemPopover.swift; sourceTree = "<group>"; };
		B1C4489A2C97376A001F0858 /* TipStore.swift */ = {isa = PBXFileReference; lastKnownFileType = sourcecode.swift; path = TipStore.swift; sourceTree = "<group>"; };
		B1C974332C642B6D0000E707 /* MarqueeTextView.swift */ = {isa = PBXFileReference; lastKnownFileType = sourcecode.swift; path = MarqueeTextView.swift; sourceTree = "<group>"; };
		B1CE8CFD2C6F659400DD9871 /* KeyboardShortcutsHelper.swift */ = {isa = PBXFileReference; lastKnownFileType = sourcecode.swift; path = KeyboardShortcutsHelper.swift; sourceTree = "<group>"; };
		B1D365CD2C6A979C0047BDBC /* LiveActivityModifier.swift */ = {isa = PBXFileReference; lastKnownFileType = sourcecode.swift; path = LiveActivityModifier.swift; sourceTree = "<group>"; };
		B1D365CF2C6A9A6C0047BDBC /* SystemEventIndicatorModifier.swift */ = {isa = PBXFileReference; lastKnownFileType = sourcecode.swift; path = SystemEventIndicatorModifier.swift; sourceTree = "<group>"; };
		B1D6FD422C6603730015F173 /* SoftwareUpdater.swift */ = {isa = PBXFileReference; lastKnownFileType = sourcecode.swift; path = SoftwareUpdater.swift; sourceTree = "<group>"; };
		B1ECFA032C6FE58A002ACD87 /* CoreDisplay.framework */ = {isa = PBXFileReference; lastKnownFileType = wrapper.framework; name = CoreDisplay.framework; path = ../../../../../System/Library/Frameworks/CoreDisplay.framework; sourceTree = "<group>"; };
		B1FEB4982C7686630066EBBC /* PanGesture.swift */ = {isa = PBXFileReference; lastKnownFileType = sourcecode.swift; path = PanGesture.swift; sourceTree = "<group>"; };
/* End PBXFileReference section */

/* Begin PBXFileSystemSynchronizedRootGroup section */
		112FB72F2CCF12CC0015238C /* private */ = {isa = PBXFileSystemSynchronizedRootGroup; explicitFileTypes = {}; explicitFolders = (); path = private; sourceTree = "<group>"; };
/* End PBXFileSystemSynchronizedRootGroup section */

/* Begin PBXFrameworksBuildPhase section */
		14CEF40F2C5CAED300855D72 /* Frameworks */ = {
			isa = PBXFrameworksBuildPhase;
			buildActionMask = 2147483647;
			files = (
				9A987A102C73CA8D005CA465 /* Collections in Frameworks */,
				1485442F2C8F049C00943381 /* TheBoringWorkerNotifier in Frameworks */,
				146BC4372D366E9B0047C66A /* MacroVisionKit in Frameworks */,
				14D0321D2C68F3350096E6A1 /* Sparkle in Frameworks */,
				B194240B2CD10017003E5DC2 /* LottieUI in Frameworks */,
				14D0321A2C68F32E0096E6A1 /* LaunchAtLogin in Frameworks */,
				B1A78C842C8C65ED00BD51B0 /* MediaRemote.framework in Frameworks */,
				B18654392C6F4990000B926A /* KeyboardShortcuts in Frameworks */,
				B19016222CC15B3D00E3F12E /* Defaults in Frameworks */,
				B1628B922CC260C0003D8DF3 /* SwiftUIIntrospect in Frameworks */,
			);
			runOnlyForDeploymentPostprocessing = 0;
		};
/* End PBXFrameworksBuildPhase section */

/* Begin PBXGroup section */
		14288DD92C6E015000B9F80C /* helpers */ = {
			isa = PBXGroup;
			children = (
				14288DD62C6E015000B9F80C /* AudioPlayer.swift */,
				14288DD72C6E015000B9F80C /* boringNotch-Bridging-Header.h */,
				14288E0B2C6F8EC000B9F80C /* AppIcons.swift */,
				147CB9422C8C42240094C254 /* NowPlaying.m */,
				147CB9442C8C42500094C254 /* NowPlaying.h */,
			);
			path = helpers;
			sourceTree = "<group>";
		};
		14288DE22C6E016F00B9F80C /* observers */ = {
			isa = PBXGroup;
			children = (
				B1A78C812C8BA08100BD51B0 /* FullscreenMediaDetection.swift */,
			);
			path = observers;
			sourceTree = "<group>";
		};
		1443E7F12C609DB90027C1FC /* sizing */ = {
			isa = PBXGroup;
			children = (
				1443E7F22C609DCE0027C1FC /* matters.swift */,
			);
			path = sizing;
			sourceTree = "<group>";
		};
		1471639B2C5D362F0068B555 /* components */ = {
			isa = PBXGroup;
			children = (
				B141C23B2CA5F50900AC8CC8 /* Onboarding */,
				B1C448992C97375A001F0858 /* Tips */,
				14C08BB72C8DE49E000F8AA0 /* Calender */,
				9A987A042C73CA66005CA465 /* Shelf */,
				149E0B982C737D26006418B1 /* Webcam */,
				B18654312C6F45AE000B926A /* Live activities */,
				B18654302C6F4590000B926A /* Settings */,
				B186542F2C6F455E000B926A /* Notch */,
				9A0887332C7AFF7E00C160EA /* Tabs */,
				B186542E2C6F453B000B926A /* Music */,
				14D570BF2C5EA5870011E668 /* AnimatedFace.swift */,
				14288DE72C6E01C800B9F80C /* ProgressIndicator.swift */,
				14D570C12C5EAFBF0011E668 /* EmptyState.swift */,
				B17266E22C65F7FB0031BA0D /* WhatsNewView.swift */,
				B10F84A22C6C9596009F3026 /* TestView.swift */,
				14288DFD2C6E9A4700B9F80C /* BoringSystemTiles.swift */,
				507266DA2C908E2E00A2D00D /* HoverButton.swift */,
			);
			path = components;
			sourceTree = "<group>";
		};
		147163B52C5D804B0068B555 /* managers */ = {
			isa = PBXGroup;
			children = (
				112FB7342CCF16F70015238C /* NotchSpaceManager.swift */,
				14D570BD2C5EA0270011E668 /* PlaybackManager.swift */,
				147163992C5D35FF0068B555 /* MusicManager.swift */,
				149E0B962C737D00006418B1 /* WebcamManager.swift */,
				147CB9562C8CCC980094C254 /* BoringExtensionManager.swift */,
				14C08BB52C8DE42D000F8AA0 /* CalendarManager.swift */,
			);
			path = managers;
			sourceTree = "<group>";
		};
		149E0B982C737D26006418B1 /* Webcam */ = {
			isa = PBXGroup;
			children = (
				149E0B992C737D40006418B1 /* WebcamView.swift */,
			);
			path = Webcam;
			sourceTree = "<group>";
		};
		14A7E58C2C656A5D008C1BE9 /* observers */ = {
			isa = PBXGroup;
			children = (
			);
			path = observers;
			sourceTree = "<group>";
		};
		14C08BB72C8DE49E000F8AA0 /* Calender */ = {
			isa = PBXGroup;
			children = (
				14C08BB82C8DE4B1000F8AA0 /* BoringCalendar.swift */,
			);
			path = Calender;
			sourceTree = "<group>";
		};
		14CEF4092C5CAED200855D72 = {
			isa = PBXGroup;
			children = (
				14CEF4142C5CAED300855D72 /* boringNotch */,
				14CEF4132C5CAED300855D72 /* Products */,
				14D031EC2C689DB70096E6A1 /* Frameworks */,
			);
			sourceTree = "<group>";
		};
		14CEF4132C5CAED300855D72 /* Products */ = {
			isa = PBXGroup;
			children = (
				14CEF4122C5CAED300855D72 /* boringNotch.app */,
			);
			name = Products;
			sourceTree = "<group>";
		};
		14CEF4142C5CAED300855D72 /* boringNotch */ = {
			isa = PBXGroup;
			children = (
				14288DE22C6E016F00B9F80C /* observers */,
				14288DD92C6E015000B9F80C /* helpers */,
				B186543A2C6F49A4000B926A /* Shortcuts */,
				14A7E58C2C656A5D008C1BE9 /* observers */,
				1443E7F12C609DB90027C1FC /* sizing */,
				14D570D32C5F70FA0011E668 /* strings */,
				14D570C72C5F38760011E668 /* models */,
				14D570BA2C5E98E30011E668 /* enums */,
				14D570B72C5E98960011E668 /* animations */,
				147163B52C5D804B0068B555 /* managers */,
				B15063502C63D3F600EBB0E3 /* extensions */,
				1471639B2C5D362F0068B555 /* components */,
				14CEF4152C5CAED300855D72 /* boringNotchApp.swift */,
				14CEF4172C5CAED300855D72 /* ContentView.swift */,
				B17266E02C6532560031BA0D /* Localizable.xcstrings */,
				14CEF4192C5CAED400855D72 /* Assets.xcassets */,
				14A7E5962C65FD31008C1BE9 /* boring.m4a */,
				1443E7F42C609E650027C1FC /* Info.plist */,
				14CEF41E2C5CAED400855D72 /* boringNotch.entitlements */,
				14CEF41B2C5CAED400855D72 /* Preview Content */,
				112FB72F2CCF12CC0015238C /* private */,
				11CC44A12CEE614100C7244B /* BoringViewCoordinator.swift */,
			);
			path = boringNotch;
			sourceTree = "<group>";
		};
		14CEF41B2C5CAED400855D72 /* Preview Content */ = {
			isa = PBXGroup;
			children = (
				14CEF41C2C5CAED400855D72 /* Preview Assets.xcassets */,
			);
			path = "Preview Content";
			sourceTree = "<group>";
		};
		14D031EC2C689DB70096E6A1 /* Frameworks */ = {
			isa = PBXGroup;
			children = (
				147CB9452C8C47750094C254 /* MediaRemote.framework */,
				B1A78C832C8C65ED00BD51B0 /* MediaRemote.framework */,
				B17C3C242C7DAD0C0082390A /* OSD.framework */,
				B17C3C212C7DACFE0082390A /* DisplayServices.framework */,
				147B89692C7D8AE600AF45DD /* OSD.framework */,
				14288E172C6FCA3300B9F80C /* CoreDisplay.framework */,
				B1ECFA032C6FE58A002ACD87 /* CoreDisplay.framework */,
				14288E132C6FC9CF00B9F80C /* DisplayServices.framework */,
				14D032162C68F2D90096E6A1 /* CoreBrightness.framework */,
				14D032142C68F2C10096E6A1 /* CoreBrightness */,
				14D031EF2C689DC00096E6A1 /* ApplicationServices.framework */,
				14D031ED2C689DB70096E6A1 /* IOKit.framework */,
			);
			name = Frameworks;
			sourceTree = "<group>";
		};
		14D570B72C5E98960011E668 /* animations */ = {
			isa = PBXGroup;
			children = (
				14D570B82C5E98A20011E668 /* drop.swift */,
				14A7E5872C64A89C008C1BE9 /* HelloAnimation.swift */,
			);
			path = animations;
			sourceTree = "<group>";
		};
		14D570BA2C5E98E30011E668 /* enums */ = {
			isa = PBXGroup;
			children = (
				14D570BB2C5E98EB0011E668 /* generic.swift */,
			);
			path = enums;
			sourceTree = "<group>";
		};
		14D570C72C5F38760011E668 /* models */ = {
			isa = PBXGroup;
			children = (
				B19016232CC15B4D00E3F12E /* Constants.swift */,
				14D570C82C5F38890011E668 /* BoringViewModel.swift */,
				14D570CA2C5F4B2C0011E668 /* BatteryStatusViewModel.swift */,
				B1B1128E2C6A56E800093D8F /* DynamicNotch.swift */,
			);
			path = models;
			sourceTree = "<group>";
		};
		14D570D32C5F70FA0011E668 /* strings */ = {
			isa = PBXGroup;
			children = (
				14D570D42C5F710B0011E668 /* constants.swift */,
			);
			path = strings;
			sourceTree = "<group>";
		};
		9A0887332C7AFF7E00C160EA /* Tabs */ = {
			isa = PBXGroup;
			children = (
				9A0887312C7A693000C160EA /* TabButton.swift */,
				9A0887342C7AFF8E00C160EA /* TabSelectionView.swift */,
			);
			path = Tabs;
			sourceTree = "<group>";
		};
		9A987A042C73CA66005CA465 /* Shelf */ = {
			isa = PBXGroup;
			children = (
				B1628BA72CC40C4F003D8DF3 /* DragDropView.swift */,
				9A9879FB2C73CA66005CA465 /* Ext+FileProvider.swift */,
				9A9879FC2C73CA66005CA465 /* Ext+NSAlert.swift */,
				9A9879FD2C73CA66005CA465 /* Ext+NSImage.swift */,
				9A9879FF2C73CA66005CA465 /* Ext+URL.swift */,
				9A987A002C73CA66005CA465 /* TrayDrop.swift */,
				9A987A012C73CA66005CA465 /* DropItem.swift */,
				9A987A022C73CA66005CA465 /* DropItemView.swift */,
				B10A84892C7BCC940088BFFC /* AirDropView.swift */,
				B10A848B2C7BCD150088BFFC /* AirDrop.swift */,
			);
			path = Shelf;
			sourceTree = "<group>";
		};
		B141C23B2CA5F50900AC8CC8 /* Onboarding */ = {
			isa = PBXGroup;
			children = (
				B141C2402CA5F53E00AC8CC8 /* SparkleView.swift */,
				B141C23E2CA5F51A00AC8CC8 /* ProOnboarding.swift */,
				B141C23C2CA5F50F00AC8CC8 /* ActivationView.swift */,
			);
			path = Onboarding;
			sourceTree = "<group>";
		};
		B15063502C63D3F600EBB0E3 /* extensions */ = {
			isa = PBXGroup;
			children = (
				14C08BC02C8E03AD000F8AA0 /* NSImage+Extensions.swift */,
				B17266DE2C64DFA00031BA0D /* BundleInfos.swift */,
				B1B112922C6A577E00093D8F /* MouseTracker.swift */,
				B1CE8CFD2C6F659400DD9871 /* KeyboardShortcutsHelper.swift */,
				14E9FEAD2C7325770062E83F /* Button+Bouncing.swift */,
				B10348D82C74E56000475897 /* ConditionalModifier.swift */,
				B1FEB4982C7686630066EBBC /* PanGesture.swift */,
				14FC6E4F2C7DED5600C7BEA5 /* DataTypes+Extensions.swift */,
				B1C448952C9712C4001F0858 /* ActionBar.swift */,
			);
			path = extensions;
			sourceTree = "<group>";
		};
		B186542E2C6F453B000B926A /* Music */ = {
			isa = PBXGroup;
			children = (
				B19424082CD0FEFE003E5DC2 /* LottieAnimationView.swift */,
				147163972C5D35B70068B555 /* MusicVisualizer.swift */,
			);
			path = Music;
			sourceTree = "<group>";
		};
		B186542F2C6F455E000B926A /* Notch */ = {
			isa = PBXGroup;
			children = (
				B1628BA92CC40EAC003D8DF3 /* NotchOutline.swift */,
				9A987A032C73CA66005CA465 /* NotchShelfView.swift */,
				9AB0C6BB2C73C9CB00F7CD30 /* NotchHomeView.swift */,
				14D570B52C5E961A0011E668 /* NotchShape.swift */,
				14D570C52C5F38210011E668 /* BoringHeader.swift */,
				14D570D12C5F6C6A0011E668 /* BoringExtrasMenu.swift */,
				1471A8582C6281BD0058408D /* BoringNotchWindow.swift */,
			);
			path = Notch;
			sourceTree = "<group>";
		};
		B18654302C6F4590000B926A /* Settings */ = {
			isa = PBXGroup;
			children = (
				B15063532C63E18700EBB0E3 /* SettingsView.swift */,
				B1D6FD422C6603730015F173 /* SoftwareUpdater.swift */,
				B1B112902C6A572100093D8F /* EditPanelView.swift */,
				B1C448972C972CC4001F0858 /* ListItemPopover.swift */,
			);
			path = Settings;
			sourceTree = "<group>";
		};
		B18654312C6F45AE000B926A /* Live activities */ = {
			isa = PBXGroup;
			children = (
				14D570CC2C5F4BB70011E668 /* BoringBattery.swift */,
				B1C974332C642B6D0000E707 /* MarqueeTextView.swift */,
				B1D365CD2C6A979C0047BDBC /* LiveActivityModifier.swift */,
				B1D365CF2C6A9A6C0047BDBC /* SystemEventIndicatorModifier.swift */,
				14E9FEA92C70BF610062E83F /* DownloadView.swift */,
				B172AABF2C95DA0B001623F1 /* InlineHUD.swift */,
			);
			path = "Live activities";
			sourceTree = "<group>";
		};
		B186543A2C6F49A4000B926A /* Shortcuts */ = {
			isa = PBXGroup;
			children = (
				B186543B2C6F49AE000B926A /* ShortcutConstants.swift */,
			);
			path = Shortcuts;
			sourceTree = "<group>";
		};
		B1C448992C97375A001F0858 /* Tips */ = {
			isa = PBXGroup;
			children = (
				B1C4489A2C97376A001F0858 /* TipStore.swift */,
			);
			path = Tips;
			sourceTree = "<group>";
		};
/* End PBXGroup section */

/* Begin PBXNativeTarget section */
		14CEF4112C5CAED300855D72 /* boringNotch */ = {
			isa = PBXNativeTarget;
			buildConfigurationList = 14CEF4212C5CAED400855D72 /* Build configuration list for PBXNativeTarget "boringNotch" */;
			buildPhases = (
				14CEF40E2C5CAED300855D72 /* Sources */,
				14CEF40F2C5CAED300855D72 /* Frameworks */,
				14CEF4102C5CAED300855D72 /* Resources */,
				B1ECFA062C6FE58A002ACD87 /* Embed Frameworks */,
			);
			buildRules = (
			);
			dependencies = (
			);
			fileSystemSynchronizedGroups = (
				112FB72F2CCF12CC0015238C /* private */,
			);
			name = boringNotch;
			packageProductDependencies = (
				14D032192C68F32E0096E6A1 /* LaunchAtLogin */,
				14D0321C2C68F3350096E6A1 /* Sparkle */,
				B18654382C6F4990000B926A /* KeyboardShortcuts */,
				9A987A0F2C73CA8D005CA465 /* Collections */,
				1485442E2C8F049C00943381 /* TheBoringWorkerNotifier */,
				B19016212CC15B3D00E3F12E /* Defaults */,
				B1628B912CC260C0003D8DF3 /* SwiftUIIntrospect */,
				B194240A2CD10017003E5DC2 /* LottieUI */,
				146BC4362D366E9B0047C66A /* MacroVisionKit */,
			);
			productName = dynamicNotch;
			productReference = 14CEF4122C5CAED300855D72 /* boringNotch.app */;
			productType = "com.apple.product-type.application";
		};
/* End PBXNativeTarget section */

/* Begin PBXProject section */
		14CEF40A2C5CAED200855D72 /* Project object */ = {
			isa = PBXProject;
			attributes = {
				BuildIndependentTargetsInParallel = 1;
				LastSwiftUpdateCheck = 1540;
				LastUpgradeCheck = 1540;
				TargetAttributes = {
					14CEF4112C5CAED300855D72 = {
						CreatedOnToolsVersion = 15.4;
						LastSwiftMigration = 1540;
					};
				};
			};
			buildConfigurationList = 14CEF40D2C5CAED200855D72 /* Build configuration list for PBXProject "boringNotch" */;
			compatibilityVersion = "Xcode 14.0";
			developmentRegion = en;
			hasScannedForEncodings = 0;
			knownRegions = (
				en,
				Base,
			);
			mainGroup = 14CEF4092C5CAED200855D72;
			packageReferences = (
				14D032182C68F32E0096E6A1 /* XCRemoteSwiftPackageReference "LaunchAtLogin-Modern" */,
				14D0321B2C68F3350096E6A1 /* XCRemoteSwiftPackageReference "Sparkle" */,
				B18654372C6F4990000B926A /* XCRemoteSwiftPackageReference "KeyboardShortcuts" */,
				9A987A0E2C73CA8D005CA465 /* XCRemoteSwiftPackageReference "swift-collections" */,
				9A987A112C73CAA1005CA465 /* XCRemoteSwiftPackageReference "Pow" */,
				1485442D2C8F049C00943381 /* XCRemoteSwiftPackageReference "TheBoringWorkerNotifier" */,
				B19016202CC15B3D00E3F12E /* XCRemoteSwiftPackageReference "Defaults" */,
				B1628B902CC260C0003D8DF3 /* XCRemoteSwiftPackageReference "swiftui-introspect" */,
				B19424072CD0DB52003E5DC2 /* XCRemoteSwiftPackageReference "LottieUI" */,
				146BC4352D366E9B0047C66A /* XCRemoteSwiftPackageReference "MacroVisionKit" */,
			);
			productRefGroup = 14CEF4132C5CAED300855D72 /* Products */;
			projectDirPath = "";
			projectRoot = "";
			targets = (
				14CEF4112C5CAED300855D72 /* boringNotch */,
			);
		};
/* End PBXProject section */

/* Begin PBXResourcesBuildPhase section */
		14CEF4102C5CAED300855D72 /* Resources */ = {
			isa = PBXResourcesBuildPhase;
			buildActionMask = 2147483647;
			files = (
				14CEF41D2C5CAED400855D72 /* Preview Assets.xcassets in Resources */,
				14CEF41A2C5CAED400855D72 /* Assets.xcassets in Resources */,
				B17266E12C6532560031BA0D /* Localizable.xcstrings in Resources */,
				14A7E5972C65FD31008C1BE9 /* boring.m4a in Resources */,
			);
			runOnlyForDeploymentPostprocessing = 0;
		};
/* End PBXResourcesBuildPhase section */

/* Begin PBXSourcesBuildPhase section */
		14CEF40E2C5CAED300855D72 /* Sources */ = {
			isa = PBXSourcesBuildPhase;
			buildActionMask = 2147483647;
			files = (
				14C08BB92C8DE4B1000F8AA0 /* BoringCalendar.swift in Sources */,
				147163982C5D35B70068B555 /* MusicVisualizer.swift in Sources */,
				11CC44A22CEE614100C7244B /* BoringViewCoordinator.swift in Sources */,
				B186543C2C6F49AE000B926A /* ShortcutConstants.swift in Sources */,
				B1D365CE2C6A979C0047BDBC /* LiveActivityModifier.swift in Sources */,
				14D570C02C5EA5870011E668 /* AnimatedFace.swift in Sources */,
				B1D6FD432C6603730015F173 /* SoftwareUpdater.swift in Sources */,
				B1D365D02C6A9A6C0047BDBC /* SystemEventIndicatorModifier.swift in Sources */,
				14D570CB2C5F4B2C0011E668 /* BatteryStatusViewModel.swift in Sources */,
				9A0887322C7A693000C160EA /* TabButton.swift in Sources */,
				B10A848C2C7BCD150088BFFC /* AirDrop.swift in Sources */,
				B141C23F2CA5F51E00AC8CC8 /* ProOnboarding.swift in Sources */,
				B141C2412CA5F53F00AC8CC8 /* SparkleView.swift in Sources */,
				14D570B92C5E98A20011E668 /* drop.swift in Sources */,
				B19424092CD0FF01003E5DC2 /* LottieAnimationView.swift in Sources */,
				9A987A072C73CA66005CA465 /* Ext+NSImage.swift in Sources */,
				B1C974342C642B6D0000E707 /* MarqueeTextView.swift in Sources */,
				9A987A052C73CA66005CA465 /* Ext+FileProvider.swift in Sources */,
				14288DE82C6E01C800B9F80C /* ProgressIndicator.swift in Sources */,
				14D570BE2C5EA0270011E668 /* PlaybackManager.swift in Sources */,
				14288DFE2C6E9A4700B9F80C /* BoringSystemTiles.swift in Sources */,
				14C08BC12C8E03AD000F8AA0 /* NSImage+Extensions.swift in Sources */,
				B10A848A2C7BCC940088BFFC /* AirDropView.swift in Sources */,
				149E0B9A2C737D40006418B1 /* WebcamView.swift in Sources */,
				1471639A2C5D35FF0068B555 /* MusicManager.swift in Sources */,
				B1B112932C6A577E00093D8F /* MouseTracker.swift in Sources */,
				9A987A062C73CA66005CA465 /* Ext+NSAlert.swift in Sources */,
				B1C448962C9712C4001F0858 /* ActionBar.swift in Sources */,
				9A987A0C2C73CA66005CA465 /* DropItemView.swift in Sources */,
				14A7E5882C64A89C008C1BE9 /* HelloAnimation.swift in Sources */,
				9A987A092C73CA66005CA465 /* Ext+URL.swift in Sources */,
				9AB0C6BD2C73C9CB00F7CD30 /* NotchHomeView.swift in Sources */,
				B172AAC02C95DA0B001623F1 /* InlineHUD.swift in Sources */,
				14E9FEAA2C70BF610062E83F /* DownloadView.swift in Sources */,
				B1B112912C6A572100093D8F /* EditPanelView.swift in Sources */,
				B1C4489B2C97376A001F0858 /* TipStore.swift in Sources */,
				147CB9432C8C42240094C254 /* NowPlaying.m in Sources */,
				B1A78C822C8BA08100BD51B0 /* FullscreenMediaDetection.swift in Sources */,
				14E9FEAE2C7325770062E83F /* Button+Bouncing.swift in Sources */,
				14D570C92C5F38890011E668 /* BoringViewModel.swift in Sources */,
				14D570BC2C5E98EB0011E668 /* generic.swift in Sources */,
				B1B1128F2C6A56E800093D8F /* DynamicNotch.swift in Sources */,
				B1CE8CFE2C6F659400DD9871 /* KeyboardShortcutsHelper.swift in Sources */,
				14D570C62C5F38210011E668 /* BoringHeader.swift in Sources */,
				B17266E32C65F7FB0031BA0D /* WhatsNewView.swift in Sources */,
				14C08BB62C8DE42D000F8AA0 /* CalendarManager.swift in Sources */,
				14D570CD2C5F4BB70011E668 /* BoringBattery.swift in Sources */,
				B10F84A32C6C9596009F3026 /* TestView.swift in Sources */,
				1443E7F32C609DCE0027C1FC /* matters.swift in Sources */,
				14D570D52C5F710B0011E668 /* constants.swift in Sources */,
				B1628BA82CC40C4F003D8DF3 /* DragDropView.swift in Sources */,
				9A987A0B2C73CA66005CA465 /* DropItem.swift in Sources */,
				507266DB2C908E2E00A2D00D /* HoverButton.swift in Sources */,
				1471A8592C6281BD0058408D /* BoringNotchWindow.swift in Sources */,
				147CB9572C8CCC980094C254 /* BoringExtensionManager.swift in Sources */,
				14CEF4182C5CAED300855D72 /* ContentView.swift in Sources */,
				9A987A0D2C73CA66005CA465 /* NotchShelfView.swift in Sources */,
				14D570B62C5E961A0011E668 /* NotchShape.swift in Sources */,
				9A987A0A2C73CA66005CA465 /* TrayDrop.swift in Sources */,
				14CEF4162C5CAED300855D72 /* boringNotchApp.swift in Sources */,
				B17266DF2C64DFA00031BA0D /* BundleInfos.swift in Sources */,
				B10348D92C74E56000475897 /* ConditionalModifier.swift in Sources */,
				14D570C22C5EAFBF0011E668 /* EmptyState.swift in Sources */,
				B1FEB4992C7686630066EBBC /* PanGesture.swift in Sources */,
				9A0887352C7AFF8E00C160EA /* TabSelectionView.swift in Sources */,
				112FB7352CCF16F70015238C /* NotchSpaceManager.swift in Sources */,
				14FC6E502C7DED5600C7BEA5 /* DataTypes+Extensions.swift in Sources */,
				14D570D22C5F6C6A0011E668 /* BoringExtrasMenu.swift in Sources */,
				B15063542C63E18700EBB0E3 /* SettingsView.swift in Sources */,
				B1628BAA2CC40EB0003D8DF3 /* NotchOutline.swift in Sources */,
				B141C23D2CA5F51200AC8CC8 /* ActivationView.swift in Sources */,
				14288DDC2C6E015000B9F80C /* AudioPlayer.swift in Sources */,
				149E0B972C737D00006418B1 /* WebcamManager.swift in Sources */,
				14288E0C2C6F8EC000B9F80C /* AppIcons.swift in Sources */,
				B1C448982C972CC4001F0858 /* ListItemPopover.swift in Sources */,
				B19016242CC15B5000E3F12E /* Constants.swift in Sources */,
			);
			runOnlyForDeploymentPostprocessing = 0;
		};
/* End PBXSourcesBuildPhase section */

/* Begin XCBuildConfiguration section */
		14CEF41F2C5CAED400855D72 /* Debug */ = {
			isa = XCBuildConfiguration;
			buildSettings = {
				ALWAYS_SEARCH_USER_PATHS = NO;
				ASSETCATALOG_COMPILER_GENERATE_SWIFT_ASSET_SYMBOL_EXTENSIONS = YES;
				CLANG_ANALYZER_NONNULL = YES;
				CLANG_ANALYZER_NUMBER_OBJECT_CONVERSION = YES_AGGRESSIVE;
				CLANG_CXX_LANGUAGE_STANDARD = "gnu++20";
				CLANG_ENABLE_MODULES = YES;
				CLANG_ENABLE_OBJC_ARC = YES;
				CLANG_ENABLE_OBJC_WEAK = YES;
				CLANG_WARN_BLOCK_CAPTURE_AUTORELEASING = YES;
				CLANG_WARN_BOOL_CONVERSION = YES;
				CLANG_WARN_COMMA = YES;
				CLANG_WARN_CONSTANT_CONVERSION = YES;
				CLANG_WARN_DEPRECATED_OBJC_IMPLEMENTATIONS = YES;
				CLANG_WARN_DIRECT_OBJC_ISA_USAGE = YES_ERROR;
				CLANG_WARN_DOCUMENTATION_COMMENTS = YES;
				CLANG_WARN_EMPTY_BODY = YES;
				CLANG_WARN_ENUM_CONVERSION = YES;
				CLANG_WARN_INFINITE_RECURSION = YES;
				CLANG_WARN_INT_CONVERSION = YES;
				CLANG_WARN_NON_LITERAL_NULL_CONVERSION = YES;
				CLANG_WARN_OBJC_IMPLICIT_RETAIN_SELF = YES;
				CLANG_WARN_OBJC_LITERAL_CONVERSION = YES;
				CLANG_WARN_OBJC_ROOT_CLASS = YES_ERROR;
				CLANG_WARN_QUOTED_INCLUDE_IN_FRAMEWORK_HEADER = YES;
				CLANG_WARN_RANGE_LOOP_ANALYSIS = YES;
				CLANG_WARN_STRICT_PROTOTYPES = YES;
				CLANG_WARN_SUSPICIOUS_MOVE = YES;
				CLANG_WARN_UNGUARDED_AVAILABILITY = YES_AGGRESSIVE;
				CLANG_WARN_UNREACHABLE_CODE = YES;
				CLANG_WARN__DUPLICATE_METHOD_MATCH = YES;
				COPY_PHASE_STRIP = NO;
				DEAD_CODE_STRIPPING = YES;
				DEBUG_INFORMATION_FORMAT = dwarf;
				ENABLE_STRICT_OBJC_MSGSEND = YES;
				ENABLE_TESTABILITY = YES;
				ENABLE_USER_SCRIPT_SANDBOXING = YES;
				GCC_C_LANGUAGE_STANDARD = gnu17;
				GCC_DYNAMIC_NO_PIC = NO;
				GCC_NO_COMMON_BLOCKS = YES;
				GCC_OPTIMIZATION_LEVEL = 0;
				GCC_PREPROCESSOR_DEFINITIONS = (
					"DEBUG=1",
					"$(inherited)",
				);
				GCC_WARN_64_TO_32_BIT_CONVERSION = YES;
				GCC_WARN_ABOUT_RETURN_TYPE = YES_ERROR;
				GCC_WARN_UNDECLARED_SELECTOR = YES;
				GCC_WARN_UNINITIALIZED_AUTOS = YES_AGGRESSIVE;
				GCC_WARN_UNUSED_FUNCTION = YES;
				GCC_WARN_UNUSED_VARIABLE = YES;
				LOCALIZATION_PREFERS_STRING_CATALOGS = YES;
				MACOSX_DEPLOYMENT_TARGET = 14.5;
				MTL_ENABLE_DEBUG_INFO = INCLUDE_SOURCE;
				MTL_FAST_MATH = YES;
				ONLY_ACTIVE_ARCH = YES;
				SDKROOT = macosx;
				SWIFT_ACTIVE_COMPILATION_CONDITIONS = "DEBUG $(inherited)";
				SWIFT_OPTIMIZATION_LEVEL = "-Onone";
			};
			name = Debug;
		};
		14CEF4202C5CAED400855D72 /* Release */ = {
			isa = XCBuildConfiguration;
			buildSettings = {
				ALWAYS_SEARCH_USER_PATHS = NO;
				ASSETCATALOG_COMPILER_GENERATE_SWIFT_ASSET_SYMBOL_EXTENSIONS = YES;
				CLANG_ANALYZER_NONNULL = YES;
				CLANG_ANALYZER_NUMBER_OBJECT_CONVERSION = YES_AGGRESSIVE;
				CLANG_CXX_LANGUAGE_STANDARD = "gnu++20";
				CLANG_ENABLE_MODULES = YES;
				CLANG_ENABLE_OBJC_ARC = YES;
				CLANG_ENABLE_OBJC_WEAK = YES;
				CLANG_WARN_BLOCK_CAPTURE_AUTORELEASING = YES;
				CLANG_WARN_BOOL_CONVERSION = YES;
				CLANG_WARN_COMMA = YES;
				CLANG_WARN_CONSTANT_CONVERSION = YES;
				CLANG_WARN_DEPRECATED_OBJC_IMPLEMENTATIONS = YES;
				CLANG_WARN_DIRECT_OBJC_ISA_USAGE = YES_ERROR;
				CLANG_WARN_DOCUMENTATION_COMMENTS = YES;
				CLANG_WARN_EMPTY_BODY = YES;
				CLANG_WARN_ENUM_CONVERSION = YES;
				CLANG_WARN_INFINITE_RECURSION = YES;
				CLANG_WARN_INT_CONVERSION = YES;
				CLANG_WARN_NON_LITERAL_NULL_CONVERSION = YES;
				CLANG_WARN_OBJC_IMPLICIT_RETAIN_SELF = YES;
				CLANG_WARN_OBJC_LITERAL_CONVERSION = YES;
				CLANG_WARN_OBJC_ROOT_CLASS = YES_ERROR;
				CLANG_WARN_QUOTED_INCLUDE_IN_FRAMEWORK_HEADER = YES;
				CLANG_WARN_RANGE_LOOP_ANALYSIS = YES;
				CLANG_WARN_STRICT_PROTOTYPES = YES;
				CLANG_WARN_SUSPICIOUS_MOVE = YES;
				CLANG_WARN_UNGUARDED_AVAILABILITY = YES_AGGRESSIVE;
				CLANG_WARN_UNREACHABLE_CODE = YES;
				CLANG_WARN__DUPLICATE_METHOD_MATCH = YES;
				COPY_PHASE_STRIP = NO;
				DEAD_CODE_STRIPPING = YES;
				DEBUG_INFORMATION_FORMAT = "dwarf-with-dsym";
				ENABLE_NS_ASSERTIONS = NO;
				ENABLE_STRICT_OBJC_MSGSEND = YES;
				ENABLE_USER_SCRIPT_SANDBOXING = YES;
				GCC_C_LANGUAGE_STANDARD = gnu17;
				GCC_NO_COMMON_BLOCKS = YES;
				GCC_WARN_64_TO_32_BIT_CONVERSION = YES;
				GCC_WARN_ABOUT_RETURN_TYPE = YES_ERROR;
				GCC_WARN_UNDECLARED_SELECTOR = YES;
				GCC_WARN_UNINITIALIZED_AUTOS = YES_AGGRESSIVE;
				GCC_WARN_UNUSED_FUNCTION = YES;
				GCC_WARN_UNUSED_VARIABLE = YES;
				LOCALIZATION_PREFERS_STRING_CATALOGS = YES;
				MACOSX_DEPLOYMENT_TARGET = 14.5;
				MTL_ENABLE_DEBUG_INFO = NO;
				MTL_FAST_MATH = YES;
				SDKROOT = macosx;
				SWIFT_COMPILATION_MODE = wholemodule;
			};
			name = Release;
		};
		14CEF4222C5CAED400855D72 /* Debug */ = {
			isa = XCBuildConfiguration;
			buildSettings = {
				ASSETCATALOG_COMPILER_APPICON_NAME = AppIcon;
				ASSETCATALOG_COMPILER_GLOBAL_ACCENT_COLOR_NAME = AccentColor;
				ASSETCATALOG_COMPILER_INCLUDE_ALL_APPICON_ASSETS = YES;
				CLANG_ENABLE_MODULES = YES;
				CODE_SIGN_ALLOW_ENTITLEMENTS_MODIFICATION = YES;
				CODE_SIGN_ENTITLEMENTS = boringNotch/boringNotch.entitlements;
				CODE_SIGN_IDENTITY = "Apple Development";
				CODE_SIGN_STYLE = Automatic;
				COMBINE_HIDPI_IMAGES = YES;
				CURRENT_PROJECT_VERSION = "2.6+1";
				DEAD_CODE_STRIPPING = YES;
				DEVELOPMENT_ASSET_PATHS = "\"boringNotch/Preview Content\"";
				DEVELOPMENT_TEAM = "";
				ENABLE_HARDENED_RUNTIME = YES;
				ENABLE_PREVIEWS = YES;
				GENERATE_INFOPLIST_FILE = YES;
				INFOPLIST_FILE = boringNotch/Info.plist;
				INFOPLIST_KEY_CFBundleDisplayName = TheBoringNotch;
				INFOPLIST_KEY_LSApplicationCategoryType = "public.app-category.utilities";
				INFOPLIST_KEY_LSBackgroundOnly = YES;
				INFOPLIST_KEY_LSUIElement = NO;
				INFOPLIST_KEY_NSAppleEventsUsageDescription = "To show current playing music";
				INFOPLIST_KEY_NSCameraUsageDescription = "To show mirror view";
				INFOPLIST_KEY_NSDownloadsFolderUsageDescription = "To show current download file";
				INFOPLIST_KEY_NSHumanReadableCopyright = "";
				LD_RUNPATH_SEARCH_PATHS = (
					"$(inherited)",
					"@executable_path/../Frameworks",
				);
				MACOSX_DEPLOYMENT_TARGET = 14.2;
				MARKETING_VERSION = 2.6;
				PRODUCT_BUNDLE_IDENTIFIER = theboringteam.boringnotch;
				PRODUCT_NAME = "$(TARGET_NAME)";
				PROVISIONING_PROFILE_SPECIFIER = "";
				SWIFT_EMIT_LOC_STRINGS = YES;
				SWIFT_OBJC_BRIDGING_HEADER = "boringNotch/helpers/boringNotch-Bridging-Header.h";
				SWIFT_VERSION = 5.0;
				SYSTEM_FRAMEWORK_SEARCH_PATHS = (
					"$(inherited)",
					"$(SYSTEM_LIBRARY_DIR)/PrivateFrameworks",
				);
			};
			name = Debug;
		};
		14CEF4232C5CAED400855D72 /* Release */ = {
			isa = XCBuildConfiguration;
			buildSettings = {
				ASSETCATALOG_COMPILER_APPICON_NAME = AppIcon;
				ASSETCATALOG_COMPILER_GLOBAL_ACCENT_COLOR_NAME = AccentColor;
				ASSETCATALOG_COMPILER_INCLUDE_ALL_APPICON_ASSETS = YES;
				CLANG_ENABLE_MODULES = YES;
				CODE_SIGN_ALLOW_ENTITLEMENTS_MODIFICATION = YES;
				CODE_SIGN_ENTITLEMENTS = boringNotch/boringNotch.entitlements;
				CODE_SIGN_IDENTITY = "Apple Development";
				CODE_SIGN_STYLE = Automatic;
				COMBINE_HIDPI_IMAGES = YES;
				CURRENT_PROJECT_VERSION = "2.6+1";
				DEAD_CODE_STRIPPING = YES;
				DEVELOPMENT_ASSET_PATHS = "\"boringNotch/Preview Content\"";
				DEVELOPMENT_TEAM = "";
				ENABLE_HARDENED_RUNTIME = YES;
				ENABLE_PREVIEWS = YES;
				GENERATE_INFOPLIST_FILE = YES;
				INFOPLIST_FILE = boringNotch/Info.plist;
				INFOPLIST_KEY_CFBundleDisplayName = TheBoringNotch;
				INFOPLIST_KEY_LSApplicationCategoryType = "public.app-category.utilities";
				INFOPLIST_KEY_LSBackgroundOnly = YES;
				INFOPLIST_KEY_LSUIElement = NO;
				INFOPLIST_KEY_NSAppleEventsUsageDescription = "To show current playing music";
				INFOPLIST_KEY_NSCameraUsageDescription = "To show mirror view";
				INFOPLIST_KEY_NSDownloadsFolderUsageDescription = "To show current download file";
				INFOPLIST_KEY_NSHumanReadableCopyright = "";
				LD_RUNPATH_SEARCH_PATHS = (
					"$(inherited)",
					"@executable_path/../Frameworks",
				);
				MACOSX_DEPLOYMENT_TARGET = 14.2;
				MARKETING_VERSION = 2.6;
				PRODUCT_BUNDLE_IDENTIFIER = theboringteam.boringnotch;
				PRODUCT_NAME = "$(TARGET_NAME)";
				PROVISIONING_PROFILE_SPECIFIER = "";
				SWIFT_EMIT_LOC_STRINGS = YES;
				SWIFT_OBJC_BRIDGING_HEADER = "boringNotch/helpers/boringNotch-Bridging-Header.h";
				SWIFT_VERSION = 5.0;
				SYSTEM_FRAMEWORK_SEARCH_PATHS = (
					"$(inherited)",
					"$(SYSTEM_LIBRARY_DIR)/PrivateFrameworks",
				);
			};
			name = Release;
		};
/* End XCBuildConfiguration section */

/* Begin XCConfigurationList section */
		14CEF40D2C5CAED200855D72 /* Build configuration list for PBXProject "boringNotch" */ = {
			isa = XCConfigurationList;
			buildConfigurations = (
				14CEF41F2C5CAED400855D72 /* Debug */,
				14CEF4202C5CAED400855D72 /* Release */,
			);
			defaultConfigurationIsVisible = 0;
			defaultConfigurationName = Release;
		};
		14CEF4212C5CAED400855D72 /* Build configuration list for PBXNativeTarget "boringNotch" */ = {
			isa = XCConfigurationList;
			buildConfigurations = (
				14CEF4222C5CAED400855D72 /* Debug */,
				14CEF4232C5CAED400855D72 /* Release */,
			);
			defaultConfigurationIsVisible = 0;
			defaultConfigurationName = Release;
		};
/* End XCConfigurationList section */

/* Begin XCRemoteSwiftPackageReference section */
		146BC4352D366E9B0047C66A /* XCRemoteSwiftPackageReference "MacroVisionKit" */ = {
			isa = XCRemoteSwiftPackageReference;
			repositoryURL = "https://github.com/TheBoredTeam/MacroVisionKit";
			requirement = {
				kind = upToNextMajorVersion;
				minimumVersion = 0.0.0;
			};
		};
		1485442D2C8F049C00943381 /* XCRemoteSwiftPackageReference "TheBoringWorkerNotifier" */ = {
			isa = XCRemoteSwiftPackageReference;
			repositoryURL = "https://github.com/TheBoredTeam/TheBoringWorkerNotifier.git";
			requirement = {
				branch = main;
				kind = branch;
			};
		};
		14D032182C68F32E0096E6A1 /* XCRemoteSwiftPackageReference "LaunchAtLogin-Modern" */ = {
			isa = XCRemoteSwiftPackageReference;
			repositoryURL = "https://github.com/sindresorhus/LaunchAtLogin-Modern";
			requirement = {
				branch = main;
				kind = branch;
			};
		};
		14D0321B2C68F3350096E6A1 /* XCRemoteSwiftPackageReference "Sparkle" */ = {
			isa = XCRemoteSwiftPackageReference;
			repositoryURL = "https://github.com/sparkle-project/Sparkle";
			requirement = {
				kind = upToNextMajorVersion;
				minimumVersion = 2.6.4;
			};
		};
		9A987A0E2C73CA8D005CA465 /* XCRemoteSwiftPackageReference "swift-collections" */ = {
			isa = XCRemoteSwiftPackageReference;
			repositoryURL = "https://github.com/apple/swift-collections.git";
			requirement = {
				kind = upToNextMajorVersion;
				minimumVersion = 1.1.2;
			};
		};
		9A987A112C73CAA1005CA465 /* XCRemoteSwiftPackageReference "Pow" */ = {
			isa = XCRemoteSwiftPackageReference;
			repositoryURL = "https://github.com/EmergeTools/Pow";
			requirement = {
				kind = upToNextMajorVersion;
				minimumVersion = 1.0.4;
			};
		};
		B1628B902CC260C0003D8DF3 /* XCRemoteSwiftPackageReference "swiftui-introspect" */ = {
			isa = XCRemoteSwiftPackageReference;
			repositoryURL = "https://github.com/siteline/swiftui-introspect";
			requirement = {
				kind = upToNextMajorVersion;
				minimumVersion = 1.3.0;
			};
		};
		B18654372C6F4990000B926A /* XCRemoteSwiftPackageReference "KeyboardShortcuts" */ = {
			isa = XCRemoteSwiftPackageReference;
			repositoryURL = "https://github.com/sindresorhus/KeyboardShortcuts";
			requirement = {
				kind = upToNextMajorVersion;
				minimumVersion = 2.0.1;
			};
		};
		B19016202CC15B3D00E3F12E /* XCRemoteSwiftPackageReference "Defaults" */ = {
			isa = XCRemoteSwiftPackageReference;
			repositoryURL = "https://github.com/sindresorhus/Defaults";
			requirement = {
				branch = main;
				kind = branch;
			};
		};
		B19424072CD0DB52003E5DC2 /* XCRemoteSwiftPackageReference "LottieUI" */ = {
			isa = XCRemoteSwiftPackageReference;
			repositoryURL = "https://github.com/jasudev/LottieUI.git";
			requirement = {
				branch = main;
				kind = branch;
			};
		};
/* End XCRemoteSwiftPackageReference section */

/* Begin XCSwiftPackageProductDependency section */
		146BC4362D366E9B0047C66A /* MacroVisionKit */ = {
			isa = XCSwiftPackageProductDependency;
			package = 146BC4352D366E9B0047C66A /* XCRemoteSwiftPackageReference "MacroVisionKit" */;
			productName = MacroVisionKit;
		};
		1485442E2C8F049C00943381 /* TheBoringWorkerNotifier */ = {
			isa = XCSwiftPackageProductDependency;
			package = 1485442D2C8F049C00943381 /* XCRemoteSwiftPackageReference "TheBoringWorkerNotifier" */;
			productName = TheBoringWorkerNotifier;
		};
		14D032192C68F32E0096E6A1 /* LaunchAtLogin */ = {
			isa = XCSwiftPackageProductDependency;
			package = 14D032182C68F32E0096E6A1 /* XCRemoteSwiftPackageReference "LaunchAtLogin-Modern" */;
			productName = LaunchAtLogin;
		};
		14D0321C2C68F3350096E6A1 /* Sparkle */ = {
			isa = XCSwiftPackageProductDependency;
			package = 14D0321B2C68F3350096E6A1 /* XCRemoteSwiftPackageReference "Sparkle" */;
			productName = Sparkle;
		};
		9A987A0F2C73CA8D005CA465 /* Collections */ = {
			isa = XCSwiftPackageProductDependency;
			package = 9A987A0E2C73CA8D005CA465 /* XCRemoteSwiftPackageReference "swift-collections" */;
			productName = Collections;
		};
		B1628B912CC260C0003D8DF3 /* SwiftUIIntrospect */ = {
			isa = XCSwiftPackageProductDependency;
			package = B1628B902CC260C0003D8DF3 /* XCRemoteSwiftPackageReference "swiftui-introspect" */;
			productName = SwiftUIIntrospect;
		};
		B18654382C6F4990000B926A /* KeyboardShortcuts */ = {
			isa = XCSwiftPackageProductDependency;
			package = B18654372C6F4990000B926A /* XCRemoteSwiftPackageReference "KeyboardShortcuts" */;
			productName = KeyboardShortcuts;
		};
		B19016212CC15B3D00E3F12E /* Defaults */ = {
			isa = XCSwiftPackageProductDependency;
			package = B19016202CC15B3D00E3F12E /* XCRemoteSwiftPackageReference "Defaults" */;
			productName = Defaults;
		};
		B194240A2CD10017003E5DC2 /* LottieUI */ = {
			isa = XCSwiftPackageProductDependency;
			package = B19424072CD0DB52003E5DC2 /* XCRemoteSwiftPackageReference "LottieUI" */;
			productName = LottieUI;
		};
/* End XCSwiftPackageProductDependency section */
	};
	rootObject = 14CEF40A2C5CAED200855D72 /* Project object */;
}
