// !$*UTF8*$!
{
	archiveVersion = 1;
	classes = {
	};
	objectVersion = 77;
	objects = {

/* Begin PBXBuildFile section */
		AA0000000000000000000018 /* KeyboardShortcuts in Frameworks */ = {isa = PBXBuildFile; productRef = AA0000000000000000000016 /* KeyboardShortcuts */; };
		AA0000000000000000000019 /* DynamicNotchKit in Frameworks */ = {isa = PBXBuildFile; productRef = AA0000000000000000000017 /* DynamicNotchKit */; };
/* End PBXBuildFile section */

/* Begin PBXFileReference section */
		AA0000000000000000000007 /* IslandNotch.app */ = {isa = PBXFileReference; explicitFileType = wrapper.application; includeInIndex = 0; path = IslandNotch.app; sourceTree = BUILT_PRODUCTS_DIR; };
		AA0000000000000000000011 /* Base.xcconfig */ = {isa = PBXFileReference; lastKnownFileType = text.xcconfig; path = Base.xcconfig; sourceTree = "<group>"; };
		AA0000000000000000000012 /* IslandNotch-Info.plist */ = {isa = PBXFileReference; lastKnownFileType = text.plist.xml; path = "IslandNotch-Info.plist"; sourceTree = "<group>"; };
		AA0000000000000000000013 /* IslandNotch.entitlements */ = {isa = PBXFileReference; lastKnownFileType = text.plist.entitlements; path = IslandNotch.entitlements; sourceTree = "<group>"; };
		AA000000000000000000001A /* PrivateOverrides.xcconfig.example */ = {isa = PBXFileReference; lastKnownFileType = text; path = "PrivateOverrides.xcconfig.example"; sourceTree = "<group>"; };
/* End PBXFileReference section */

/* Begin PBXFileSystemSynchronizedRootGroup section */
		AA0000000000000000000005 /* IslandNotch */ = {
			isa = PBXFileSystemSynchronizedRootGroup;
			exceptions = (
			);
			path = IslandNotch;
			sourceTree = "<group>";
		};
/* End PBXFileSystemSynchronizedRootGroup section */

/* Begin PBXFrameworksBuildPhase section */
		AA0000000000000000000009 /* Frameworks */ = {
			isa = PBXFrameworksBuildPhase;
			buildActionMask = 2147483647;
			files = (
				AA0000000000000000000018 /* KeyboardShortcuts in Frameworks */,
				AA0000000000000000000019 /* DynamicNotchKit in Frameworks */,
			);
			runOnlyForDeploymentPostprocessing = 0;
		};
/* End PBXFrameworksBuildPhase section */

/* Begin PBXGroup section */
		AA0000000000000000000002 /* mainGroup */ = {
			isa = PBXGroup;
			children = (
				AA0000000000000000000004 /* BuildSupport */,
				AA0000000000000000000005 /* IslandNotch */,
				AA0000000000000000000003 /* Products */,
			);
			sourceTree = "<group>";
		};
		AA0000000000000000000003 /* Products */ = {
			isa = PBXGroup;
			children = (
				AA0000000000000000000007 /* IslandNotch.app */,
			);
			name = Products;
			sourceTree = "<group>";
		};
		AA0000000000000000000004 /* BuildSupport */ = {
			isa = PBXGroup;
			children = (
				AA0000000000000000000011 /* Base.xcconfig */,
				AA0000000000000000000012 /* IslandNotch-Info.plist */,
				AA0000000000000000000013 /* IslandNotch.entitlements */,
				AA000000000000000000001A /* PrivateOverrides.xcconfig.example */,
			);
			path = BuildSupport;
			sourceTree = "<group>";
		};
/* End PBXGroup section */

/* Begin PBXNativeTarget section */
		AA0000000000000000000006 /* IslandNotch */ = {
			isa = PBXNativeTarget;
			buildConfigurationList = AA000000000000000000000E /* Build configuration list for PBXNativeTarget "IslandNotch" */;
			buildPhases = (
				AA0000000000000000000008 /* Sources */,
				AA0000000000000000000009 /* Frameworks */,
				AA000000000000000000000A /* Resources */,
			);
			buildRules = (
			);
			dependencies = (
			);
			fileSystemSynchronizedGroups = (
				AA0000000000000000000005 /* IslandNotch */,
			);
			name = IslandNotch;
			packageProductDependencies = (
				AA0000000000000000000016 /* KeyboardShortcuts */,
				AA0000000000000000000017 /* DynamicNotchKit */,
			);
			productName = IslandNotch;
			productReference = AA0000000000000000000007 /* IslandNotch.app */;
			productType = "com.apple.product-type.application";
		};
/* End PBXNativeTarget section */

/* Begin PBXProject section */
		AA0000000000000000000001 /* Project object */ = {
			isa = PBXProject;
			attributes = {
				BuildIndependentTargetsInParallel = 1;
				LastSwiftUpdateCheck = 1600;
				LastUpgradeCheck = 1600;
				TargetAttributes = {
					AA0000000000000000000006 = {
						CreatedOnToolsVersion = 16.0;
					};
				};
			};
			buildConfigurationList = AA000000000000000000000B /* Build configuration list for PBXProject "IslandNotch" */;
			compatibilityVersion = "Xcode 15.0";
			developmentRegion = en;
			hasScannedForEncodings = 0;
			knownRegions = (
				en,
				Base,
			);
			mainGroup = AA0000000000000000000002 /* mainGroup */;
			minimizedProjectReferenceProxies = 1;
			packageReferences = (
				AA0000000000000000000014 /* XCRemoteSwiftPackageReference "KeyboardShortcuts" */,
				AA0000000000000000000015 /* XCRemoteSwiftPackageReference "DynamicNotchKit" */,
			);
			preferredProjectObjectVersion = 77;
			productRefGroup = AA0000000000000000000003 /* Products */;
			projectDirPath = "";
			projectRoot = "";
			targets = (
				AA0000000000000000000006 /* IslandNotch */,
			);
		};
/* End PBXProject section */

/* Begin PBXResourcesBuildPhase section */
		AA000000000000000000000A /* Resources */ = {
			isa = PBXResourcesBuildPhase;
			buildActionMask = 2147483647;
			files = (
			);
			runOnlyForDeploymentPostprocessing = 0;
		};
/* End PBXResourcesBuildPhase section */

/* Begin PBXSourcesBuildPhase section */
		AA0000000000000000000008 /* Sources */ = {
			isa = PBXSourcesBuildPhase;
			buildActionMask = 2147483647;
			files = (
			);
			runOnlyForDeploymentPostprocessing = 0;
		};
/* End PBXSourcesBuildPhase section */

/* Begin XCBuildConfiguration section */
		AA000000000000000000000C /* Debug */ = {
			isa = XCBuildConfiguration;
			baseConfigurationReference = AA0000000000000000000011 /* Base.xcconfig */;
			buildSettings = {
				ALWAYS_SEARCH_USER_PATHS = NO;
				CLANG_ANALYZER_NONNULL = YES;
				CLANG_ENABLE_MODULES = YES;
				CLANG_ENABLE_OBJC_ARC = YES;
				COPY_PHASE_STRIP = NO;
				DEBUG_INFORMATION_FORMAT = dwarf;
				ENABLE_STRICT_OBJC_MSGSEND = YES;
				ENABLE_TESTABILITY = YES;
				GCC_DYNAMIC_NO_PIC = NO;
				GCC_OPTIMIZATION_LEVEL = 0;
				GCC_PREPROCESSOR_DEFINITIONS = (
					"DEBUG=1",
					"$(inherited)",
				);
				MACOSX_DEPLOYMENT_TARGET = "$(MACOSX_DEPLOYMENT_TARGET)";
				ONLY_ACTIVE_ARCH = YES;
				SDKROOT = macosx;
				SWIFT_ACTIVE_COMPILATION_CONDITIONS = DEBUG;
				SWIFT_OPTIMIZATION_LEVEL = "-Onone";
				SWIFT_VERSION = "$(SWIFT_VERSION)";
			};
			name = Debug;
		};
		AA000000000000000000000D /* Release */ = {
			isa = XCBuildConfiguration;
			baseConfigurationReference = AA0000000000000000000011 /* Base.xcconfig */;
			buildSettings = {
				ALWAYS_SEARCH_USER_PATHS = NO;
				CLANG_ANALYZER_NONNULL = YES;
				CLANG_ENABLE_MODULES = YES;
				CLANG_ENABLE_OBJC_ARC = YES;
				COPY_PHASE_STRIP = NO;
				DEBUG_INFORMATION_FORMAT = "dwarf-with-dsym";
				ENABLE_NS_ASSERTIONS = NO;
				ENABLE_STRICT_OBJC_MSGSEND = YES;
				GCC_OPTIMIZATION_LEVEL = s;
				MACOSX_DEPLOYMENT_TARGET = "$(MACOSX_DEPLOYMENT_TARGET)";
				SDKROOT = macosx;
				SWIFT_COMPILATION_MODE = wholemodule;
				SWIFT_VERSION = "$(SWIFT_VERSION)";
			};
			name = Release;
		};
		AA000000000000000000000F /* Debug */ = {
			isa = XCBuildConfiguration;
			buildSettings = {
				ASSETCATALOG_COMPILER_GENERATE_SWIFT_ASSET_SYMBOL_EXTENSIONS = YES;
				CODE_SIGN_ENTITLEMENTS = "BuildSupport/IslandNotch.entitlements";
				CODE_SIGN_STYLE = Automatic;
				COMBINE_HIDPI_IMAGES = YES;
				CURRENT_PROJECT_VERSION = "$(CURRENT_PROJECT_VERSION)";
				DEVELOPMENT_TEAM = "$(DEVELOPMENT_TEAM)";
				ENABLE_DEBUG_DYLIB = NO;
				ENABLE_HARDENED_RUNTIME = YES;
				GENERATE_INFOPLIST_FILE = NO;
				INFOPLIST_FILE = "BuildSupport/IslandNotch-Info.plist";
				LD_RUNPATH_SEARCH_PATHS = (
					"$(inherited)",
					"@executable_path/../Frameworks",
				);
				MARKETING_VERSION = "$(MARKETING_VERSION)";
				PRODUCT_BUNDLE_IDENTIFIER = "$(APP_BUNDLE_ID)";
				PRODUCT_NAME = "$(TARGET_NAME)";
				SWIFT_EMIT_LOC_STRINGS = YES;
			};
			name = Debug;
		};
		AA0000000000000000000010 /* Release */ = {
			isa = XCBuildConfiguration;
			buildSettings = {
				ASSETCATALOG_COMPILER_GENERATE_SWIFT_ASSET_SYMBOL_EXTENSIONS = YES;
				CODE_SIGN_ENTITLEMENTS = "BuildSupport/IslandNotch.entitlements";
				CODE_SIGN_STYLE = Automatic;
				COMBINE_HIDPI_IMAGES = YES;
				CURRENT_PROJECT_VERSION = "$(CURRENT_PROJECT_VERSION)";
				DEVELOPMENT_TEAM = "$(DEVELOPMENT_TEAM)";
				ENABLE_HARDENED_RUNTIME = YES;
				GENERATE_INFOPLIST_FILE = NO;
				INFOPLIST_FILE = "BuildSupport/IslandNotch-Info.plist";
				LD_RUNPATH_SEARCH_PATHS = (
					"$(inherited)",
					"@executable_path/../Frameworks",
				);
				MARKETING_VERSION = "$(MARKETING_VERSION)";
				PRODUCT_BUNDLE_IDENTIFIER = "$(APP_BUNDLE_ID)";
				PRODUCT_NAME = "$(TARGET_NAME)";
				SWIFT_EMIT_LOC_STRINGS = YES;
			};
			name = Release;
		};
/* End XCBuildConfiguration section */

/* Begin XCConfigurationList section */
		AA000000000000000000000B /* Build configuration list for PBXProject "IslandNotch" */ = {
			isa = XCConfigurationList;
			buildConfigurations = (
				AA000000000000000000000C /* Debug */,
				AA000000000000000000000D /* Release */,
			);
			defaultConfigurationIsVisible = 0;
			defaultConfigurationName = Release;
		};
		AA000000000000000000000E /* Build configuration list for PBXNativeTarget "IslandNotch" */ = {
			isa = XCConfigurationList;
			buildConfigurations = (
				AA000000000000000000000F /* Debug */,
				AA0000000000000000000010 /* Release */,
			);
			defaultConfigurationIsVisible = 0;
			defaultConfigurationName = Release;
		};
/* End XCConfigurationList section */

/* Begin XCRemoteSwiftPackageReference section */
		AA0000000000000000000014 /* XCRemoteSwiftPackageReference "KeyboardShortcuts" */ = {
			isa = XCRemoteSwiftPackageReference;
			repositoryURL = "https://github.com/sindresorhus/KeyboardShortcuts";
			requirement = {
				kind = upToNextMajorVersion;
				minimumVersion = 2.0.0;
			};
		};
		AA0000000000000000000015 /* XCRemoteSwiftPackageReference "DynamicNotchKit" */ = {
			isa = XCRemoteSwiftPackageReference;
			repositoryURL = "https://github.com/MrKai77/DynamicNotchKit";
			requirement = {
				kind = upToNextMajorVersion;
				minimumVersion = 1.1.0;
			};
		};
/* End XCRemoteSwiftPackageReference section */

/* Begin XCSwiftPackageProductDependency section */
		AA0000000000000000000016 /* KeyboardShortcuts */ = {
			isa = XCSwiftPackageProductDependency;
			package = AA0000000000000000000014 /* XCRemoteSwiftPackageReference "KeyboardShortcuts" */;
			productName = KeyboardShortcuts;
		};
		AA0000000000000000000017 /* DynamicNotchKit */ = {
			isa = XCSwiftPackageProductDependency;
			package = AA0000000000000000000015 /* XCRemoteSwiftPackageReference "DynamicNotchKit" */;
			productName = DynamicNotchKit;
		};
/* End XCSwiftPackageProductDependency section */
	};
	rootObject = AA0000000000000000000001 /* Project object */;
}
